
Microsoft Visual Studio Solution File, Format Version 12.00
# Visual Studio Version 17
VisualStudioVersion = 17.14.36511.14
MinimumVisualStudioVersion = 10.0.40219.1
Project("{2150E333-8FDC-42A3-9474-1A3956D46DE8}") = "Mod00", "Mod00", "{02EA681E-C7D8-13C7-8484-4AC65E1B71E8}"
EndProject
Project("{2150E333-8FDC-42A3-9474-1A3956D46DE8}") = "Mod01", "Mod01", "{39259E21-101A-4020-ADF8-BF86F4C17046}"
EndProject
Project("{2150E333-8FDC-42A3-9474-1A3956D46DE8}") = "Lab00", "Lab00", "{725BD624-406B-4AB2-8EEE-17712CAD29C1}"
EndProject
Project("{8BC9CEB8-8B4A-11D0-8D11-00A0C91BC942}") = "ConsoleApplication1", "Lab00\ConsoleApplication1\ConsoleApplication1.vcxproj", "{E4133084-0ED7-430F-B948-92D87489E4FA}"
EndProject
Project("{8BC9CEB8-8B4A-11D0-8D11-00A0C91BC942}") = "ConsoleOutput", "Mod00\ConsoleOutput\ConsoleOutput.vcxproj", "{D8ED845C-04C5-41FC-9196-0BF00352E4AD}"
EndProject
Project("{8BC9CEB8-8B4A-11D0-8D11-00A0C91BC942}") = "01_VersionInfo", "Mod00\ConsoleOutput\01_VersionInfo\01_VersionInfo.vcxproj", "{4DC03D11-0322-49CF-8EFA-DE6DA253BC10}"
EndProject
Project("{8BC9CEB8-8B4A-11D0-8D11-00A0C91BC942}") = "02_StreamsCinCerr", "Mod00\ConsoleOutput\02_StreamsCinCerr\02_StreamsCinCerr.vcxproj", "{5A139D84-8571-4B00-8B56-885A73E68403}"
EndProject
Project("{8BC9CEB8-8B4A-11D0-8D11-00A0C91BC942}") = "03_EndlVsNewline", "Mod00\ConsoleOutput\03_EndlVsNewline\03_EndlVsNewline.vcxproj", "{E2E55EB2-1907-42F6-81F5-92BFAAC56DA6}"
EndProject
Project("{2150E333-8FDC-42A3-9474-1A3956D46DE8}") = "Lab01", "Lab01", "{440B5FFD-F0C3-488D-8E3E-2DBF4F8554DB}"
EndProject
Project("{2150E333-8FDC-42A3-9474-1A3956D46DE8}") = "Mod02", "Mod02", "{309F25D1-B2F1-4376-A359-19DA75EF5288}"
EndProject
Project("{2150E333-8FDC-42A3-9474-1A3956D46DE8}") = "Mod03", "Mod03", "{D058619A-EF49-42E8-BF08-54804471A1B3}"
EndProject
Project("{8BC9CEB8-8B4A-11D0-8D11-00A0C91BC942}") = "01_Const", "Mod01\01_Const\01_Const.vcxproj", "{1CFFC144-97E1-4D09-964C-DC9EF51350C4}"
EndProject
Project("{8BC9CEB8-8B4A-11D0-8D11-00A0C91BC942}") = "02_Format", "Mod01\02_Format\02_Format.vcxproj", "{7CEEBE46-6195-4FDE-A17A-C0B55C830E8A}"
EndProject
Project("{8BC9CEB8-8B4A-11D0-8D11-00A0C91BC942}") = "03_Types", "Mod01\03_Types\03_Types.vcxproj", "{09F9BA7F-5CCC-4AFA-B5CD-EC8959196119}"
EndProject
Project("{8BC9CEB8-8B4A-11D0-8D11-00A0C91BC942}") = "04_Types", "Mod01\04_Types\04_Types.vcxproj", "{72EA2F2E-FAF4-48B2-A9B4-8F598348F626}"
EndProject
Project("{8BC9CEB8-8B4A-11D0-8D11-00A0C91BC942}") = "05_Types", "Mod01\05_Types\05_Types.vcxproj", "{C2C86DDD-9B69-4AD5-A542-5BF3D339F52A}"
EndProject
Project("{8BC9CEB8-8B4A-11D0-8D11-00A0C91BC942}") = "00_Prog", "Mod01\00_Prog\00_Prog.vcxproj", "{E41C27A1-4755-4058-95F6-EDF5FDBC3C77}"
EndProject
Project("{8BC9CEB8-8B4A-11D0-8D11-00A0C91BC942}") = "06_Const", "Mod01\06_Const\06_Const.vcxproj", "{0270BC9A-B09A-4E5F-BAD6-8E2404DD391B}"
EndProject
Project("{8BC9CEB8-8B4A-11D0-8D11-00A0C91BC942}") = "07_Out", "Mod01\07_Out\07_Out.vcxproj", "{60C25694-5DEA-4CC5-A14B-92ABC1B8134F}"
EndProject
Project("{8BC9CEB8-8B4A-11D0-8D11-00A0C91BC942}") = "08_In", "Mod01\08_In\08_In.vcxproj", "{DE10CCE7-222A-46BA-B1CD-9008D34405B5}"
EndProject
Project("{8BC9CEB8-8B4A-11D0-8D11-00A0C91BC942}") = "11_inout", "Lab01\11_inout\11_inout.vcxproj", "{1BC55BD0-A25F-450F-A638-29E45B4F0500}"
EndProject
Project("{8BC9CEB8-8B4A-11D0-8D11-00A0C91BC942}") = "12_types", "Lab01\12_types\12_types.vcxproj", "{AE433118-3B13-4575-8BC8-7DBFBEEC072E}"
EndProject
Project("{8BC9CEB8-8B4A-11D0-8D11-00A0C91BC942}") = "13_fmt", "Lab01\13_fmt\13_fmt.vcxproj", "{59109A89-E08F-46F1-A09F-54F5C093DE92}"
EndProject
Project("{8BC9CEB8-8B4A-11D0-8D11-00A0C91BC942}") = "13_fmt2", "Lab01\13_fmt2\13_fmt2.vcxproj", "{A675D822-C1EC-4C6A-B7DB-ED5EEDAEA0E9}"
EndProject
Project("{8BC9CEB8-8B4A-11D0-8D11-00A0C91BC942}") = "14_treug", "Lab01\14_treug\14_treug.vcxproj", "{291DC7F2-59F8-4333-9033-F6D40F623224}"
EndProject
Project("{8BC9CEB8-8B4A-11D0-8D11-00A0C91BC942}") = "15_polygon", "Lab01\15_polygon\15_polygon.vcxproj", "{BFCC4DB9-0DE9-4D9E-9035-996BF06D9A4D}"
EndProject
Project("{2150E333-8FDC-42A3-9474-1A3956D46DE8}") = "Lab02", "Lab02", "{F5C6687F-192F-4852-995E-37BF0342075B}"
EndProject
Project("{8BC9CEB8-8B4A-11D0-8D11-00A0C91BC942}") = "21_Point", "Lab02\21_Point\21_Point.vcxproj", "{2D8FEDEB-6557-4C90-8246-B9EC14B8784A}"
EndProject
Project("{8BC9CEB8-8B4A-11D0-8D11-00A0C91BC942}") = "21_Choice", "Lab02\21_Choice\21_Choice.vcxproj", "{37EE2DE8-96AE-43C2-BAFD-D7CC5BCDBDB6}"
EndProject
Project("{8BC9CEB8-8B4A-11D0-8D11-00A0C91BC942}") = "21_Choice2", "Lab02\21_Choice2\21_Choice2.vcxproj", "{0A132058-542A-4680-9B10-7E99D94C3E74}"
EndProject
Project("{8BC9CEB8-8B4A-11D0-8D11-00A0C91BC942}") = "22_Sin", "Lab02\22_Sin\22_Sin.vcxproj", "{2A0DBAE5-E9B0-4EEF-8260-E42CC283390F}"
EndProject
Project("{8BC9CEB8-8B4A-11D0-8D11-00A0C91BC942}") = "22_GCD", "Lab02\22_GCD\22_GCD.vcxproj", "{86E329E3-7359-4B00-B02B-9DC15B4C4E1E}"
EndProject
Project("{8BC9CEB8-8B4A-11D0-8D11-00A0C91BC942}") = "22_Vs", "Lab02\22_Vs\22_Vs.vcxproj", "{3DB453C7-4C07-411E-84CB-E77EC482B83E}"
EndProject
Project("{8BC9CEB8-8B4A-11D0-8D11-00A0C91BC942}") = "22_Vs2", "Lab02\22_Vs2\22_Vs2.vcxproj", "{6242F8D8-219A-4DC3-9906-A6C03BB07FDF}"
EndProject
Project("{8BC9CEB8-8B4A-11D0-8D11-00A0C91BC942}") = "23_Iter", "Lab02\23_Iter\23_Iter.vcxproj", "{B4D1FA37-C8A8-4480-8F7B-3C59D28DCBF9}"
EndProject
Project("{8BC9CEB8-8B4A-11D0-8D11-00A0C91BC942}") = "24_Sum", "Lab02\24_Sum\24_Sum.vcxproj", "{210487E5-ABF7-4182-BF57-2131C9FB9BF9}"
EndProject
Project("{8BC9CEB8-8B4A-11D0-8D11-00A0C91BC942}") = "25_SPrime", "Lab02\25_SPrime\25_SPrime.vcxproj", "{00CE3C22-46CD-4743-A541-98B1A545F04C}"
EndProject
Project("{8BC9CEB8-8B4A-11D0-8D11-00A0C91BC942}") = "25_snils", "Lab02\25_snils\25_snils.vcxproj", "{0C8A0B3B-4E0C-4548-872E-563DCA62F061}"
EndProject
Project("{8BC9CEB8-8B4A-11D0-8D11-00A0C91BC942}") = "25_coin", "Lab02\25_coin\25_coin.vcxproj", "{6ADA0B8C-E701-4A20-B35B-6C9C7A959E02}"
EndProject
Project("{8BC9CEB8-8B4A-11D0-8D11-00A0C91BC942}") = "25_Shooting", "Lab02\25_Shooting\25_Shooting.vcxproj", "{6A154D4D-C1CD-451F-84F7-9B214398467B}"
EndProject
Project("{2150E333-8FDC-42A3-9474-1A3956D46DE8}") = "Lab03", "Lab03", "{8C4F3155-7B9B-457F-8FDF-5DC2EA462487}"
EndProject
Project("{8BC9CEB8-8B4A-11D0-8D11-00A0C91BC942}") = "31_Privet", "Lab03\31_Privet\31_Privet.vcxproj", "{63756DE4-60B9-4CC8-9498-4445E8FBA34E}"
EndProject
Project("{8BC9CEB8-8B4A-11D0-8D11-00A0C91BC942}") = "32_Privet2", "Lab03\32_Privet2\32_Privet2.vcxproj", "{BDED5414-D27B-47AB-9515-C4F42345D503}"
EndProject
Project("{8BC9CEB8-8B4A-11D0-8D11-00A0C91BC942}") = "33_PrivetP", "Lab03\33_PrivetP\33_PrivetP.vcxproj", "{2459CC2C-24DD-4921-A75D-C3AF2283D33C}"
EndProject
Project("{8BC9CEB8-8B4A-11D0-8D11-00A0C91BC942}") = "33_BinSearch", "Lab03\33_BinSearch\33_BinSearch.vcxproj", "{10852D5F-6122-4F4F-B37B-B478A74F9A20}"
EndProject
Project("{8BC9CEB8-8B4A-11D0-8D11-00A0C91BC942}") = "34_Sum", "Lab03\34_Sum\34_Sum.vcxproj", "{5DE7980F-6B41-42B2-B3D5-33E9E8400271}"
EndProject
Project("{8BC9CEB8-8B4A-11D0-8D11-00A0C91BC942}") = "35_Euclid", "Lab03\35_Euclid\35_Euclid.vcxproj", "{78273E71-8E89-42FF-8A84-DBCDD250C1F1}"
EndProject
Project("{8BC9CEB8-8B4A-11D0-8D11-00A0C91BC942}") = "36_Snils", "Lab03\36_Snils\36_Snils.vcxproj", "{B0727BA4-AA2A-45CC-9C4E-4BBAE614A1AF}"
EndProject
Project("{8BC9CEB8-8B4A-11D0-8D11-00A0C91BC942}") = "37_Kub", "Lab03\37_Kub\37_Kub.vcxproj", "{B221E05D-9BFF-4ABD-B1DD-20222DF74CD7}"
EndProject
Project("{8BC9CEB8-8B4A-11D0-8D11-00A0C91BC942}") = "38_Treug", "Lab03\38_Treug\38_Treug.vcxproj", "{941E5E6D-AB4A-4323-A05A-543F3F35DAA3}"
EndProject
Project("{8BC9CEB8-8B4A-11D0-8D11-00A0C91BC942}") = "39_Bin", "Lab03\39_Bin\39_Bin.vcxproj", "{0D7C33FB-12CB-4ADC-8AE4-5528D49478E4}"
EndProject
Project("{2150E333-8FDC-42A3-9474-1A3956D46DE8}") = "Lab04", "Lab04", "{E8400B75-947C-4CE7-909E-38B7EAE2B80F}"
EndProject
Project("{8BC9CEB8-8B4A-11D0-8D11-00A0C91BC942}") = "41_Param", "Lab04\41_Param\41_Param.vcxproj", "{7A1C4FCC-04E9-44E3-B0F3-07AD11C7C1E3}"
EndProject
Project("{8BC9CEB8-8B4A-11D0-8D11-00A0C91BC942}") = "42_Swap", "Lab04\42_Swap\42_Swap.vcxproj", "{32167832-46CA-4751-8941-DBB5517F43DC}"
EndProject
Project("{8BC9CEB8-8B4A-11D0-8D11-00A0C91BC942}") = "43_Roots", "Lab04\43_Roots\43_Roots.vcxproj", "{374FB314-C12C-4ED9-A035-598407A3B672}"
EndProject
Project("{8BC9CEB8-8B4A-11D0-8D11-00A0C91BC942}") = "44_Input", "Lab04\44_Input\44_Input.vcxproj", "{1CE9CFA3-16BC-4974-97C8-78693523617F}"
EndProject
Project("{2150E333-8FDC-42A3-9474-1A3956D46DE8}") = "Lab05", "Lab05", "{A98D3221-A129-45AF-BFFB-2A6197166AC4}"
EndProject
Project("{8BC9CEB8-8B4A-11D0-8D11-00A0C91BC942}") = "51_Massiv", "Lab05\51_Massiv\51_Massiv.vcxproj", "{E9D32A33-2807-4423-BD1A-CB45465B93EC}"
EndProject
Project("{8BC9CEB8-8B4A-11D0-8D11-00A0C91BC942}") = "52_ArraySort", "Lab05\52_ArraySort\52_ArraySort.vcxproj", "{268973BD-4CD8-4DB1-8CE6-EE401A75D8F9}"
EndProject
Project("{8BC9CEB8-8B4A-11D0-8D11-00A0C91BC942}") = "53_ArrSortPtr", "Lab05\53_ArrSortPtr\53_ArrSortPtr.vcxproj", "{F870214F-BAEB-4D87-AE77-F96A0F902F47}"
EndProject
Project("{8BC9CEB8-8B4A-11D0-8D11-00A0C91BC942}") = "53_ArrSortPtrNoSwitch", "Lab05\53_ArrSortPtrNoSwitch\53_ArrSortPtrNoSwitch.vcxproj", "{0AD3396C-90ED-4094-BEFC-3893BAE5F3AD}"
EndProject
Project("{8BC9CEB8-8B4A-11D0-8D11-00A0C91BC942}") = "54_DynamArraySort", "Lab05\54_DynamArraySort\54_DynamArraySort.vcxproj", "{10E7ED05-44C7-43A8-BCB6-6DC0CE3B1BE9}"
EndProject
Project("{8BC9CEB8-8B4A-11D0-8D11-00A0C91BC942}") = "55_ToFixedArray", "Lab05\55_ToFixedArray\55_ToFixedArray.vcxproj", "{E9D58FFC-B602-46E4-BCA2-B45692814642}"
EndProject
Project("{8BC9CEB8-8B4A-11D0-8D11-00A0C91BC942}") = "55_ToVector", "Lab05\55_ToVector\55_ToVector.vcxproj", "{64CAAD4C-6149-4337-92BC-DD3C43D6DABE}"
EndProject
Project("{8BC9CEB8-8B4A-11D0-8D11-00A0C91BC942}") = "56_ArrToFunc", "Lab05\56_ArrToFunc\56_ArrToFunc.vcxproj", "{E66DDD0E-D17D-43EB-B1A8-A96C6B34A8C3}"
EndProject
Project("{8BC9CEB8-8B4A-11D0-8D11-00A0C91BC942}") = "57_ArrFromFunc", "Lab05\57_ArrFromFunc\57_ArrFromFunc.vcxproj", "{80AF2733-3161-4BD1-9041-934BD893FF61}"
EndProject
Project("{8BC9CEB8-8B4A-11D0-8D11-00A0C91BC942}") = "58_FindTranspose", "Lab05\58_FindTranspose\58_FindTranspose.vcxproj", "{9D594713-2483-4B62-8C55-C7C071146154}"
EndProject
Project("{8BC9CEB8-8B4A-11D0-8D11-00A0C91BC942}") = "59_ProgArgs", "Lab05\59_ProgArgs\59_ProgArgs.vcxproj", "{B3C9042D-8F2F-4752-8C24-3644851B979A}"
EndProject
Project("{8BC9CEB8-8B4A-11D0-8D11-00A0C91BC942}") = "59_ProgArgsFunc", "Lab05\59_ProgArgsFunc\59_ProgArgsFunc.vcxproj", "{CB870409-C5AB-4D63-934A-077B3F5033E1}"
EndProject
Project("{2150E333-8FDC-42A3-9474-1A3956D46DE8}") = "Lab06", "Lab06", "{7FB5EFF2-6C5D-4883-8D59-BED3586E5893}"
EndProject
Project("{8BC9CEB8-8B4A-11D0-8D11-00A0C91BC942}") = "61_ReadWriteBin", "Lab06\61_ReadWriteBin\61_ReadWriteBin.vcxproj", "{43C67746-D754-4CD3-8130-466F99FA9C22}"
EndProject
Project("{8BC9CEB8-8B4A-11D0-8D11-00A0C91BC942}") = "62_Stih", "Lab06\62_Stih\62_Stih.vcxproj", "{322A9201-F9D4-4014-8C3C-0219F93DD03B}"
EndProject
Project("{8BC9CEB8-8B4A-11D0-8D11-00A0C91BC942}") = "63_DumpArr", "Lab06\63_DumpArr\63_DumpArr.vcxproj", "{A1D7CA19-989A-4931-989A-5F835DB4C180}"
EndProject
Global
	GlobalSection(SolutionConfigurationPlatforms) = preSolution
		Debug|x64 = Debug|x64
		Debug|x86 = Debug|x86
		Release|x64 = Release|x64
		Release|x86 = Release|x86
	EndGlobalSection
	GlobalSection(ProjectConfigurationPlatforms) = postSolution
		{E4133084-0ED7-430F-B948-92D87489E4FA}.Debug|x64.ActiveCfg = Debug|x64
		{E4133084-0ED7-430F-B948-92D87489E4FA}.Debug|x64.Build.0 = Debug|x64
		{E4133084-0ED7-430F-B948-92D87489E4FA}.Debug|x86.ActiveCfg = Debug|Win32
		{E4133084-0ED7-430F-B948-92D87489E4FA}.Debug|x86.Build.0 = Debug|Win32
		{E4133084-0ED7-430F-B948-92D87489E4FA}.Release|x64.ActiveCfg = Release|x64
		{E4133084-0ED7-430F-B948-92D87489E4FA}.Release|x64.Build.0 = Release|x64
		{E4133084-0ED7-430F-B948-92D87489E4FA}.Release|x86.ActiveCfg = Release|Win32
		{E4133084-0ED7-430F-B948-92D87489E4FA}.Release|x86.Build.0 = Release|Win32
		{D8ED845C-04C5-41FC-9196-0BF00352E4AD}.Debug|x64.ActiveCfg = Debug|x64
		{D8ED845C-04C5-41FC-9196-0BF00352E4AD}.Debug|x64.Build.0 = Debug|x64
		{D8ED845C-04C5-41FC-9196-0BF00352E4AD}.Debug|x86.ActiveCfg = Debug|Win32
		{D8ED845C-04C5-41FC-9196-0BF00352E4AD}.Debug|x86.Build.0 = Debug|Win32
		{D8ED845C-04C5-41FC-9196-0BF00352E4AD}.Release|x64.ActiveCfg = Release|x64
		{D8ED845C-04C5-41FC-9196-0BF00352E4AD}.Release|x64.Build.0 = Release|x64
		{D8ED845C-04C5-41FC-9196-0BF00352E4AD}.Release|x86.ActiveCfg = Release|Win32
		{D8ED845C-04C5-41FC-9196-0BF00352E4AD}.Release|x86.Build.0 = Release|Win32
		{4DC03D11-0322-49CF-8EFA-DE6DA253BC10}.Debug|x64.ActiveCfg = Debug|x64
		{4DC03D11-0322-49CF-8EFA-DE6DA253BC10}.Debug|x64.Build.0 = Debug|x64
		{4DC03D11-0322-49CF-8EFA-DE6DA253BC10}.Debug|x86.ActiveCfg = Debug|Win32
		{4DC03D11-0322-49CF-8EFA-DE6DA253BC10}.Debug|x86.Build.0 = Debug|Win32
		{4DC03D11-0322-49CF-8EFA-DE6DA253BC10}.Release|x64.ActiveCfg = Release|x64
		{4DC03D11-0322-49CF-8EFA-DE6DA253BC10}.Release|x64.Build.0 = Release|x64
		{4DC03D11-0322-49CF-8EFA-DE6DA253BC10}.Release|x86.ActiveCfg = Release|Win32
		{4DC03D11-0322-49CF-8EFA-DE6DA253BC10}.Release|x86.Build.0 = Release|Win32
		{5A139D84-8571-4B00-8B56-885A73E68403}.Debug|x64.ActiveCfg = Debug|x64
		{5A139D84-8571-4B00-8B56-885A73E68403}.Debug|x64.Build.0 = Debug|x64
		{5A139D84-8571-4B00-8B56-885A73E68403}.Debug|x86.ActiveCfg = Debug|Win32
		{5A139D84-8571-4B00-8B56-885A73E68403}.Debug|x86.Build.0 = Debug|Win32
		{5A139D84-8571-4B00-8B56-885A73E68403}.Release|x64.ActiveCfg = Release|x64
		{5A139D84-8571-4B00-8B56-885A73E68403}.Release|x64.Build.0 = Release|x64
		{5A139D84-8571-4B00-8B56-885A73E68403}.Release|x86.ActiveCfg = Release|Win32
		{5A139D84-8571-4B00-8B56-885A73E68403}.Release|x86.Build.0 = Release|Win32
		{E2E55EB2-1907-42F6-81F5-92BFAAC56DA6}.Debug|x64.ActiveCfg = Debug|x64
		{E2E55EB2-1907-42F6-81F5-92BFAAC56DA6}.Debug|x64.Build.0 = Debug|x64
		{E2E55EB2-1907-42F6-81F5-92BFAAC56DA6}.Debug|x86.ActiveCfg = Debug|Win32
		{E2E55EB2-1907-42F6-81F5-92BFAAC56DA6}.Debug|x86.Build.0 = Debug|Win32
		{E2E55EB2-1907-42F6-81F5-92BFAAC56DA6}.Release|x64.ActiveCfg = Release|x64
		{E2E55EB2-1907-42F6-81F5-92BFAAC56DA6}.Release|x64.Build.0 = Release|x64
		{E2E55EB2-1907-42F6-81F5-92BFAAC56DA6}.Release|x86.ActiveCfg = Release|Win32
		{E2E55EB2-1907-42F6-81F5-92BFAAC56DA6}.Release|x86.Build.0 = Release|Win32
		{1CFFC144-97E1-4D09-964C-DC9EF51350C4}.Debug|x64.ActiveCfg = Debug|x64
		{1CFFC144-97E1-4D09-964C-DC9EF51350C4}.Debug|x64.Build.0 = Debug|x64
		{1CFFC144-97E1-4D09-964C-DC9EF51350C4}.Debug|x86.ActiveCfg = Debug|Win32
		{1CFFC144-97E1-4D09-964C-DC9EF51350C4}.Debug|x86.Build.0 = Debug|Win32
		{1CFFC144-97E1-4D09-964C-DC9EF51350C4}.Release|x64.ActiveCfg = Release|x64
		{1CFFC144-97E1-4D09-964C-DC9EF51350C4}.Release|x64.Build.0 = Release|x64
		{1CFFC144-97E1-4D09-964C-DC9EF51350C4}.Release|x86.ActiveCfg = Release|Win32
		{1CFFC144-97E1-4D09-964C-DC9EF51350C4}.Release|x86.Build.0 = Release|Win32
		{7CEEBE46-6195-4FDE-A17A-C0B55C830E8A}.Debug|x64.ActiveCfg = Debug|x64
		{7CEEBE46-6195-4FDE-A17A-C0B55C830E8A}.Debug|x64.Build.0 = Debug|x64
		{7CEEBE46-6195-4FDE-A17A-C0B55C830E8A}.Debug|x86.ActiveCfg = Debug|Win32
		{7CEEBE46-6195-4FDE-A17A-C0B55C830E8A}.Debug|x86.Build.0 = Debug|Win32
		{7CEEBE46-6195-4FDE-A17A-C0B55C830E8A}.Release|x64.ActiveCfg = Release|x64
		{7CEEBE46-6195-4FDE-A17A-C0B55C830E8A}.Release|x64.Build.0 = Release|x64
		{7CEEBE46-6195-4FDE-A17A-C0B55C830E8A}.Release|x86.ActiveCfg = Release|Win32
		{7CEEBE46-6195-4FDE-A17A-C0B55C830E8A}.Release|x86.Build.0 = Release|Win32
		{09F9BA7F-5CCC-4AFA-B5CD-EC8959196119}.Debug|x64.ActiveCfg = Debug|x64
		{09F9BA7F-5CCC-4AFA-B5CD-EC8959196119}.Debug|x64.Build.0 = Debug|x64
		{09F9BA7F-5CCC-4AFA-B5CD-EC8959196119}.Debug|x86.ActiveCfg = Debug|Win32
		{09F9BA7F-5CCC-4AFA-B5CD-EC8959196119}.Debug|x86.Build.0 = Debug|Win32
		{09F9BA7F-5CCC-4AFA-B5CD-EC8959196119}.Release|x64.ActiveCfg = Release|x64
		{09F9BA7F-5CCC-4AFA-B5CD-EC8959196119}.Release|x64.Build.0 = Release|x64
		{09F9BA7F-5CCC-4AFA-B5CD-EC8959196119}.Release|x86.ActiveCfg = Release|Win32
		{09F9BA7F-5CCC-4AFA-B5CD-EC8959196119}.Release|x86.Build.0 = Release|Win32
		{72EA2F2E-FAF4-48B2-A9B4-8F598348F626}.Debug|x64.ActiveCfg = Debug|x64
		{72EA2F2E-FAF4-48B2-A9B4-8F598348F626}.Debug|x64.Build.0 = Debug|x64
		{72EA2F2E-FAF4-48B2-A9B4-8F598348F626}.Debug|x86.ActiveCfg = Debug|Win32
		{72EA2F2E-FAF4-48B2-A9B4-8F598348F626}.Debug|x86.Build.0 = Debug|Win32
		{72EA2F2E-FAF4-48B2-A9B4-8F598348F626}.Release|x64.ActiveCfg = Release|x64
		{72EA2F2E-FAF4-48B2-A9B4-8F598348F626}.Release|x64.Build.0 = Release|x64
		{72EA2F2E-FAF4-48B2-A9B4-8F598348F626}.Release|x86.ActiveCfg = Release|Win32
		{72EA2F2E-FAF4-48B2-A9B4-8F598348F626}.Release|x86.Build.0 = Release|Win32
		{C2C86DDD-9B69-4AD5-A542-5BF3D339F52A}.Debug|x64.ActiveCfg = Debug|x64
		{C2C86DDD-9B69-4AD5-A542-5BF3D339F52A}.Debug|x64.Build.0 = Debug|x64
		{C2C86DDD-9B69-4AD5-A542-5BF3D339F52A}.Debug|x86.ActiveCfg = Debug|Win32
		{C2C86DDD-9B69-4AD5-A542-5BF3D339F52A}.Debug|x86.Build.0 = Debug|Win32
		{C2C86DDD-9B69-4AD5-A542-5BF3D339F52A}.Release|x64.ActiveCfg = Release|x64
		{C2C86DDD-9B69-4AD5-A542-5BF3D339F52A}.Release|x64.Build.0 = Release|x64
		{C2C86DDD-9B69-4AD5-A542-5BF3D339F52A}.Release|x86.ActiveCfg = Release|Win32
		{C2C86DDD-9B69-4AD5-A542-5BF3D339F52A}.Release|x86.Build.0 = Release|Win32
		{E41C27A1-4755-4058-95F6-EDF5FDBC3C77}.Debug|x64.ActiveCfg = Debug|x64
		{E41C27A1-4755-4058-95F6-EDF5FDBC3C77}.Debug|x64.Build.0 = Debug|x64
		{E41C27A1-4755-4058-95F6-EDF5FDBC3C77}.Debug|x86.ActiveCfg = Debug|Win32
		{E41C27A1-4755-4058-95F6-EDF5FDBC3C77}.Debug|x86.Build.0 = Debug|Win32
		{E41C27A1-4755-4058-95F6-EDF5FDBC3C77}.Release|x64.ActiveCfg = Release|x64
		{E41C27A1-4755-4058-95F6-EDF5FDBC3C77}.Release|x64.Build.0 = Release|x64
		{E41C27A1-4755-4058-95F6-EDF5FDBC3C77}.Release|x86.ActiveCfg = Release|Win32
		{E41C27A1-4755-4058-95F6-EDF5FDBC3C77}.Release|x86.Build.0 = Release|Win32
		{0270BC9A-B09A-4E5F-BAD6-8E2404DD391B}.Debug|x64.ActiveCfg = Debug|x64
		{0270BC9A-B09A-4E5F-BAD6-8E2404DD391B}.Debug|x64.Build.0 = Debug|x64
		{0270BC9A-B09A-4E5F-BAD6-8E2404DD391B}.Debug|x86.ActiveCfg = Debug|Win32
		{0270BC9A-B09A-4E5F-BAD6-8E2404DD391B}.Debug|x86.Build.0 = Debug|Win32
		{0270BC9A-B09A-4E5F-BAD6-8E2404DD391B}.Release|x64.ActiveCfg = Release|x64
		{0270BC9A-B09A-4E5F-BAD6-8E2404DD391B}.Release|x64.Build.0 = Release|x64
		{0270BC9A-B09A-4E5F-BAD6-8E2404DD391B}.Release|x86.ActiveCfg = Release|Win32
		{0270BC9A-B09A-4E5F-BAD6-8E2404DD391B}.Release|x86.Build.0 = Release|Win32
		{60C25694-5DEA-4CC5-A14B-92ABC1B8134F}.Debug|x64.ActiveCfg = Debug|x64
		{60C25694-5DEA-4CC5-A14B-92ABC1B8134F}.Debug|x64.Build.0 = Debug|x64
		{60C25694-5DEA-4CC5-A14B-92ABC1B8134F}.Debug|x86.ActiveCfg = Debug|Win32
		{60C25694-5DEA-4CC5-A14B-92ABC1B8134F}.Debug|x86.Build.0 = Debug|Win32
		{60C25694-5DEA-4CC5-A14B-92ABC1B8134F}.Release|x64.ActiveCfg = Release|x64
		{60C25694-5DEA-4CC5-A14B-92ABC1B8134F}.Release|x64.Build.0 = Release|x64
		{60C25694-5DEA-4CC5-A14B-92ABC1B8134F}.Release|x86.ActiveCfg = Release|Win32
		{60C25694-5DEA-4CC5-A14B-92ABC1B8134F}.Release|x86.Build.0 = Release|Win32
		{DE10CCE7-222A-46BA-B1CD-9008D34405B5}.Debug|x64.ActiveCfg = Debug|x64
		{DE10CCE7-222A-46BA-B1CD-9008D34405B5}.Debug|x64.Build.0 = Debug|x64
		{DE10CCE7-222A-46BA-B1CD-9008D34405B5}.Debug|x86.ActiveCfg = Debug|Win32
		{DE10CCE7-222A-46BA-B1CD-9008D34405B5}.Debug|x86.Build.0 = Debug|Win32
		{DE10CCE7-222A-46BA-B1CD-9008D34405B5}.Release|x64.ActiveCfg = Release|x64
		{DE10CCE7-222A-46BA-B1CD-9008D34405B5}.Release|x64.Build.0 = Release|x64
		{DE10CCE7-222A-46BA-B1CD-9008D34405B5}.Release|x86.ActiveCfg = Release|Win32
		{DE10CCE7-222A-46BA-B1CD-9008D34405B5}.Release|x86.Build.0 = Release|Win32
		{1BC55BD0-A25F-450F-A638-29E45B4F0500}.Debug|x64.ActiveCfg = Debug|x64
		{1BC55BD0-A25F-450F-A638-29E45B4F0500}.Debug|x64.Build.0 = Debug|x64
		{1BC55BD0-A25F-450F-A638-29E45B4F0500}.Debug|x86.ActiveCfg = Debug|Win32
		{1BC55BD0-A25F-450F-A638-29E45B4F0500}.Debug|x86.Build.0 = Debug|Win32
		{1BC55BD0-A25F-450F-A638-29E45B4F0500}.Release|x64.ActiveCfg = Release|x64
		{1BC55BD0-A25F-450F-A638-29E45B4F0500}.Release|x64.Build.0 = Release|x64
		{1BC55BD0-A25F-450F-A638-29E45B4F0500}.Release|x86.ActiveCfg = Release|Win32
		{1BC55BD0-A25F-450F-A638-29E45B4F0500}.Release|x86.Build.0 = Release|Win32
		{AE433118-3B13-4575-8BC8-7DBFBEEC072E}.Debug|x64.ActiveCfg = Debug|x64
		{AE433118-3B13-4575-8BC8-7DBFBEEC072E}.Debug|x64.Build.0 = Debug|x64
		{AE433118-3B13-4575-8BC8-7DBFBEEC072E}.Debug|x86.ActiveCfg = Debug|Win32
		{AE433118-3B13-4575-8BC8-7DBFBEEC072E}.Debug|x86.Build.0 = Debug|Win32
		{AE433118-3B13-4575-8BC8-7DBFBEEC072E}.Release|x64.ActiveCfg = Release|x64
		{AE433118-3B13-4575-8BC8-7DBFBEEC072E}.Release|x64.Build.0 = Release|x64
		{AE433118-3B13-4575-8BC8-7DBFBEEC072E}.Release|x86.ActiveCfg = Release|Win32
		{AE433118-3B13-4575-8BC8-7DBFBEEC072E}.Release|x86.Build.0 = Release|Win32
		{59109A89-E08F-46F1-A09F-54F5C093DE92}.Debug|x64.ActiveCfg = Debug|x64
		{59109A89-E08F-46F1-A09F-54F5C093DE92}.Debug|x64.Build.0 = Debug|x64
		{59109A89-E08F-46F1-A09F-54F5C093DE92}.Debug|x86.ActiveCfg = Debug|Win32
		{59109A89-E08F-46F1-A09F-54F5C093DE92}.Debug|x86.Build.0 = Debug|Win32
		{59109A89-E08F-46F1-A09F-54F5C093DE92}.Release|x64.ActiveCfg = Release|x64
		{59109A89-E08F-46F1-A09F-54F5C093DE92}.Release|x64.Build.0 = Release|x64
		{59109A89-E08F-46F1-A09F-54F5C093DE92}.Release|x86.ActiveCfg = Release|Win32
		{59109A89-E08F-46F1-A09F-54F5C093DE92}.Release|x86.Build.0 = Release|Win32
		{A675D822-C1EC-4C6A-B7DB-ED5EEDAEA0E9}.Debug|x64.ActiveCfg = Debug|x64
		{A675D822-C1EC-4C6A-B7DB-ED5EEDAEA0E9}.Debug|x64.Build.0 = Debug|x64
		{A675D822-C1EC-4C6A-B7DB-ED5EEDAEA0E9}.Debug|x86.ActiveCfg = Debug|Win32
		{A675D822-C1EC-4C6A-B7DB-ED5EEDAEA0E9}.Debug|x86.Build.0 = Debug|Win32
		{A675D822-C1EC-4C6A-B7DB-ED5EEDAEA0E9}.Release|x64.ActiveCfg = Release|x64
		{A675D822-C1EC-4C6A-B7DB-ED5EEDAEA0E9}.Release|x64.Build.0 = Release|x64
		{A675D822-C1EC-4C6A-B7DB-ED5EEDAEA0E9}.Release|x86.ActiveCfg = Release|Win32
		{A675D822-C1EC-4C6A-B7DB-ED5EEDAEA0E9}.Release|x86.Build.0 = Release|Win32
		{291DC7F2-59F8-4333-9033-F6D40F623224}.Debug|x64.ActiveCfg = Debug|x64
		{291DC7F2-59F8-4333-9033-F6D40F623224}.Debug|x64.Build.0 = Debug|x64
		{291DC7F2-59F8-4333-9033-F6D40F623224}.Debug|x86.ActiveCfg = Debug|Win32
		{291DC7F2-59F8-4333-9033-F6D40F623224}.Debug|x86.Build.0 = Debug|Win32
		{291DC7F2-59F8-4333-9033-F6D40F623224}.Release|x64.ActiveCfg = Release|x64
		{291DC7F2-59F8-4333-9033-F6D40F623224}.Release|x64.Build.0 = Release|x64
		{291DC7F2-59F8-4333-9033-F6D40F623224}.Release|x86.ActiveCfg = Release|Win32
		{291DC7F2-59F8-4333-9033-F6D40F623224}.Release|x86.Build.0 = Release|Win32
		{BFCC4DB9-0DE9-4D9E-9035-996BF06D9A4D}.Debug|x64.ActiveCfg = Debug|x64
		{BFCC4DB9-0DE9-4D9E-9035-996BF06D9A4D}.Debug|x64.Build.0 = Debug|x64
		{BFCC4DB9-0DE9-4D9E-9035-996BF06D9A4D}.Debug|x86.ActiveCfg = Debug|Win32
		{BFCC4DB9-0DE9-4D9E-9035-996BF06D9A4D}.Debug|x86.Build.0 = Debug|Win32
		{BFCC4DB9-0DE9-4D9E-9035-996BF06D9A4D}.Release|x64.ActiveCfg = Release|x64
		{BFCC4DB9-0DE9-4D9E-9035-996BF06D9A4D}.Release|x64.Build.0 = Release|x64
		{BFCC4DB9-0DE9-4D9E-9035-996BF06D9A4D}.Release|x86.ActiveCfg = Release|Win32
		{BFCC4DB9-0DE9-4D9E-9035-996BF06D9A4D}.Release|x86.Build.0 = Release|Win32
		{2D8FEDEB-6557-4C90-8246-B9EC14B8784A}.Debug|x64.ActiveCfg = Debug|x64
		{2D8FEDEB-6557-4C90-8246-B9EC14B8784A}.Debug|x64.Build.0 = Debug|x64
		{2D8FEDEB-6557-4C90-8246-B9EC14B8784A}.Debug|x86.ActiveCfg = Debug|Win32
		{2D8FEDEB-6557-4C90-8246-B9EC14B8784A}.Debug|x86.Build.0 = Debug|Win32
		{2D8FEDEB-6557-4C90-8246-B9EC14B8784A}.Release|x64.ActiveCfg = Release|x64
		{2D8FEDEB-6557-4C90-8246-B9EC14B8784A}.Release|x64.Build.0 = Release|x64
		{2D8FEDEB-6557-4C90-8246-B9EC14B8784A}.Release|x86.ActiveCfg = Release|Win32
		{2D8FEDEB-6557-4C90-8246-B9EC14B8784A}.Release|x86.Build.0 = Release|Win32
		{37EE2DE8-96AE-43C2-BAFD-D7CC5BCDBDB6}.Debug|x64.ActiveCfg = Debug|x64
		{37EE2DE8-96AE-43C2-BAFD-D7CC5BCDBDB6}.Debug|x64.Build.0 = Debug|x64
		{37EE2DE8-96AE-43C2-BAFD-D7CC5BCDBDB6}.Debug|x86.ActiveCfg = Debug|Win32
		{37EE2DE8-96AE-43C2-BAFD-D7CC5BCDBDB6}.Debug|x86.Build.0 = Debug|Win32
		{37EE2DE8-96AE-43C2-BAFD-D7CC5BCDBDB6}.Release|x64.ActiveCfg = Release|x64
		{37EE2DE8-96AE-43C2-BAFD-D7CC5BCDBDB6}.Release|x64.Build.0 = Release|x64
		{37EE2DE8-96AE-43C2-BAFD-D7CC5BCDBDB6}.Release|x86.ActiveCfg = Release|Win32
		{37EE2DE8-96AE-43C2-BAFD-D7CC5BCDBDB6}.Release|x86.Build.0 = Release|Win32
		{0A132058-542A-4680-9B10-7E99D94C3E74}.Debug|x64.ActiveCfg = Debug|x64
		{0A132058-542A-4680-9B10-7E99D94C3E74}.Debug|x64.Build.0 = Debug|x64
		{0A132058-542A-4680-9B10-7E99D94C3E74}.Debug|x86.ActiveCfg = Debug|Win32
		{0A132058-542A-4680-9B10-7E99D94C3E74}.Debug|x86.Build.0 = Debug|Win32
		{0A132058-542A-4680-9B10-7E99D94C3E74}.Release|x64.ActiveCfg = Release|x64
		{0A132058-542A-4680-9B10-7E99D94C3E74}.Release|x64.Build.0 = Release|x64
		{0A132058-542A-4680-9B10-7E99D94C3E74}.Release|x86.ActiveCfg = Release|Win32
		{0A132058-542A-4680-9B10-7E99D94C3E74}.Release|x86.Build.0 = Release|Win32
		{2A0DBAE5-E9B0-4EEF-8260-E42CC283390F}.Debug|x64.ActiveCfg = Debug|x64
		{2A0DBAE5-E9B0-4EEF-8260-E42CC283390F}.Debug|x64.Build.0 = Debug|x64
		{2A0DBAE5-E9B0-4EEF-8260-E42CC283390F}.Debug|x86.ActiveCfg = Debug|Win32
		{2A0DBAE5-E9B0-4EEF-8260-E42CC283390F}.Debug|x86.Build.0 = Debug|Win32
		{2A0DBAE5-E9B0-4EEF-8260-E42CC283390F}.Release|x64.ActiveCfg = Release|x64
		{2A0DBAE5-E9B0-4EEF-8260-E42CC283390F}.Release|x64.Build.0 = Release|x64
		{2A0DBAE5-E9B0-4EEF-8260-E42CC283390F}.Release|x86.ActiveCfg = Release|Win32
		{2A0DBAE5-E9B0-4EEF-8260-E42CC283390F}.Release|x86.Build.0 = Release|Win32
		{86E329E3-7359-4B00-B02B-9DC15B4C4E1E}.Debug|x64.ActiveCfg = Debug|x64
		{86E329E3-7359-4B00-B02B-9DC15B4C4E1E}.Debug|x64.Build.0 = Debug|x64
		{86E329E3-7359-4B00-B02B-9DC15B4C4E1E}.Debug|x86.ActiveCfg = Debug|Win32
		{86E329E3-7359-4B00-B02B-9DC15B4C4E1E}.Debug|x86.Build.0 = Debug|Win32
		{86E329E3-7359-4B00-B02B-9DC15B4C4E1E}.Release|x64.ActiveCfg = Release|x64
		{86E329E3-7359-4B00-B02B-9DC15B4C4E1E}.Release|x64.Build.0 = Release|x64
		{86E329E3-7359-4B00-B02B-9DC15B4C4E1E}.Release|x86.ActiveCfg = Release|Win32
		{86E329E3-7359-4B00-B02B-9DC15B4C4E1E}.Release|x86.Build.0 = Release|Win32
		{3DB453C7-4C07-411E-84CB-E77EC482B83E}.Debug|x64.ActiveCfg = Debug|x64
		{3DB453C7-4C07-411E-84CB-E77EC482B83E}.Debug|x64.Build.0 = Debug|x64
		{3DB453C7-4C07-411E-84CB-E77EC482B83E}.Debug|x86.ActiveCfg = Debug|Win32
		{3DB453C7-4C07-411E-84CB-E77EC482B83E}.Debug|x86.Build.0 = Debug|Win32
		{3DB453C7-4C07-411E-84CB-E77EC482B83E}.Release|x64.ActiveCfg = Release|x64
		{3DB453C7-4C07-411E-84CB-E77EC482B83E}.Release|x64.Build.0 = Release|x64
		{3DB453C7-4C07-411E-84CB-E77EC482B83E}.Release|x86.ActiveCfg = Release|Win32
		{3DB453C7-4C07-411E-84CB-E77EC482B83E}.Release|x86.Build.0 = Release|Win32
		{6242F8D8-219A-4DC3-9906-A6C03BB07FDF}.Debug|x64.ActiveCfg = Debug|x64
		{6242F8D8-219A-4DC3-9906-A6C03BB07FDF}.Debug|x64.Build.0 = Debug|x64
		{6242F8D8-219A-4DC3-9906-A6C03BB07FDF}.Debug|x86.ActiveCfg = Debug|Win32
		{6242F8D8-219A-4DC3-9906-A6C03BB07FDF}.Debug|x86.Build.0 = Debug|Win32
		{6242F8D8-219A-4DC3-9906-A6C03BB07FDF}.Release|x64.ActiveCfg = Release|x64
		{6242F8D8-219A-4DC3-9906-A6C03BB07FDF}.Release|x64.Build.0 = Release|x64
		{6242F8D8-219A-4DC3-9906-A6C03BB07FDF}.Release|x86.ActiveCfg = Release|Win32
		{6242F8D8-219A-4DC3-9906-A6C03BB07FDF}.Release|x86.Build.0 = Release|Win32
		{B4D1FA37-C8A8-4480-8F7B-3C59D28DCBF9}.Debug|x64.ActiveCfg = Debug|x64
		{B4D1FA37-C8A8-4480-8F7B-3C59D28DCBF9}.Debug|x64.Build.0 = Debug|x64
		{B4D1FA37-C8A8-4480-8F7B-3C59D28DCBF9}.Debug|x86.ActiveCfg = Debug|Win32
		{B4D1FA37-C8A8-4480-8F7B-3C59D28DCBF9}.Debug|x86.Build.0 = Debug|Win32
		{B4D1FA37-C8A8-4480-8F7B-3C59D28DCBF9}.Release|x64.ActiveCfg = Release|x64
		{B4D1FA37-C8A8-4480-8F7B-3C59D28DCBF9}.Release|x64.Build.0 = Release|x64
		{B4D1FA37-C8A8-4480-8F7B-3C59D28DCBF9}.Release|x86.ActiveCfg = Release|Win32
		{B4D1FA37-C8A8-4480-8F7B-3C59D28DCBF9}.Release|x86.Build.0 = Release|Win32
		{210487E5-ABF7-4182-BF57-2131C9FB9BF9}.Debug|x64.ActiveCfg = Debug|x64
		{210487E5-ABF7-4182-BF57-2131C9FB9BF9}.Debug|x64.Build.0 = Debug|x64
		{210487E5-ABF7-4182-BF57-2131C9FB9BF9}.Debug|x86.ActiveCfg = Debug|Win32
		{210487E5-ABF7-4182-BF57-2131C9FB9BF9}.Debug|x86.Build.0 = Debug|Win32
		{210487E5-ABF7-4182-BF57-2131C9FB9BF9}.Release|x64.ActiveCfg = Release|x64
		{210487E5-ABF7-4182-BF57-2131C9FB9BF9}.Release|x64.Build.0 = Release|x64
		{210487E5-ABF7-4182-BF57-2131C9FB9BF9}.Release|x86.ActiveCfg = Release|Win32
		{210487E5-ABF7-4182-BF57-2131C9FB9BF9}.Release|x86.Build.0 = Release|Win32
		{00CE3C22-46CD-4743-A541-98B1A545F04C}.Debug|x64.ActiveCfg = Debug|x64
		{00CE3C22-46CD-4743-A541-98B1A545F04C}.Debug|x64.Build.0 = Debug|x64
		{00CE3C22-46CD-4743-A541-98B1A545F04C}.Debug|x86.ActiveCfg = Debug|Win32
		{00CE3C22-46CD-4743-A541-98B1A545F04C}.Debug|x86.Build.0 = Debug|Win32
		{00CE3C22-46CD-4743-A541-98B1A545F04C}.Release|x64.ActiveCfg = Release|x64
		{00CE3C22-46CD-4743-A541-98B1A545F04C}.Release|x64.Build.0 = Release|x64
		{00CE3C22-46CD-4743-A541-98B1A545F04C}.Release|x86.ActiveCfg = Release|Win32
		{00CE3C22-46CD-4743-A541-98B1A545F04C}.Release|x86.Build.0 = Release|Win32
		{0C8A0B3B-4E0C-4548-872E-563DCA62F061}.Debug|x64.ActiveCfg = Debug|x64
		{0C8A0B3B-4E0C-4548-872E-563DCA62F061}.Debug|x64.Build.0 = Debug|x64
		{0C8A0B3B-4E0C-4548-872E-563DCA62F061}.Debug|x86.ActiveCfg = Debug|Win32
		{0C8A0B3B-4E0C-4548-872E-563DCA62F061}.Debug|x86.Build.0 = Debug|Win32
		{0C8A0B3B-4E0C-4548-872E-563DCA62F061}.Release|x64.ActiveCfg = Release|x64
		{0C8A0B3B-4E0C-4548-872E-563DCA62F061}.Release|x64.Build.0 = Release|x64
		{0C8A0B3B-4E0C-4548-872E-563DCA62F061}.Release|x86.ActiveCfg = Release|Win32
		{0C8A0B3B-4E0C-4548-872E-563DCA62F061}.Release|x86.Build.0 = Release|Win32
		{6ADA0B8C-E701-4A20-B35B-6C9C7A959E02}.Debug|x64.ActiveCfg = Debug|x64
		{6ADA0B8C-E701-4A20-B35B-6C9C7A959E02}.Debug|x64.Build.0 = Debug|x64
		{6ADA0B8C-E701-4A20-B35B-6C9C7A959E02}.Debug|x86.ActiveCfg = Debug|Win32
		{6ADA0B8C-E701-4A20-B35B-6C9C7A959E02}.Debug|x86.Build.0 = Debug|Win32
		{6ADA0B8C-E701-4A20-B35B-6C9C7A959E02}.Release|x64.ActiveCfg = Release|x64
		{6ADA0B8C-E701-4A20-B35B-6C9C7A959E02}.Release|x64.Build.0 = Release|x64
		{6ADA0B8C-E701-4A20-B35B-6C9C7A959E02}.Release|x86.ActiveCfg = Release|Win32
		{6ADA0B8C-E701-4A20-B35B-6C9C7A959E02}.Release|x86.Build.0 = Release|Win32
		{6A154D4D-C1CD-451F-84F7-9B214398467B}.Debug|x64.ActiveCfg = Debug|x64
		{6A154D4D-C1CD-451F-84F7-9B214398467B}.Debug|x64.Build.0 = Debug|x64
		{6A154D4D-C1CD-451F-84F7-9B214398467B}.Debug|x86.ActiveCfg = Debug|Win32
		{6A154D4D-C1CD-451F-84F7-9B214398467B}.Debug|x86.Build.0 = Debug|Win32
		{6A154D4D-C1CD-451F-84F7-9B214398467B}.Release|x64.ActiveCfg = Release|x64
		{6A154D4D-C1CD-451F-84F7-9B214398467B}.Release|x64.Build.0 = Release|x64
		{6A154D4D-C1CD-451F-84F7-9B214398467B}.Release|x86.ActiveCfg = Release|Win32
		{6A154D4D-C1CD-451F-84F7-9B214398467B}.Release|x86.Build.0 = Release|Win32
		{63756DE4-60B9-4CC8-9498-4445E8FBA34E}.Debug|x64.ActiveCfg = Debug|x64
		{63756DE4-60B9-4CC8-9498-4445E8FBA34E}.Debug|x64.Build.0 = Debug|x64
		{63756DE4-60B9-4CC8-9498-4445E8FBA34E}.Debug|x86.ActiveCfg = Debug|Win32
		{63756DE4-60B9-4CC8-9498-4445E8FBA34E}.Debug|x86.Build.0 = Debug|Win32
		{63756DE4-60B9-4CC8-9498-4445E8FBA34E}.Release|x64.ActiveCfg = Release|x64
		{63756DE4-60B9-4CC8-9498-4445E8FBA34E}.Release|x64.Build.0 = Release|x64
		{63756DE4-60B9-4CC8-9498-4445E8FBA34E}.Release|x86.ActiveCfg = Release|Win32
		{63756DE4-60B9-4CC8-9498-4445E8FBA34E}.Release|x86.Build.0 = Release|Win32
		{BDED5414-D27B-47AB-9515-C4F42345D503}.Debug|x64.ActiveCfg = Debug|x64
		{BDED5414-D27B-47AB-9515-C4F42345D503}.Debug|x64.Build.0 = Debug|x64
		{BDED5414-D27B-47AB-9515-C4F42345D503}.Debug|x86.ActiveCfg = Debug|Win32
		{BDED5414-D27B-47AB-9515-C4F42345D503}.Debug|x86.Build.0 = Debug|Win32
		{BDED5414-D27B-47AB-9515-C4F42345D503}.Release|x64.ActiveCfg = Release|x64
		{BDED5414-D27B-47AB-9515-C4F42345D503}.Release|x64.Build.0 = Release|x64
		{BDED5414-D27B-47AB-9515-C4F42345D503}.Release|x86.ActiveCfg = Release|Win32
		{BDED5414-D27B-47AB-9515-C4F42345D503}.Release|x86.Build.0 = Release|Win32
		{2459CC2C-24DD-4921-A75D-C3AF2283D33C}.Debug|x64.ActiveCfg = Debug|x64
		{2459CC2C-24DD-4921-A75D-C3AF2283D33C}.Debug|x64.Build.0 = Debug|x64
		{2459CC2C-24DD-4921-A75D-C3AF2283D33C}.Debug|x86.ActiveCfg = Debug|Win32
		{2459CC2C-24DD-4921-A75D-C3AF2283D33C}.Debug|x86.Build.0 = Debug|Win32
		{2459CC2C-24DD-4921-A75D-C3AF2283D33C}.Release|x64.ActiveCfg = Release|x64
		{2459CC2C-24DD-4921-A75D-C3AF2283D33C}.Release|x64.Build.0 = Release|x64
		{2459CC2C-24DD-4921-A75D-C3AF2283D33C}.Release|x86.ActiveCfg = Release|Win32
		{2459CC2C-24DD-4921-A75D-C3AF2283D33C}.Release|x86.Build.0 = Release|Win32
		{10852D5F-6122-4F4F-B37B-B478A74F9A20}.Debug|x64.ActiveCfg = Debug|x64
		{10852D5F-6122-4F4F-B37B-B478A74F9A20}.Debug|x64.Build.0 = Debug|x64
		{10852D5F-6122-4F4F-B37B-B478A74F9A20}.Debug|x86.ActiveCfg = Debug|Win32
		{10852D5F-6122-4F4F-B37B-B478A74F9A20}.Debug|x86.Build.0 = Debug|Win32
		{10852D5F-6122-4F4F-B37B-B478A74F9A20}.Release|x64.ActiveCfg = Release|x64
		{10852D5F-6122-4F4F-B37B-B478A74F9A20}.Release|x64.Build.0 = Release|x64
		{10852D5F-6122-4F4F-B37B-B478A74F9A20}.Release|x86.ActiveCfg = Release|Win32
		{10852D5F-6122-4F4F-B37B-B478A74F9A20}.Release|x86.Build.0 = Release|Win32
		{5DE7980F-6B41-42B2-B3D5-33E9E8400271}.Debug|x64.ActiveCfg = Debug|x64
		{5DE7980F-6B41-42B2-B3D5-33E9E8400271}.Debug|x64.Build.0 = Debug|x64
		{5DE7980F-6B41-42B2-B3D5-33E9E8400271}.Debug|x86.ActiveCfg = Debug|Win32
		{5DE7980F-6B41-42B2-B3D5-33E9E8400271}.Debug|x86.Build.0 = Debug|Win32
		{5DE7980F-6B41-42B2-B3D5-33E9E8400271}.Release|x64.ActiveCfg = Release|x64
		{5DE7980F-6B41-42B2-B3D5-33E9E8400271}.Release|x64.Build.0 = Release|x64
		{5DE7980F-6B41-42B2-B3D5-33E9E8400271}.Release|x86.ActiveCfg = Release|Win32
		{5DE7980F-6B41-42B2-B3D5-33E9E8400271}.Release|x86.Build.0 = Release|Win32
		{78273E71-8E89-42FF-8A84-DBCDD250C1F1}.Debug|x64.ActiveCfg = Debug|x64
		{78273E71-8E89-42FF-8A84-DBCDD250C1F1}.Debug|x64.Build.0 = Debug|x64
		{78273E71-8E89-42FF-8A84-DBCDD250C1F1}.Debug|x86.ActiveCfg = Debug|Win32
		{78273E71-8E89-42FF-8A84-DBCDD250C1F1}.Debug|x86.Build.0 = Debug|Win32
		{78273E71-8E89-42FF-8A84-DBCDD250C1F1}.Release|x64.ActiveCfg = Release|x64
		{78273E71-8E89-42FF-8A84-DBCDD250C1F1}.Release|x64.Build.0 = Release|x64
		{78273E71-8E89-42FF-8A84-DBCDD250C1F1}.Release|x86.ActiveCfg = Release|Win32
		{78273E71-8E89-42FF-8A84-DBCDD250C1F1}.Release|x86.Build.0 = Release|Win32
		{B0727BA4-AA2A-45CC-9C4E-4BBAE614A1AF}.Debug|x64.ActiveCfg = Debug|x64
		{B0727BA4-AA2A-45CC-9C4E-4BBAE614A1AF}.Debug|x64.Build.0 = Debug|x64
		{B0727BA4-AA2A-45CC-9C4E-4BBAE614A1AF}.Debug|x86.ActiveCfg = Debug|Win32
		{B0727BA4-AA2A-45CC-9C4E-4BBAE614A1AF}.Debug|x86.Build.0 = Debug|Win32
		{B0727BA4-AA2A-45CC-9C4E-4BBAE614A1AF}.Release|x64.ActiveCfg = Release|x64
		{B0727BA4-AA2A-45CC-9C4E-4BBAE614A1AF}.Release|x64.Build.0 = Release|x64
		{B0727BA4-AA2A-45CC-9C4E-4BBAE614A1AF}.Release|x86.ActiveCfg = Release|Win32
		{B0727BA4-AA2A-45CC-9C4E-4BBAE614A1AF}.Release|x86.Build.0 = Release|Win32
		{B221E05D-9BFF-4ABD-B1DD-20222DF74CD7}.Debug|x64.ActiveCfg = Debug|x64
		{B221E05D-9BFF-4ABD-B1DD-20222DF74CD7}.Debug|x64.Build.0 = Debug|x64
		{B221E05D-9BFF-4ABD-B1DD-20222DF74CD7}.Debug|x86.ActiveCfg = Debug|Win32
		{B221E05D-9BFF-4ABD-B1DD-20222DF74CD7}.Debug|x86.Build.0 = Debug|Win32
		{B221E05D-9BFF-4ABD-B1DD-20222DF74CD7}.Release|x64.ActiveCfg = Release|x64
		{B221E05D-9BFF-4ABD-B1DD-20222DF74CD7}.Release|x64.Build.0 = Release|x64
		{B221E05D-9BFF-4ABD-B1DD-20222DF74CD7}.Release|x86.ActiveCfg = Release|Win32
		{B221E05D-9BFF-4ABD-B1DD-20222DF74CD7}.Release|x86.Build.0 = Release|Win32
		{941E5E6D-AB4A-4323-A05A-543F3F35DAA3}.Debug|x64.ActiveCfg = Debug|x64
		{941E5E6D-AB4A-4323-A05A-543F3F35DAA3}.Debug|x64.Build.0 = Debug|x64
		{941E5E6D-AB4A-4323-A05A-543F3F35DAA3}.Debug|x86.ActiveCfg = Debug|Win32
		{941E5E6D-AB4A-4323-A05A-543F3F35DAA3}.Debug|x86.Build.0 = Debug|Win32
		{941E5E6D-AB4A-4323-A05A-543F3F35DAA3}.Release|x64.ActiveCfg = Release|x64
		{941E5E6D-AB4A-4323-A05A-543F3F35DAA3}.Release|x64.Build.0 = Release|x64
		{941E5E6D-AB4A-4323-A05A-543F3F35DAA3}.Release|x86.ActiveCfg = Release|Win32
		{941E5E6D-AB4A-4323-A05A-543F3F35DAA3}.Release|x86.Build.0 = Release|Win32
		{0D7C33FB-12CB-4ADC-8AE4-5528D49478E4}.Debug|x64.ActiveCfg = Debug|x64
		{0D7C33FB-12CB-4ADC-8AE4-5528D49478E4}.Debug|x64.Build.0 = Debug|x64
		{0D7C33FB-12CB-4ADC-8AE4-5528D49478E4}.Debug|x86.ActiveCfg = Debug|Win32
		{0D7C33FB-12CB-4ADC-8AE4-5528D49478E4}.Debug|x86.Build.0 = Debug|Win32
		{0D7C33FB-12CB-4ADC-8AE4-5528D49478E4}.Release|x64.ActiveCfg = Release|x64
		{0D7C33FB-12CB-4ADC-8AE4-5528D49478E4}.Release|x64.Build.0 = Release|x64
		{0D7C33FB-12CB-4ADC-8AE4-5528D49478E4}.Release|x86.ActiveCfg = Release|Win32
		{0D7C33FB-12CB-4ADC-8AE4-5528D49478E4}.Release|x86.Build.0 = Release|Win32
		{7A1C4FCC-04E9-44E3-B0F3-07AD11C7C1E3}.Debug|x64.ActiveCfg = Debug|x64
		{7A1C4FCC-04E9-44E3-B0F3-07AD11C7C1E3}.Debug|x64.Build.0 = Debug|x64
		{7A1C4FCC-04E9-44E3-B0F3-07AD11C7C1E3}.Debug|x86.ActiveCfg = Debug|Win32
		{7A1C4FCC-04E9-44E3-B0F3-07AD11C7C1E3}.Debug|x86.Build.0 = Debug|Win32
		{7A1C4FCC-04E9-44E3-B0F3-07AD11C7C1E3}.Release|x64.ActiveCfg = Release|x64
		{7A1C4FCC-04E9-44E3-B0F3-07AD11C7C1E3}.Release|x64.Build.0 = Release|x64
		{7A1C4FCC-04E9-44E3-B0F3-07AD11C7C1E3}.Release|x86.ActiveCfg = Release|Win32
		{7A1C4FCC-04E9-44E3-B0F3-07AD11C7C1E3}.Release|x86.Build.0 = Release|Win32
		{32167832-46CA-4751-8941-DBB5517F43DC}.Debug|x64.ActiveCfg = Debug|x64
		{32167832-46CA-4751-8941-DBB5517F43DC}.Debug|x64.Build.0 = Debug|x64
		{32167832-46CA-4751-8941-DBB5517F43DC}.Debug|x86.ActiveCfg = Debug|Win32
		{32167832-46CA-4751-8941-DBB5517F43DC}.Debug|x86.Build.0 = Debug|Win32
		{32167832-46CA-4751-8941-DBB5517F43DC}.Release|x64.ActiveCfg = Release|x64
		{32167832-46CA-4751-8941-DBB5517F43DC}.Release|x64.Build.0 = Release|x64
		{32167832-46CA-4751-8941-DBB5517F43DC}.Release|x86.ActiveCfg = Release|Win32
		{32167832-46CA-4751-8941-DBB5517F43DC}.Release|x86.Build.0 = Release|Win32
		{374FB314-C12C-4ED9-A035-598407A3B672}.Debug|x64.ActiveCfg = Debug|x64
		{374FB314-C12C-4ED9-A035-598407A3B672}.Debug|x64.Build.0 = Debug|x64
		{374FB314-C12C-4ED9-A035-598407A3B672}.Debug|x86.ActiveCfg = Debug|Win32
		{374FB314-C12C-4ED9-A035-598407A3B672}.Debug|x86.Build.0 = Debug|Win32
		{374FB314-C12C-4ED9-A035-598407A3B672}.Release|x64.ActiveCfg = Release|x64
		{374FB314-C12C-4ED9-A035-598407A3B672}.Release|x64.Build.0 = Release|x64
		{374FB314-C12C-4ED9-A035-598407A3B672}.Release|x86.ActiveCfg = Release|Win32
		{374FB314-C12C-4ED9-A035-598407A3B672}.Release|x86.Build.0 = Release|Win32
		{1CE9CFA3-16BC-4974-97C8-78693523617F}.Debug|x64.ActiveCfg = Debug|x64
		{1CE9CFA3-16BC-4974-97C8-78693523617F}.Debug|x64.Build.0 = Debug|x64
		{1CE9CFA3-16BC-4974-97C8-78693523617F}.Debug|x86.ActiveCfg = Debug|Win32
		{1CE9CFA3-16BC-4974-97C8-78693523617F}.Debug|x86.Build.0 = Debug|Win32
		{1CE9CFA3-16BC-4974-97C8-78693523617F}.Release|x64.ActiveCfg = Release|x64
		{1CE9CFA3-16BC-4974-97C8-78693523617F}.Release|x64.Build.0 = Release|x64
		{1CE9CFA3-16BC-4974-97C8-78693523617F}.Release|x86.ActiveCfg = Release|Win32
		{1CE9CFA3-16BC-4974-97C8-78693523617F}.Release|x86.Build.0 = Release|Win32
		{E9D32A33-2807-4423-BD1A-CB45465B93EC}.Debug|x64.ActiveCfg = Debug|x64
		{E9D32A33-2807-4423-BD1A-CB45465B93EC}.Debug|x64.Build.0 = Debug|x64
		{E9D32A33-2807-4423-BD1A-CB45465B93EC}.Debug|x86.ActiveCfg = Debug|Win32
		{E9D32A33-2807-4423-BD1A-CB45465B93EC}.Debug|x86.Build.0 = Debug|Win32
		{E9D32A33-2807-4423-BD1A-CB45465B93EC}.Release|x64.ActiveCfg = Release|x64
		{E9D32A33-2807-4423-BD1A-CB45465B93EC}.Release|x64.Build.0 = Release|x64
		{E9D32A33-2807-4423-BD1A-CB45465B93EC}.Release|x86.ActiveCfg = Release|Win32
		{E9D32A33-2807-4423-BD1A-CB45465B93EC}.Release|x86.Build.0 = Release|Win32
		{268973BD-4CD8-4DB1-8CE6-EE401A75D8F9}.Debug|x64.ActiveCfg = Debug|x64
		{268973BD-4CD8-4DB1-8CE6-EE401A75D8F9}.Debug|x64.Build.0 = Debug|x64
		{268973BD-4CD8-4DB1-8CE6-EE401A75D8F9}.Debug|x86.ActiveCfg = Debug|Win32
		{268973BD-4CD8-4DB1-8CE6-EE401A75D8F9}.Debug|x86.Build.0 = Debug|Win32
		{268973BD-4CD8-4DB1-8CE6-EE401A75D8F9}.Release|x64.ActiveCfg = Release|x64
		{268973BD-4CD8-4DB1-8CE6-EE401A75D8F9}.Release|x64.Build.0 = Release|x64
		{268973BD-4CD8-4DB1-8CE6-EE401A75D8F9}.Release|x86.ActiveCfg = Release|Win32
		{268973BD-4CD8-4DB1-8CE6-EE401A75D8F9}.Release|x86.Build.0 = Release|Win32
		{F870214F-BAEB-4D87-AE77-F96A0F902F47}.Debug|x64.ActiveCfg = Debug|x64
		{F870214F-BAEB-4D87-AE77-F96A0F902F47}.Debug|x64.Build.0 = Debug|x64
		{F870214F-BAEB-4D87-AE77-F96A0F902F47}.Debug|x86.ActiveCfg = Debug|Win32
		{F870214F-BAEB-4D87-AE77-F96A0F902F47}.Debug|x86.Build.0 = Debug|Win32
		{F870214F-BAEB-4D87-AE77-F96A0F902F47}.Release|x64.ActiveCfg = Release|x64
		{F870214F-BAEB-4D87-AE77-F96A0F902F47}.Release|x64.Build.0 = Release|x64
		{F870214F-BAEB-4D87-AE77-F96A0F902F47}.Release|x86.ActiveCfg = Release|Win32
		{F870214F-BAEB-4D87-AE77-F96A0F902F47}.Release|x86.Build.0 = Release|Win32
		{0AD3396C-90ED-4094-BEFC-3893BAE5F3AD}.Debug|x64.ActiveCfg = Debug|x64
		{0AD3396C-90ED-4094-BEFC-3893BAE5F3AD}.Debug|x64.Build.0 = Debug|x64
		{0AD3396C-90ED-4094-BEFC-3893BAE5F3AD}.Debug|x86.ActiveCfg = Debug|Win32
		{0AD3396C-90ED-4094-BEFC-3893BAE5F3AD}.Debug|x86.Build.0 = Debug|Win32
		{0AD3396C-90ED-4094-BEFC-3893BAE5F3AD}.Release|x64.ActiveCfg = Release|x64
		{0AD3396C-90ED-4094-BEFC-3893BAE5F3AD}.Release|x64.Build.0 = Release|x64
		{0AD3396C-90ED-4094-BEFC-3893BAE5F3AD}.Release|x86.ActiveCfg = Release|Win32
		{0AD3396C-90ED-4094-BEFC-3893BAE5F3AD}.Release|x86.Build.0 = Release|Win32
		{10E7ED05-44C7-43A8-BCB6-6DC0CE3B1BE9}.Debug|x64.ActiveCfg = Debug|x64
		{10E7ED05-44C7-43A8-BCB6-6DC0CE3B1BE9}.Debug|x64.Build.0 = Debug|x64
		{10E7ED05-44C7-43A8-BCB6-6DC0CE3B1BE9}.Debug|x86.ActiveCfg = Debug|Win32
		{10E7ED05-44C7-43A8-BCB6-6DC0CE3B1BE9}.Debug|x86.Build.0 = Debug|Win32
		{10E7ED05-44C7-43A8-BCB6-6DC0CE3B1BE9}.Release|x64.ActiveCfg = Release|x64
		{10E7ED05-44C7-43A8-BCB6-6DC0CE3B1BE9}.Release|x64.Build.0 = Release|x64
		{10E7ED05-44C7-43A8-BCB6-6DC0CE3B1BE9}.Release|x86.ActiveCfg = Release|Win32
		{10E7ED05-44C7-43A8-BCB6-6DC0CE3B1BE9}.Release|x86.Build.0 = Release|Win32
		{E9D58FFC-B602-46E4-BCA2-B45692814642}.Debug|x64.ActiveCfg = Debug|x64
		{E9D58FFC-B602-46E4-BCA2-B45692814642}.Debug|x64.Build.0 = Debug|x64
		{E9D58FFC-B602-46E4-BCA2-B45692814642}.Debug|x86.ActiveCfg = Debug|Win32
		{E9D58FFC-B602-46E4-BCA2-B45692814642}.Debug|x86.Build.0 = Debug|Win32
		{E9D58FFC-B602-46E4-BCA2-B45692814642}.Release|x64.ActiveCfg = Release|x64
		{E9D58FFC-B602-46E4-BCA2-B45692814642}.Release|x64.Build.0 = Release|x64
		{E9D58FFC-B602-46E4-BCA2-B45692814642}.Release|x86.ActiveCfg = Release|Win32
		{E9D58FFC-B602-46E4-BCA2-B45692814642}.Release|x86.Build.0 = Release|Win32
		{64CAAD4C-6149-4337-92BC-DD3C43D6DABE}.Debug|x64.ActiveCfg = Debug|x64
		{64CAAD4C-6149-4337-92BC-DD3C43D6DABE}.Debug|x64.Build.0 = Debug|x64
		{64CAAD4C-6149-4337-92BC-DD3C43D6DABE}.Debug|x86.ActiveCfg = Debug|Win32
		{64CAAD4C-6149-4337-92BC-DD3C43D6DABE}.Debug|x86.Build.0 = Debug|Win32
		{64CAAD4C-6149-4337-92BC-DD3C43D6DABE}.Release|x64.ActiveCfg = Release|x64
		{64CAAD4C-6149-4337-92BC-DD3C43D6DABE}.Release|x64.Build.0 = Release|x64
		{64CAAD4C-6149-4337-92BC-DD3C43D6DABE}.Release|x86.ActiveCfg = Release|Win32
		{64CAAD4C-6149-4337-92BC-DD3C43D6DABE}.Release|x86.Build.0 = Release|Win32
		{E66DDD0E-D17D-43EB-B1A8-A96C6B34A8C3}.Debug|x64.ActiveCfg = Debug|x64
		{E66DDD0E-D17D-43EB-B1A8-A96C6B34A8C3}.Debug|x64.Build.0 = Debug|x64
		{E66DDD0E-D17D-43EB-B1A8-A96C6B34A8C3}.Debug|x86.ActiveCfg = Debug|Win32
		{E66DDD0E-D17D-43EB-B1A8-A96C6B34A8C3}.Debug|x86.Build.0 = Debug|Win32
		{E66DDD0E-D17D-43EB-B1A8-A96C6B34A8C3}.Release|x64.ActiveCfg = Release|x64
		{E66DDD0E-D17D-43EB-B1A8-A96C6B34A8C3}.Release|x64.Build.0 = Release|x64
		{E66DDD0E-D17D-43EB-B1A8-A96C6B34A8C3}.Release|x86.ActiveCfg = Release|Win32
		{E66DDD0E-D17D-43EB-B1A8-A96C6B34A8C3}.Release|x86.Build.0 = Release|Win32
		{80AF2733-3161-4BD1-9041-934BD893FF61}.Debug|x64.ActiveCfg = Debug|x64
		{80AF2733-3161-4BD1-9041-934BD893FF61}.Debug|x64.Build.0 = Debug|x64
		{80AF2733-3161-4BD1-9041-934BD893FF61}.Debug|x86.ActiveCfg = Debug|Win32
		{80AF2733-3161-4BD1-9041-934BD893FF61}.Debug|x86.Build.0 = Debug|Win32
		{80AF2733-3161-4BD1-9041-934BD893FF61}.Release|x64.ActiveCfg = Release|x64
		{80AF2733-3161-4BD1-9041-934BD893FF61}.Release|x64.Build.0 = Release|x64
		{80AF2733-3161-4BD1-9041-934BD893FF61}.Release|x86.ActiveCfg = Release|Win32
		{80AF2733-3161-4BD1-9041-934BD893FF61}.Release|x86.Build.0 = Release|Win32
		{9D594713-2483-4B62-8C55-C7C071146154}.Debug|x64.ActiveCfg = Debug|x64
		{9D594713-2483-4B62-8C55-C7C071146154}.Debug|x64.Build.0 = Debug|x64
		{9D594713-2483-4B62-8C55-C7C071146154}.Debug|x86.ActiveCfg = Debug|Win32
		{9D594713-2483-4B62-8C55-C7C071146154}.Debug|x86.Build.0 = Debug|Win32
		{9D594713-2483-4B62-8C55-C7C071146154}.Release|x64.ActiveCfg = Release|x64
		{9D594713-2483-4B62-8C55-C7C071146154}.Release|x64.Build.0 = Release|x64
		{9D594713-2483-4B62-8C55-C7C071146154}.Release|x86.ActiveCfg = Release|Win32
		{9D594713-2483-4B62-8C55-C7C071146154}.Release|x86.Build.0 = Release|Win32
		{B3C9042D-8F2F-4752-8C24-3644851B979A}.Debug|x64.ActiveCfg = Debug|x64
		{B3C9042D-8F2F-4752-8C24-3644851B979A}.Debug|x64.Build.0 = Debug|x64
		{B3C9042D-8F2F-4752-8C24-3644851B979A}.Debug|x86.ActiveCfg = Debug|Win32
		{B3C9042D-8F2F-4752-8C24-3644851B979A}.Debug|x86.Build.0 = Debug|Win32
		{B3C9042D-8F2F-4752-8C24-3644851B979A}.Release|x64.ActiveCfg = Release|x64
		{B3C9042D-8F2F-4752-8C24-3644851B979A}.Release|x64.Build.0 = Release|x64
		{B3C9042D-8F2F-4752-8C24-3644851B979A}.Release|x86.ActiveCfg = Release|Win32
		{B3C9042D-8F2F-4752-8C24-3644851B979A}.Release|x86.Build.0 = Release|Win32
		{CB870409-C5AB-4D63-934A-077B3F5033E1}.Debug|x64.ActiveCfg = Debug|x64
		{CB870409-C5AB-4D63-934A-077B3F5033E1}.Debug|x64.Build.0 = Debug|x64
		{CB870409-C5AB-4D63-934A-077B3F5033E1}.Debug|x86.ActiveCfg = Debug|Win32
		{CB870409-C5AB-4D63-934A-077B3F5033E1}.Debug|x86.Build.0 = Debug|Win32
		{CB870409-C5AB-4D63-934A-077B3F5033E1}.Release|x64.ActiveCfg = Release|x64
		{CB870409-C5AB-4D63-934A-077B3F5033E1}.Release|x64.Build.0 = Release|x64
		{CB870409-C5AB-4D63-934A-077B3F5033E1}.Release|x86.ActiveCfg = Release|Win32
		{CB870409-C5AB-4D63-934A-077B3F5033E1}.Release|x86.Build.0 = Release|Win32
		{43C67746-D754-4CD3-8130-466F99FA9C22}.Debug|x64.ActiveCfg = Debug|x64
		{43C67746-D754-4CD3-8130-466F99FA9C22}.Debug|x64.Build.0 = Debug|x64
		{43C67746-D754-4CD3-8130-466F99FA9C22}.Debug|x86.ActiveCfg = Debug|Win32
		{43C67746-D754-4CD3-8130-466F99FA9C22}.Debug|x86.Build.0 = Debug|Win32
		{43C67746-D754-4CD3-8130-466F99FA9C22}.Release|x64.ActiveCfg = Release|x64
		{43C67746-D754-4CD3-8130-466F99FA9C22}.Release|x64.Build.0 = Release|x64
		{43C67746-D754-4CD3-8130-466F99FA9C22}.Release|x86.ActiveCfg = Release|Win32
		{43C67746-D754-4CD3-8130-466F99FA9C22}.Release|x86.Build.0 = Release|Win32
		{322A9201-F9D4-4014-8C3C-0219F93DD03B}.Debug|x64.ActiveCfg = Debug|x64
		{322A9201-F9D4-4014-8C3C-0219F93DD03B}.Debug|x64.Build.0 = Debug|x64
		{322A9201-F9D4-4014-8C3C-0219F93DD03B}.Debug|x86.ActiveCfg = Debug|Win32
		{322A9201-F9D4-4014-8C3C-0219F93DD03B}.Debug|x86.Build.0 = Debug|Win32
		{322A9201-F9D4-4014-8C3C-0219F93DD03B}.Release|x64.ActiveCfg = Release|x64
		{322A9201-F9D4-4014-8C3C-0219F93DD03B}.Release|x64.Build.0 = Release|x64
		{322A9201-F9D4-4014-8C3C-0219F93DD03B}.Release|x86.ActiveCfg = Release|Win32
		{322A9201-F9D4-4014-8C3C-0219F93DD03B}.Release|x86.Build.0 = Release|Win32
		{A1D7CA19-989A-4931-989A-5F835DB4C180}.Debug|x64.ActiveCfg = Debug|x64
		{A1D7CA19-989A-4931-989A-5F835DB4C180}.Debug|x64.Build.0 = Debug|x64
		{A1D7CA19-989A-4931-989A-5F835DB4C180}.Debug|x86.ActiveCfg = Debug|Win32
		{A1D7CA19-989A-4931-989A-5F835DB4C180}.Debug|x86.Build.0 = Debug|Win32
		{A1D7CA19-989A-4931-989A-5F835DB4C180}.Release|x64.ActiveCfg = Release|x64
		{A1D7CA19-989A-4931-989A-5F835DB4C180}.Release|x64.Build.0 = Release|x64
		{A1D7CA19-989A-4931-989A-5F835DB4C180}.Release|x86.ActiveCfg = Release|Win32
		{A1D7CA19-989A-4931-989A-5F835DB4C180}.Release|x86.Build.0 = Release|Win32
	EndGlobalSection
	GlobalSection(SolutionProperties) = preSolution
		HideSolutionNode = FALSE
	EndGlobalSection
	GlobalSection(NestedProjects) = preSolution
		{E4133084-0ED7-430F-B948-92D87489E4FA} = {725BD624-406B-4AB2-8EEE-17712CAD29C1}
		{D8ED845C-04C5-41FC-9196-0BF00352E4AD} = {02EA681E-C7D8-13C7-8484-4AC65E1B71E8}
		{4DC03D11-0322-49CF-8EFA-DE6DA253BC10} = {02EA681E-C7D8-13C7-8484-4AC65E1B71E8}
		{5A139D84-8571-4B00-8B56-885A73E68403} = {02EA681E-C7D8-13C7-8484-4AC65E1B71E8}
		{E2E55EB2-1907-42F6-81F5-92BFAAC56DA6} = {02EA681E-C7D8-13C7-8484-4AC65E1B71E8}
		{1CFFC144-97E1-4D09-964C-DC9EF51350C4} = {39259E21-101A-4020-ADF8-BF86F4C17046}
		{7CEEBE46-6195-4FDE-A17A-C0B55C830E8A} = {39259E21-101A-4020-ADF8-BF86F4C17046}
		{09F9BA7F-5CCC-4AFA-B5CD-EC8959196119} = {39259E21-101A-4020-ADF8-BF86F4C17046}
		{72EA2F2E-FAF4-48B2-A9B4-8F598348F626} = {39259E21-101A-4020-ADF8-BF86F4C17046}
		{C2C86DDD-9B69-4AD5-A542-5BF3D339F52A} = {39259E21-101A-4020-ADF8-BF86F4C17046}
		{E41C27A1-4755-4058-95F6-EDF5FDBC3C77} = {39259E21-101A-4020-ADF8-BF86F4C17046}
		{0270BC9A-B09A-4E5F-BAD6-8E2404DD391B} = {39259E21-101A-4020-ADF8-BF86F4C17046}
		{60C25694-5DEA-4CC5-A14B-92ABC1B8134F} = {39259E21-101A-4020-ADF8-BF86F4C17046}
		{DE10CCE7-222A-46BA-B1CD-9008D34405B5} = {39259E21-101A-4020-ADF8-BF86F4C17046}
		{1BC55BD0-A25F-450F-A638-29E45B4F0500} = {440B5FFD-F0C3-488D-8E3E-2DBF4F8554DB}
		{AE433118-3B13-4575-8BC8-7DBFBEEC072E} = {440B5FFD-F0C3-488D-8E3E-2DBF4F8554DB}
		{59109A89-E08F-46F1-A09F-54F5C093DE92} = {440B5FFD-F0C3-488D-8E3E-2DBF4F8554DB}
		{A675D822-C1EC-4C6A-B7DB-ED5EEDAEA0E9} = {440B5FFD-F0C3-488D-8E3E-2DBF4F8554DB}
		{291DC7F2-59F8-4333-9033-F6D40F623224} = {440B5FFD-F0C3-488D-8E3E-2DBF4F8554DB}
		{BFCC4DB9-0DE9-4D9E-9035-996BF06D9A4D} = {440B5FFD-F0C3-488D-8E3E-2DBF4F8554DB}
		{2D8FEDEB-6557-4C90-8246-B9EC14B8784A} = {F5C6687F-192F-4852-995E-37BF0342075B}
		{37EE2DE8-96AE-43C2-BAFD-D7CC5BCDBDB6} = {F5C6687F-192F-4852-995E-37BF0342075B}
		{0A132058-542A-4680-9B10-7E99D94C3E74} = {F5C6687F-192F-4852-995E-37BF0342075B}
		{2A0DBAE5-E9B0-4EEF-8260-E42CC283390F} = {F5C6687F-192F-4852-995E-37BF0342075B}
		{86E329E3-7359-4B00-B02B-9DC15B4C4E1E} = {F5C6687F-192F-4852-995E-37BF0342075B}
		{3DB453C7-4C07-411E-84CB-E77EC482B83E} = {F5C6687F-192F-4852-995E-37BF0342075B}
		{6242F8D8-219A-4DC3-9906-A6C03BB07FDF} = {F5C6687F-192F-4852-995E-37BF0342075B}
		{B4D1FA37-C8A8-4480-8F7B-3C59D28DCBF9} = {F5C6687F-192F-4852-995E-37BF0342075B}
		{210487E5-ABF7-4182-BF57-2131C9FB9BF9} = {F5C6687F-192F-4852-995E-37BF0342075B}
		{00CE3C22-46CD-4743-A541-98B1A545F04C} = {F5C6687F-192F-4852-995E-37BF0342075B}
		{0C8A0B3B-4E0C-4548-872E-563DCA62F061} = {F5C6687F-192F-4852-995E-37BF0342075B}
		{6ADA0B8C-E701-4A20-B35B-6C9C7A959E02} = {F5C6687F-192F-4852-995E-37BF0342075B}
		{6A154D4D-C1CD-451F-84F7-9B214398467B} = {F5C6687F-192F-4852-995E-37BF0342075B}
		{63756DE4-60B9-4CC8-9498-4445E8FBA34E} = {8C4F3155-7B9B-457F-8FDF-5DC2EA462487}
		{BDED5414-D27B-47AB-9515-C4F42345D503} = {8C4F3155-7B9B-457F-8FDF-5DC2EA462487}
		{2459CC2C-24DD-4921-A75D-C3AF2283D33C} = {8C4F3155-7B9B-457F-8FDF-5DC2EA462487}
		{10852D5F-6122-4F4F-B37B-B478A74F9A20} = {8C4F3155-7B9B-457F-8FDF-5DC2EA462487}
		{5DE7980F-6B41-42B2-B3D5-33E9E8400271} = {8C4F3155-7B9B-457F-8FDF-5DC2EA462487}
		{78273E71-8E89-42FF-8A84-DBCDD250C1F1} = {8C4F3155-7B9B-457F-8FDF-5DC2EA462487}
		{B0727BA4-AA2A-45CC-9C4E-4BBAE614A1AF} = {8C4F3155-7B9B-457F-8FDF-5DC2EA462487}
		{B221E05D-9BFF-4ABD-B1DD-20222DF74CD7} = {8C4F3155-7B9B-457F-8FDF-5DC2EA462487}
		{941E5E6D-AB4A-4323-A05A-543F3F35DAA3} = {8C4F3155-7B9B-457F-8FDF-5DC2EA462487}
		{0D7C33FB-12CB-4ADC-8AE4-5528D49478E4} = {8C4F3155-7B9B-457F-8FDF-5DC2EA462487}
		{7A1C4FCC-04E9-44E3-B0F3-07AD11C7C1E3} = {E8400B75-947C-4CE7-909E-38B7EAE2B80F}
		{32167832-46CA-4751-8941-DBB5517F43DC} = {E8400B75-947C-4CE7-909E-38B7EAE2B80F}
		{374FB314-C12C-4ED9-A035-598407A3B672} = {E8400B75-947C-4CE7-909E-38B7EAE2B80F}
		{1CE9CFA3-16BC-4974-97C8-78693523617F} = {E8400B75-947C-4CE7-909E-38B7EAE2B80F}
		{E9D32A33-2807-4423-BD1A-CB45465B93EC} = {A98D3221-A129-45AF-BFFB-2A6197166AC4}
		{268973BD-4CD8-4DB1-8CE6-EE401A75D8F9} = {A98D3221-A129-45AF-BFFB-2A6197166AC4}
		{F870214F-BAEB-4D87-AE77-F96A0F902F47} = {A98D3221-A129-45AF-BFFB-2A6197166AC4}
		{0AD3396C-90ED-4094-BEFC-3893BAE5F3AD} = {A98D3221-A129-45AF-BFFB-2A6197166AC4}
		{10E7ED05-44C7-43A8-BCB6-6DC0CE3B1BE9} = {A98D3221-A129-45AF-BFFB-2A6197166AC4}
		{E9D58FFC-B602-46E4-BCA2-B45692814642} = {A98D3221-A129-45AF-BFFB-2A6197166AC4}
		{64CAAD4C-6149-4337-92BC-DD3C43D6DABE} = {A98D3221-A129-45AF-BFFB-2A6197166AC4}
		{E66DDD0E-D17D-43EB-B1A8-A96C6B34A8C3} = {A98D3221-A129-45AF-BFFB-2A6197166AC4}
		{80AF2733-3161-4BD1-9041-934BD893FF61} = {A98D3221-A129-45AF-BFFB-2A6197166AC4}
		{9D594713-2483-4B62-8C55-C7C071146154} = {A98D3221-A129-45AF-BFFB-2A6197166AC4}
		{B3C9042D-8F2F-4752-8C24-3644851B979A} = {A98D3221-A129-45AF-BFFB-2A6197166AC4}
		{CB870409-C5AB-4D63-934A-077B3F5033E1} = {A98D3221-A129-45AF-BFFB-2A6197166AC4}
		{43C67746-D754-4CD3-8130-466F99FA9C22} = {7FB5EFF2-6C5D-4883-8D59-BED3586E5893}
		{322A9201-F9D4-4014-8C3C-0219F93DD03B} = {7FB5EFF2-6C5D-4883-8D59-BED3586E5893}
		{A1D7CA19-989A-4931-989A-5F835DB4C180} = {7FB5EFF2-6C5D-4883-8D59-BED3586E5893}
	EndGlobalSection
	GlobalSection(ExtensibilityGlobals) = postSolution
		SolutionGuid = {FF85CDE2-82DE-4ACB-83A4-998ECFF7B666}
	EndGlobalSection
EndGlobal
