
Microsoft Visual Studio Solution File, Format Version 12.00
# Visual Studio Version 17
VisualStudioVersion = 17.14.36511.14
MinimumVisualStudioVersion = 10.0.40219.1
Project("{2150E333-8FDC-42A3-9474-1A3956D46DE8}") = "Mod00", "Mod00", "{02EA681E-C7D8-13C7-8484-4AC65E1B71E8}"
EndProject
Project("{2150E333-8FDC-42A3-9474-1A3956D46DE8}") = "Mod01", "Mod01", "{39259E21-101A-4020-ADF8-BF86F4C17046}"
EndProject
Project("{2150E333-8FDC-42A3-9474-1A3956D46DE8}") = "Lab00", "Lab00", "{725BD624-406B-4AB2-8EEE-17712CAD29C1}"
EndProject
Project("{8BC9CEB8-8B4A-11D0-8D11-00A0C91BC942}") = "ConsoleApplication1", "Lab00\ConsoleApplication1\ConsoleApplication1.vcxproj", "{E4133084-0ED7-430F-B948-92D87489E4FA}"
EndProject
Project("{8BC9CEB8-8B4A-11D0-8D11-00A0C91BC942}") = "ConsoleOutput", "Mod00\ConsoleOutput\ConsoleOutput.vcxproj", "{D8ED845C-04C5-41FC-9196-0BF00352E4AD}"
EndProject
Project("{8BC9CEB8-8B4A-11D0-8D11-00A0C91BC942}") = "01_VersionInfo", "Mod00\ConsoleOutput\01_VersionInfo\01_VersionInfo.vcxproj", "{4DC03D11-0322-49CF-8EFA-DE6DA253BC10}"
EndProject
Project("{8BC9CEB8-8B4A-11D0-8D11-00A0C91BC942}") = "02_StreamsCinCerr", "Mod00\ConsoleOutput\02_StreamsCinCerr\02_StreamsCinCerr.vcxproj", "{5A139D84-8571-4B00-8B56-885A73E68403}"
EndProject
Project("{8BC9CEB8-8B4A-11D0-8D11-00A0C91BC942}") = "03_EndlVsNewline", "Mod00\ConsoleOutput\03_EndlVsNewline\03_EndlVsNewline.vcxproj", "{E2E55EB2-1907-42F6-81F5-92BFAAC56DA6}"
EndProject
Project("{2150E333-8FDC-42A3-9474-1A3956D46DE8}") = "Lab01", "Lab01", "{440B5FFD-F0C3-488D-8E3E-2DBF4F8554DB}"
EndProject
Project("{2150E333-8FDC-42A3-9474-1A3956D46DE8}") = "Mod02", "Mod02", "{309F25D1-B2F1-4376-A359-19DA75EF5288}"
EndProject
Project("{2150E333-8FDC-42A3-9474-1A3956D46DE8}") = "Mod03", "Mod03", "{D058619A-EF49-42E8-BF08-54804471A1B3}"
EndProject
Project("{8BC9CEB8-8B4A-11D0-8D11-00A0C91BC942}") = "01_Const", "Mod01\01_Const\01_Const.vcxproj", "{1CFFC144-97E1-4D09-964C-DC9EF51350C4}"
EndProject
Project("{8BC9CEB8-8B4A-11D0-8D11-00A0C91BC942}") = "02_Format", "Mod01\02_Format\02_Format.vcxproj", "{7CEEBE46-6195-4FDE-A17A-C0B55C830E8A}"
EndProject
Project("{8BC9CEB8-8B4A-11D0-8D11-00A0C91BC942}") = "03_Types", "Mod01\03_Types\03_Types.vcxproj", "{09F9BA7F-5CCC-4AFA-B5CD-EC8959196119}"
EndProject
Project("{8BC9CEB8-8B4A-11D0-8D11-00A0C91BC942}") = "04_Types", "Mod01\04_Types\04_Types.vcxproj", "{72EA2F2E-FAF4-48B2-A9B4-8F598348F626}"
EndProject
Project("{8BC9CEB8-8B4A-11D0-8D11-00A0C91BC942}") = "05_Types", "Mod01\05_Types\05_Types.vcxproj", "{C2C86DDD-9B69-4AD5-A542-5BF3D339F52A}"
EndProject
Project("{8BC9CEB8-8B4A-11D0-8D11-00A0C91BC942}") = "00_Prog", "Mod01\00_Prog\00_Prog.vcxproj", "{E41C27A1-4755-4058-95F6-EDF5FDBC3C77}"
EndProject
Project("{8BC9CEB8-8B4A-11D0-8D11-00A0C91BC942}") = "06_Const", "Mod01\06_Const\06_Const.vcxproj", "{0270BC9A-B09A-4E5F-BAD6-8E2404DD391B}"
EndProject
Project("{8BC9CEB8-8B4A-11D0-8D11-00A0C91BC942}") = "07_Out", "Mod01\07_Out\07_Out.vcxproj", "{60C25694-5DEA-4CC5-A14B-92ABC1B8134F}"
EndProject
Project("{8BC9CEB8-8B4A-11D0-8D11-00A0C91BC942}") = "08_In", "Mod01\08_In\08_In.vcxproj", "{DE10CCE7-222A-46BA-B1CD-9008D34405B5}"
EndProject
Project("{8BC9CEB8-8B4A-11D0-8D11-00A0C91BC942}") = "11_inout", "Lab01\11_inout\11_inout.vcxproj", "{1BC55BD0-A25F-450F-A638-29E45B4F0500}"
EndProject
Project("{8BC9CEB8-8B4A-11D0-8D11-00A0C91BC942}") = "12_types", "Lab01\12_types\12_types.vcxproj", "{AE433118-3B13-4575-8BC8-7DBFBEEC072E}"
EndProject
Project("{8BC9CEB8-8B4A-11D0-8D11-00A0C91BC942}") = "13_fmt", "Lab01\13_fmt\13_fmt.vcxproj", "{59109A89-E08F-46F1-A09F-54F5C093DE92}"
EndProject
Project("{8BC9CEB8-8B4A-11D0-8D11-00A0C91BC942}") = "13_fmt2", "Lab01\13_fmt2\13_fmt2.vcxproj", "{A675D822-C1EC-4C6A-B7DB-ED5EEDAEA0E9}"
EndProject
Project("{8BC9CEB8-8B4A-11D0-8D11-00A0C91BC942}") = "14_treug", "Lab01\14_treug\14_treug.vcxproj", "{291DC7F2-59F8-4333-9033-F6D40F623224}"
EndProject
Project("{8BC9CEB8-8B4A-11D0-8D11-00A0C91BC942}") = "15_polygon", "Lab01\15_polygon\15_polygon.vcxproj", "{BFCC4DB9-0DE9-4D9E-9035-996BF06D9A4D}"
EndProject
Project("{2150E333-8FDC-42A3-9474-1A3956D46DE8}") = "Lab02", "Lab02", "{F5C6687F-192F-4852-995E-37BF0342075B}"
EndProject
Project("{8BC9CEB8-8B4A-11D0-8D11-00A0C91BC942}") = "21_Point", "Lab02\21_Point\21_Point.vcxproj", "{2D8FEDEB-6557-4C90-8246-B9EC14B8784A}"
EndProject
Project("{8BC9CEB8-8B4A-11D0-8D11-00A0C91BC942}") = "21_Choice", "Lab02\21_Choice\21_Choice.vcxproj", "{37EE2DE8-96AE-43C2-BAFD-D7CC5BCDBDB6}"
EndProject
Project("{8BC9CEB8-8B4A-11D0-8D11-00A0C91BC942}") = "21_Choice2", "Lab02\21_Choice2\21_Choice2.vcxproj", "{0A132058-542A-4680-9B10-7E99D94C3E74}"
EndProject
Project("{8BC9CEB8-8B4A-11D0-8D11-00A0C91BC942}") = "22_Sin", "Lab02\22_Sin\22_Sin.vcxproj", "{2A0DBAE5-E9B0-4EEF-8260-E42CC283390F}"
EndProject
Project("{8BC9CEB8-8B4A-11D0-8D11-00A0C91BC942}") = "22_GCD", "Lab02\22_GCD\22_GCD.vcxproj", "{86E329E3-7359-4B00-B02B-9DC15B4C4E1E}"
EndProject
Project("{8BC9CEB8-8B4A-11D0-8D11-00A0C91BC942}") = "22_Vs", "Lab02\22_Vs\22_Vs.vcxproj", "{3DB453C7-4C07-411E-84CB-E77EC482B83E}"
EndProject
Project("{8BC9CEB8-8B4A-11D0-8D11-00A0C91BC942}") = "22_Vs2", "Lab02\22_Vs2\22_Vs2.vcxproj", "{6242F8D8-219A-4DC3-9906-A6C03BB07FDF}"
EndProject
Project("{8BC9CEB8-8B4A-11D0-8D11-00A0C91BC942}") = "23_Iter", "Lab02\23_Iter\23_Iter.vcxproj", "{B4D1FA37-C8A8-4480-8F7B-3C59D28DCBF9}"
EndProject
Project("{8BC9CEB8-8B4A-11D0-8D11-00A0C91BC942}") = "24_Sum", "Lab02\24_Sum\24_Sum.vcxproj", "{210487E5-ABF7-4182-BF57-2131C9FB9BF9}"
EndProject
Project("{8BC9CEB8-8B4A-11D0-8D11-00A0C91BC942}") = "25_SPrime", "Lab02\25_SPrime\25_SPrime.vcxproj", "{00CE3C22-46CD-4743-A541-98B1A545F04C}"
EndProject
Project("{8BC9CEB8-8B4A-11D0-8D11-00A0C91BC942}") = "25_snils", "Lab02\25_snils\25_snils.vcxproj", "{0C8A0B3B-4E0C-4548-872E-563DCA62F061}"
EndProject
Project("{8BC9CEB8-8B4A-11D0-8D11-00A0C91BC942}") = "25_coin", "Lab02\25_coin\25_coin.vcxproj", "{6ADA0B8C-E701-4A20-B35B-6C9C7A959E02}"
EndProject
Project("{8BC9CEB8-8B4A-11D0-8D11-00A0C91BC942}") = "25_Shooting", "Lab02\25_Shooting\25_Shooting.vcxproj", "{6A154D4D-C1CD-451F-84F7-9B214398467B}"
EndProject
Project("{2150E333-8FDC-42A3-9474-1A3956D46DE8}") = "Lab03", "Lab03", "{8C4F3155-7B9B-457F-8FDF-5DC2EA462487}"
EndProject
Project("{8BC9CEB8-8B4A-11D0-8D11-00A0C91BC942}") = "31_Privet", "Lab03\31_Privet\31_Privet.vcxproj", "{63756DE4-60B9-4CC8-9498-4445E8FBA34E}"
EndProject
Project("{8BC9CEB8-8B4A-11D0-8D11-00A0C91BC942}") = "32_Privet2", "Lab03\32_Privet2\32_Privet2.vcxproj", "{BDED5414-D27B-47AB-9515-C4F42345D503}"
EndProject
Project("{8BC9CEB8-8B4A-11D0-8D11-00A0C91BC942}") = "33_PrivetP", "Lab03\33_PrivetP\33_PrivetP.vcxproj", "{2459CC2C-24DD-4921-A75D-C3AF2283D33C}"
EndProject
Project("{8BC9CEB8-8B4A-11D0-8D11-00A0C91BC942}") = "33_BinSearch", "Lab03\33_BinSearch\33_BinSearch.vcxproj", "{10852D5F-6122-4F4F-B37B-B478A74F9A20}"
EndProject
Project("{8BC9CEB8-8B4A-11D0-8D11-00A0C91BC942}") = "34_Sum", "Lab03\34_Sum\34_Sum.vcxproj", "{5DE7980F-6B41-42B2-B3D5-33E9E8400271}"
EndProject
Project("{8BC9CEB8-8B4A-11D0-8D11-00A0C91BC942}") = "35_Euclid", "Lab03\35_Euclid\35_Euclid.vcxproj", "{78273E71-8E89-42FF-8A84-DBCDD250C1F1}"
EndProject
Project("{8BC9CEB8-8B4A-11D0-8D11-00A0C91BC942}") = "36_Snils", "Lab03\36_Snils\36_Snils.vcxproj", "{B0727BA4-AA2A-45CC-9C4E-4BBAE614A1AF}"
EndProject
Project("{8BC9CEB8-8B4A-11D0-8D11-00A0C91BC942}") = "37_Kub", "Lab03\37_Kub\37_Kub.vcxproj", "{B221E05D-9BFF-4ABD-B1DD-20222DF74CD7}"
EndProject
Project("{8BC9CEB8-8B4A-11D0-8D11-00A0C91BC942}") = "38_Treug", "Lab03\38_Treug\38_Treug.vcxproj", "{941E5E6D-AB4A-4323-A05A-543F3F35DAA3}"
EndProject
Project("{8BC9CEB8-8B4A-11D0-8D11-00A0C91BC942}") = "39_Bin", "Lab03\39_Bin\39_Bin.vcxproj", "{0D7C33FB-12CB-4ADC-8AE4-5528D49478E4}"
EndProject
Project("{2150E333-8FDC-42A3-9474-1A3956D46DE8}") = "Lab04", "Lab04", "{E8400B75-947C-4CE7-909E-38B7EAE2B80F}"
EndProject
Project("{8BC9CEB8-8B4A-11D0-8D11-00A0C91BC942}") = "41_Param", "Lab04\41_Param\41_Param.vcxproj", "{7A1C4FCC-04E9-44E3-B0F3-07AD11C7C1E3}"
EndProject
Project("{8BC9CEB8-8B4A-11D0-8D11-00A0C91BC942}") = "42_Swap", "Lab04\42_Swap\42_Swap.vcxproj", "{32167832-46CA-4751-8941-DBB5517F43DC}"
EndProject
Project("{8BC9CEB8-8B4A-11D0-8D11-00A0C91BC942}") = "43_Roots", "Lab04\43_Roots\43_Roots.vcxproj", "{374FB314-C12C-4ED9-A035-598407A3B672}"
EndProject
Project("{8BC9CEB8-8B4A-11D0-8D11-00A0C91BC942}") = "44_Input", "Lab04\44_Input\44_Input.vcxproj", "{1CE9CFA3-16BC-4974-97C8-78693523617F}"
EndProject
Project("{2150E333-8FDC-42A3-9474-1A3956D46DE8}") = "Lab05", "Lab05", "{A98D3221-A129-45AF-BFFB-2A6197166AC4}"
EndProject
Project("{8BC9CEB8-8B4A-11D0-8D11-00A0C91BC942}") = "51_Massiv", "Lab05\51_Massiv\51_Massiv.vcxproj", "{E9D32A33-2807-4423-BD1A-CB45465B93EC}"
EndProject
Project("{8BC9CEB8-8B4A-11D0-8D11-00A0C91BC942}") = "52_ArraySort", "Lab05\52_ArraySort\52_ArraySort.vcxproj", "{268973BD-4CD8-4DB1-8CE6-EE401A75D8F9}"
EndProject
Project("{8BC9CEB8-8B4A-11D0-8D11-00A0C91BC942}") = "53_ArrSortPtr", "Lab05\53_ArrSortPtr\53_ArrSortPtr.vcxproj", "{F870214F-BAEB-4D87-AE77-F96A0F902F47}"
EndProject
Project("{8BC9CEB8-8B4A-11D0-8D11-00A0C91BC942}") = "53_ArrSortPtrNoSwitch", "Lab05\53_ArrSortPtrNoSwitch\53_ArrSortPtrNoSwitch.vcxproj", "{0AD3396C-90ED-4094-BEFC-3893BAE5F3AD}"
EndProject
Project("{8BC9CEB8-8B4A-11D0-8D11-00A0C91BC942}") = "54_DynamArraySort", "Lab05\54_DynamArraySort\54_DynamArraySort.vcxproj", "{10E7ED05-44C7-43A8-BCB6-6DC0CE3B1BE9}"
EndProject
Project("{8BC9CEB8-8B4A-11D0-8D11-00A0C91BC942}") = "55_ToFixedArray", "Lab05\55_ToFixedArray\55_ToFixedArray.vcxproj", "{E9D58FFC-B602-46E4-BCA2-B45692814642}"
EndProject
Project("{8BC9CEB8-8B4A-11D0-8D11-00A0C91BC942}") = "55_ToVector", "Lab05\55_ToVector\55_ToVector.vcxproj", "{64CAAD4C-6149-4337-92BC-DD3C43D6DABE}"
EndProject
Project("{8BC9CEB8-8B4A-11D0-8D11-00A0C91BC942}") = "56_ArrToFunc", "Lab05\56_ArrToFunc\56_ArrToFunc.vcxproj", "{E66DDD0E-D17D-43EB-B1A8-A96C6B34A8C3}"
EndProject
Project("{8BC9CEB8-8B4A-11D0-8D11-00A0C91BC942}") = "57_ArrFromFunc", "Lab05\57_ArrFromFunc\57_ArrFromFunc.vcxproj", "{80AF2733-3161-4BD1-9041-934BD893FF61}"
EndProject
Project("{8BC9CEB8-8B4A-11D0-8D11-00A0C91BC942}") = "58_FindTranspose", "Lab05\58_FindTranspose\58_FindTranspose.vcxproj", "{9D594713-2483-4B62-8C55-C7C071146154}"
EndProject
Project("{8BC9CEB8-8B4A-11D0-8D11-00A0C91BC942}") = "59_ProgArgs", "Lab05\59_ProgArgs\59_ProgArgs.vcxproj", "{B3C9042D-8F2F-4752-8C24-3644851B979A}"
EndProject
Project("{8BC9CEB8-8B4A-11D0-8D11-00A0C91BC942}") = "59_ProgArgsFunc", "Lab05\59_ProgArgsFunc\59_ProgArgsFunc.vcxproj", "{CB870409-C5AB-4D63-934A-077B3F5033E1}"
EndProject
Project("{2150E333-8FDC-42A3-9474-1A3956D46DE8}") = "Lab06", "Lab06", "{7FB5EFF2-6C5D-4883-8D59-BED3586E5893}"
EndProject
Project("{8BC9CEB8-8B4A-11D0-8D11-00A0C91BC942}") = "61_ReadWriteBin", "Lab06\61_ReadWriteBin\61_ReadWriteBin.vcxproj", "{43C67746-D754-4CD3-8130-466F99FA9C22}"
EndProject
Project("{8BC9CEB8-8B4A-11D0-8D11-00A0C91BC942}") = "62_Stih", "Lab06\62_Stih\62_Stih.vcxproj", "{322A9201-F9D4-4014-8C3C-0219F93DD03B}"
EndProject
Project("{8BC9CEB8-8B4A-11D0-8D11-00A0C91BC942}") = "63_DumpArr", "Lab06\63_DumpArr\63_DumpArr.vcxproj", "{A1D7CA19-989A-4931-989A-5F835DB4C180}"
EndProject
Project("{2150E333-8FDC-42A3-9474-1A3956D46DE8}") = "Lab07", "Lab07", "{5319396E-9679-4552-A757-CFEE44DBF707}"
EndProject
Project("{8BC9CEB8-8B4A-11D0-8D11-00A0C91BC942}") = "71_FeetInch", "Lab07\71_FeetInch\71_FeetInch.vcxproj", "{F81CAF45-B984-4B25-839D-6D2E00134393}"
EndProject
Project("{8BC9CEB8-8B4A-11D0-8D11-00A0C91BC942}") = "72_StructToFunc", "Lab07\72_StructToFunc\72_StructToFunc.vcxproj", "{9DF5962D-0416-4E20-842A-A26D0DAAA243}"
EndProject
Project("{8BC9CEB8-8B4A-11D0-8D11-00A0C91BC942}") = "73_StructArr", "Lab07\73_StructArr\73_StructArr.vcxproj", "{A8B7B020-BEC1-453D-94E6-1650B2C6C262}"
EndProject
Project("{8BC9CEB8-8B4A-11D0-8D11-00A0C91BC942}") = "74_TupThree", "Lab07\74_TupThree\74_TupThree.vcxproj", "{64A7C719-72DC-4A19-B61E-2FBDD1A850A6}"
EndProject
Project("{8BC9CEB8-8B4A-11D0-8D11-00A0C91BC942}") = "75_TupFromFunc", "Lab07\75_TupFromFunc\75_TupFromFunc.vcxproj", "{CA205629-AE8F-4311-AE03-EE88842C48D2}"
EndProject
Project("{8BC9CEB8-8B4A-11D0-8D11-00A0C91BC942}") = "76_Time", "Lab07\76_Time\76_Time.vcxproj", "{17343444-D753-485A-B888-0EE6039A5A4D}"
EndProject
Project("{8BC9CEB8-8B4A-11D0-8D11-00A0C91BC942}") = "77_QuadStruct", "Lab07\77_QuadStruct\77_QuadStruct.vcxproj", "{4F1B22FF-A4E6-4ABA-9520-AF87BE575F4E}"
EndProject
Project("{8BC9CEB8-8B4A-11D0-8D11-00A0C91BC942}") = "78_QuadTuple", "Lab07\78_QuadTuple\78_QuadTuple.vcxproj", "{11D9A7AB-81A3-4D4A-A8CF-EF8F6272F620}"
EndProject
Project("{2150E333-8FDC-42A3-9474-1A3956D46DE8}") = "Lab08", "Lab08", "{5AC4B8CE-78E5-4A3B-A388-E82D18AE68D5}"
EndProject
Project("{8BC9CEB8-8B4A-11D0-8D11-00A0C91BC942}") = "81_Student", "Lab08\81_Student\81_Student.vcxproj", "{AB8F7F11-52B0-41FD-8653-F5D50EB02315}"
EndProject
Project("{8BC9CEB8-8B4A-11D0-8D11-00A0C91BC942}") = "82_StudentClass", "Lab08\82_StudentClass\82_StudentClass.vcxproj", "{D0223C67-7747-4EC8-9FA2-DC2067AE7CC7}"
EndProject
Project("{8BC9CEB8-8B4A-11D0-8D11-00A0C91BC942}") = "83_StudentHeap", "Lab08\83_StudentHeap\83_StudentHeap.vcxproj", "{9132F134-EDF5-4DD2-A3BB-BDFB8B0DDC62}"
EndProject
Project("{8BC9CEB8-8B4A-11D0-8D11-00A0C91BC942}") = "84_StudentCtr", "Lab08\84_StudentCtr\84_StudentCtr.vcxproj", "{969E3EF9-3AFF-4A53-A88A-52CB4AA4BB23}"
EndProject
Project("{8BC9CEB8-8B4A-11D0-8D11-00A0C91BC942}") = "85_StudentF", "Lab08\85_StudentF\85_StudentF.vcxproj", "{B2B88792-3DB8-4120-9897-2CBFB95BFFC6}"
EndProject
Project("{8BC9CEB8-8B4A-11D0-8D11-00A0C91BC942}") = "86_Time", "Lab08\86_Time\86_Time.vcxproj", "{F77EA7D1-E386-4441-94ED-B7D9D34A3E9B}"
EndProject
Project("{2150E333-8FDC-42A3-9474-1A3956D46DE8}") = "Lab09", "Lab09", "{89FF8451-97C3-4713-9C98-66EA2CD139EC}"
EndProject
Project("{8BC9CEB8-8B4A-11D0-8D11-00A0C91BC942}") = "91_DivZero", "Lab09\91_DivZero\91_DivZero.vcxproj", "{52D55756-FACC-4874-9BBC-92EBBBA6F1D0}"
EndProject
Project("{8BC9CEB8-8B4A-11D0-8D11-00A0C91BC942}") = "92_DivLoop", "Lab09\92_DivLoop\92_DivLoop.vcxproj", "{E9A48EFF-8842-40C9-8058-569D0E5EC497}"
EndProject
Project("{8BC9CEB8-8B4A-11D0-8D11-00A0C91BC942}") = "93_ExceptParam", "Lab09\93_ExceptParam\93_ExceptParam.vcxproj", "{8B59D213-C46F-44B1-A4F2-B3E1D7AC7B6E}"
EndProject
Project("{8BC9CEB8-8B4A-11D0-8D11-00A0C91BC942}") = "94_Treug", "Lab09\94_Treug\94_Treug.vcxproj", "{CB4DC724-BA4B-425C-B79C-78039B4E835A}"
EndProject
Project("{8BC9CEB8-8B4A-11D0-8D11-00A0C91BC942}") = "95_Time", "Lab09\95_Time\95_Time.vcxproj", "{4BCCAC4D-0292-435E-B8D3-F0E209D82923}"
EndProject
Project("{2150E333-8FDC-42A3-9474-1A3956D46DE8}") = "Lab10", "Lab10", "{486803F3-D572-407C-A565-0AF4DCAABF04}"
EndProject
Project("{8BC9CEB8-8B4A-11D0-8D11-00A0C91BC942}") = "101_Student", "Lab10\101_Student\101_Student.vcxproj", "{145C888E-F08C-4877-80D0-DCF52FB33FBD}"
EndProject
Project("{8BC9CEB8-8B4A-11D0-8D11-00A0C91BC942}") = "102_Student", "Lab10\102_Student\102_Student.vcxproj", "{0455C316-5720-4CB3-9D08-3B954BEF71BB}"
EndProject
Project("{8BC9CEB8-8B4A-11D0-8D11-00A0C91BC942}") = "103_Treug", "Lab10\103_Treug\103_Treug.vcxproj", "{1803B88E-2919-426B-AD2D-5FB29DC12BDB}"
EndProject
Project("{2150E333-8FDC-42A3-9474-1A3956D46DE8}") = "Lab11", "Lab11", "{25124327-A69A-4C18-8B55-CBD479D20F1D}"
EndProject
Project("{8BC9CEB8-8B4A-11D0-8D11-00A0C91BC942}") = "111_Distance", "Lab11\111_Distance\111_Distance.vcxproj", "{34B72454-A77E-4653-BFBB-C817CC80984B}"
EndProject
Project("{8BC9CEB8-8B4A-11D0-8D11-00A0C91BC942}") = "112_Distance2", "Lab11\112_Distance2\112_Distance2.vcxproj", "{2713FB8C-ACCD-43D2-970F-AB1614E9E0DB}"
EndProject
Project("{8BC9CEB8-8B4A-11D0-8D11-00A0C91BC942}") = "114_Student", "Lab11\114_Student\114_Student.vcxproj", "{BB34C918-210F-483B-A0F2-05646C49084D}"
EndProject
Project("{8BC9CEB8-8B4A-11D0-8D11-00A0C91BC942}") = "113_Distance3", "Lab11\113_Distance3\113_Distance3.vcxproj", "{E249D90C-716F-48A5-8617-47F281048591}"
EndProject
Project("{8BC9CEB8-8B4A-11D0-8D11-00A0C91BC942}") = "115_Time", "Lab11\115_Time\115_Time.vcxproj", "{F73DFAB1-6CC3-4C04-8FD4-5A8643A72924}"
EndProject
Project("{8BC9CEB8-8B4A-11D0-8D11-00A0C91BC942}") = "116_Point", "Lab11\116_Point\116_Point.vcxproj", "{80029534-A20B-4A65-8A19-1453E744971D}"
EndProject
Project("{2150E333-8FDC-42A3-9474-1A3956D46DE8}") = "Lab12", "Lab12", "{14BFEB95-D69C-4E49-8834-195831DDE0BF}"
EndProject
Project("{8BC9CEB8-8B4A-11D0-8D11-00A0C91BC942}") = "121_SchoolCpp", "Lab12\121_SchoolCpp\121_SchoolCpp.vcxproj", "{E91F212A-ECB0-4C73-A9E0-06CCB383D1F1}"
EndProject
Project("{8BC9CEB8-8B4A-11D0-8D11-00A0C91BC942}") = "122_SchoolCpp", "Lab12\122_SchoolCpp\122_SchoolCpp.vcxproj", "{80DCE053-D6B3-46DE-B2CC-FD197F4CACF6}"
EndProject
Project("{8BC9CEB8-8B4A-11D0-8D11-00A0C91BC942}") = "123_SchoolCpp", "Lab12\123_SchoolCpp\123_SchoolCpp.vcxproj", "{63F3352C-C4BB-4C37-AF8B-F2EE43CADBFA}"
EndProject
Project("{2150E333-8FDC-42A3-9474-1A3956D46DE8}") = "Lab13", "Lab13", "{A63B49E1-454D-427B-880F-658DCA7D59E6}"
EndProject
Project("{8BC9CEB8-8B4A-11D0-8D11-00A0C91BC942}") = "131_Paperbook", "Lab13\131_Paperbook\131_Paperbook.vcxproj", "{E2FD8396-16F7-448F-B139-74FE19C30B1D}"
EndProject
Project("{8BC9CEB8-8B4A-11D0-8D11-00A0C91BC942}") = "132_Vehicle", "Lab13\132_Vehicle\132_Vehicle.vcxproj", "{9CA01814-BF9E-44A8-8EAF-27A1C0FD0B4F}"
EndProject
Project("{8BC9CEB8-8B4A-11D0-8D11-00A0C91BC942}") = "133_School", "Lab13\133_School\133_School.vcxproj", "{661AD1C4-A857-455A-9D09-7D3993634D48}"
EndProject
Project("{2150E333-8FDC-42A3-9474-1A3956D46DE8}") = "Lab14", "Lab14", "{99234F20-B08C-49BC-B3C9-2432ED4532DC}"
EndProject
Project("{8BC9CEB8-8B4A-11D0-8D11-00A0C91BC942}") = "141_SortArrayT", "Lab14\141_SortArrayT\141_SortArrayT.vcxproj", "{7959EE76-694E-41E3-8DCD-54DD1159B07C}"
EndProject
Project("{8BC9CEB8-8B4A-11D0-8D11-00A0C91BC942}") = "142_TupThreeT", "Lab14\142_TupThreeT\142_TupThreeT.vcxproj", "{6C8B0F5E-EAC7-48D8-8855-066785E7541D}"
EndProject
Project("{8BC9CEB8-8B4A-11D0-8D11-00A0C91BC942}") = "143_TupPrinterT", "Lab14\143_TupPrinterT\143_TupPrinterT.vcxproj", "{C2068FE4-02C8-4DB5-AB9A-08A9A7801D53}"
EndProject
Project("{8BC9CEB8-8B4A-11D0-8D11-00A0C91BC942}") = "144_ArrayT", "Lab14\144_ArrayT\144_ArrayT.vcxproj", "{D392FFA1-775D-43F4-896F-F069B73C0B2B}"
EndProject
Project("{8BC9CEB8-8B4A-11D0-8D11-00A0C91BC942}") = "145_Concept", "Lab14\145_Concept\145_Concept.vcxproj", "{086E3555-18C4-44E2-94AF-C396BF28A7A3}"
EndProject
Project("{8BC9CEB8-8B4A-11D0-8D11-00A0C91BC942}") = "146_ArrayMeanT", "Lab14\146_ArrayMeanT\146_ArrayMeanT.vcxproj", "{D15EAEA2-ACC4-4395-84F3-C89BB7028D7E}"
EndProject
Project("{8BC9CEB8-8B4A-11D0-8D11-00A0C91BC942}") = "147_PrintT", "Lab14\147_PrintT\147_PrintT.vcxproj", "{447BAC4C-F5B3-4C0C-811F-3E8AA18FC096}"
EndProject
Project("{8BC9CEB8-8B4A-11D0-8D11-00A0C91BC942}") = "148_PointT", "Lab14\148_PointT\148_PointT.vcxproj", "{B7DD20A8-BFF8-43A1-B3F1-2C48FB95D3E6}"
EndProject
Project("{8BC9CEB8-8B4A-11D0-8D11-00A0C91BC942}") = "149_SortT", "Lab14\149_SortT\149_SortT.vcxproj", "{4A9544F9-47F7-43FA-A1DB-B2181574D85A}"
EndProject
Project("{2150E333-8FDC-42A3-9474-1A3956D46DE8}") = "Lab15", "Lab15", "{DE390A01-F88A-4C9A-AC59-3839D29BE74A}"
EndProject
Project("{8BC9CEB8-8B4A-11D0-8D11-00A0C91BC942}") = "151_Student", "Lab15\151_Student\151_Student.vcxproj", "{EA36C7A5-BB11-4FE9-BC84-64FF7A1FB5AA}"
EndProject
Project("{2150E333-8FDC-42A3-9474-1A3956D46DE8}") = "Mod04", "Mod04", "{04DF2F9B-E66B-438F-9ED2-BD0368DE8151}"
EndProject
Project("{2150E333-8FDC-42A3-9474-1A3956D46DE8}") = "Mod05", "Mod05", "{F272582A-C492-4DAF-AF1D-7D6D69B0BF51}"
EndProject
Project("{2150E333-8FDC-42A3-9474-1A3956D46DE8}") = "Mod06", "Mod06", "{554BAFF2-EA6D-4448-A679-23F6C22C73E0}"
EndProject
Project("{2150E333-8FDC-42A3-9474-1A3956D46DE8}") = "Mod07", "Mod07", "{8039E7C0-9BE4-49A2-88DA-3D9634FD0A40}"
EndProject
Project("{2150E333-8FDC-42A3-9474-1A3956D46DE8}") = "Mod08", "Mod08", "{0DDE9EE9-5A44-4A6A-A11E-E7AD1CBD8A08}"
EndProject
Project("{2150E333-8FDC-42A3-9474-1A3956D46DE8}") = "Mod09", "Mod09", "{283746DE-20BC-4A81-8838-17E480E492E7}"
EndProject
Project("{2150E333-8FDC-42A3-9474-1A3956D46DE8}") = "Mod10", "Mod10", "{FC5DA630-07FF-4A89-BB30-A951DD298B75}"
EndProject
Project("{2150E333-8FDC-42A3-9474-1A3956D46DE8}") = "Mod11", "Mod11", "{E5EF4BA1-858D-472B-BAE3-CD62F9AC83C9}"
EndProject
Project("{2150E333-8FDC-42A3-9474-1A3956D46DE8}") = "Mod12", "Mod12", "{079AE580-72E8-4C30-98AB-4EAA714F4A9B}"
EndProject
Project("{2150E333-8FDC-42A3-9474-1A3956D46DE8}") = "Mod13", "Mod13", "{20A3A2D5-928D-4C44-AE7F-1FB65C144ED2}"
EndProject
Project("{8BC9CEB8-8B4A-11D0-8D11-00A0C91BC942}") = "Lab_STL", "Mod13\Lab_STL\Lab_STL.vcxproj", "{ADBB77AC-A601-47EC-A878-556A1C02C2F8}"
EndProject
Project("{8BC9CEB8-8B4A-11D0-8D11-00A0C91BC942}") = "152_Student", "Lab15\152_Student\152_Student.vcxproj", "{7A20908D-C19D-4592-9A4C-FEBEA9661D91}"
EndProject
Project("{8BC9CEB8-8B4A-11D0-8D11-00A0C91BC942}") = "153_StudentGrade", "Lab15\153_StudentGrade\153_StudentGrade.vcxproj", "{8B363CC9-3E0B-460B-A326-1B652345A345}"
EndProject
Project("{8BC9CEB8-8B4A-11D0-8D11-00A0C91BC942}") = "154_FindMaxEven", "Lab15\154_FindMaxEven\154_FindMaxEven.vcxproj", "{2077E678-74B1-4247-A82C-4A493D084500}"
EndProject
Project("{2150E333-8FDC-42A3-9474-1A3956D46DE8}") = "Test", "Test", "{A535552F-03C3-49E1-B760-60592C3D9D99}"
EndProject
Project("{2150E333-8FDC-42A3-9474-1A3956D46DE8}") = "Test2", "Test2", "{A6089BEF-E8E2-4E7B-8815-19DF52E793DA}"
EndProject
Global
	GlobalSection(SolutionConfigurationPlatforms) = preSolution
		Debug|x64 = Debug|x64
		Debug|x86 = Debug|x86
		Release|x64 = Release|x64
		Release|x86 = Release|x86
	EndGlobalSection
	GlobalSection(ProjectConfigurationPlatforms) = postSolution
		{E4133084-0ED7-430F-B948-92D87489E4FA}.Debug|x64.ActiveCfg = Debug|x64
		{E4133084-0ED7-430F-B948-92D87489E4FA}.Debug|x64.Build.0 = Debug|x64
		{E4133084-0ED7-430F-B948-92D87489E4FA}.Debug|x86.ActiveCfg = Debug|Win32
		{E4133084-0ED7-430F-B948-92D87489E4FA}.Debug|x86.Build.0 = Debug|Win32
		{E4133084-0ED7-430F-B948-92D87489E4FA}.Release|x64.ActiveCfg = Release|x64
		{E4133084-0ED7-430F-B948-92D87489E4FA}.Release|x64.Build.0 = Release|x64
		{E4133084-0ED7-430F-B948-92D87489E4FA}.Release|x86.ActiveCfg = Release|Win32
		{E4133084-0ED7-430F-B948-92D87489E4FA}.Release|x86.Build.0 = Release|Win32
		{D8ED845C-04C5-41FC-9196-0BF00352E4AD}.Debug|x64.ActiveCfg = Debug|x64
		{D8ED845C-04C5-41FC-9196-0BF00352E4AD}.Debug|x64.Build.0 = Debug|x64
		{D8ED845C-04C5-41FC-9196-0BF00352E4AD}.Debug|x86.ActiveCfg = Debug|Win32
		{D8ED845C-04C5-41FC-9196-0BF00352E4AD}.Debug|x86.Build.0 = Debug|Win32
		{D8ED845C-04C5-41FC-9196-0BF00352E4AD}.Release|x64.ActiveCfg = Release|x64
		{D8ED845C-04C5-41FC-9196-0BF00352E4AD}.Release|x64.Build.0 = Release|x64
		{D8ED845C-04C5-41FC-9196-0BF00352E4AD}.Release|x86.ActiveCfg = Release|Win32
		{D8ED845C-04C5-41FC-9196-0BF00352E4AD}.Release|x86.Build.0 = Release|Win32
		{4DC03D11-0322-49CF-8EFA-DE6DA253BC10}.Debug|x64.ActiveCfg = Debug|x64
		{4DC03D11-0322-49CF-8EFA-DE6DA253BC10}.Debug|x64.Build.0 = Debug|x64
		{4DC03D11-0322-49CF-8EFA-DE6DA253BC10}.Debug|x86.ActiveCfg = Debug|Win32
		{4DC03D11-0322-49CF-8EFA-DE6DA253BC10}.Debug|x86.Build.0 = Debug|Win32
		{4DC03D11-0322-49CF-8EFA-DE6DA253BC10}.Release|x64.ActiveCfg = Release|x64
		{4DC03D11-0322-49CF-8EFA-DE6DA253BC10}.Release|x64.Build.0 = Release|x64
		{4DC03D11-0322-49CF-8EFA-DE6DA253BC10}.Release|x86.ActiveCfg = Release|Win32
		{4DC03D11-0322-49CF-8EFA-DE6DA253BC10}.Release|x86.Build.0 = Release|Win32
		{5A139D84-8571-4B00-8B56-885A73E68403}.Debug|x64.ActiveCfg = Debug|x64
		{5A139D84-8571-4B00-8B56-885A73E68403}.Debug|x64.Build.0 = Debug|x64
		{5A139D84-8571-4B00-8B56-885A73E68403}.Debug|x86.ActiveCfg = Debug|Win32
		{5A139D84-8571-4B00-8B56-885A73E68403}.Debug|x86.Build.0 = Debug|Win32
		{5A139D84-8571-4B00-8B56-885A73E68403}.Release|x64.ActiveCfg = Release|x64
		{5A139D84-8571-4B00-8B56-885A73E68403}.Release|x64.Build.0 = Release|x64
		{5A139D84-8571-4B00-8B56-885A73E68403}.Release|x86.ActiveCfg = Release|Win32
		{5A139D84-8571-4B00-8B56-885A73E68403}.Release|x86.Build.0 = Release|Win32
		{E2E55EB2-1907-42F6-81F5-92BFAAC56DA6}.Debug|x64.ActiveCfg = Debug|x64
		{E2E55EB2-1907-42F6-81F5-92BFAAC56DA6}.Debug|x64.Build.0 = Debug|x64
		{E2E55EB2-1907-42F6-81F5-92BFAAC56DA6}.Debug|x86.ActiveCfg = Debug|Win32
		{E2E55EB2-1907-42F6-81F5-92BFAAC56DA6}.Debug|x86.Build.0 = Debug|Win32
		{E2E55EB2-1907-42F6-81F5-92BFAAC56DA6}.Release|x64.ActiveCfg = Release|x64
		{E2E55EB2-1907-42F6-81F5-92BFAAC56DA6}.Release|x64.Build.0 = Release|x64
		{E2E55EB2-1907-42F6-81F5-92BFAAC56DA6}.Release|x86.ActiveCfg = Release|Win32
		{E2E55EB2-1907-42F6-81F5-92BFAAC56DA6}.Release|x86.Build.0 = Release|Win32
		{1CFFC144-97E1-4D09-964C-DC9EF51350C4}.Debug|x64.ActiveCfg = Debug|x64
		{1CFFC144-97E1-4D09-964C-DC9EF51350C4}.Debug|x64.Build.0 = Debug|x64
		{1CFFC144-97E1-4D09-964C-DC9EF51350C4}.Debug|x86.ActiveCfg = Debug|Win32
		{1CFFC144-97E1-4D09-964C-DC9EF51350C4}.Debug|x86.Build.0 = Debug|Win32
		{1CFFC144-97E1-4D09-964C-DC9EF51350C4}.Release|x64.ActiveCfg = Release|x64
		{1CFFC144-97E1-4D09-964C-DC9EF51350C4}.Release|x64.Build.0 = Release|x64
		{1CFFC144-97E1-4D09-964C-DC9EF51350C4}.Release|x86.ActiveCfg = Release|Win32
		{1CFFC144-97E1-4D09-964C-DC9EF51350C4}.Release|x86.Build.0 = Release|Win32
		{7CEEBE46-6195-4FDE-A17A-C0B55C830E8A}.Debug|x64.ActiveCfg = Debug|x64
		{7CEEBE46-6195-4FDE-A17A-C0B55C830E8A}.Debug|x64.Build.0 = Debug|x64
		{7CEEBE46-6195-4FDE-A17A-C0B55C830E8A}.Debug|x86.ActiveCfg = Debug|Win32
		{7CEEBE46-6195-4FDE-A17A-C0B55C830E8A}.Debug|x86.Build.0 = Debug|Win32
		{7CEEBE46-6195-4FDE-A17A-C0B55C830E8A}.Release|x64.ActiveCfg = Release|x64
		{7CEEBE46-6195-4FDE-A17A-C0B55C830E8A}.Release|x64.Build.0 = Release|x64
		{7CEEBE46-6195-4FDE-A17A-C0B55C830E8A}.Release|x86.ActiveCfg = Release|Win32
		{7CEEBE46-6195-4FDE-A17A-C0B55C830E8A}.Release|x86.Build.0 = Release|Win32
		{09F9BA7F-5CCC-4AFA-B5CD-EC8959196119}.Debug|x64.ActiveCfg = Debug|x64
		{09F9BA7F-5CCC-4AFA-B5CD-EC8959196119}.Debug|x64.Build.0 = Debug|x64
		{09F9BA7F-5CCC-4AFA-B5CD-EC8959196119}.Debug|x86.ActiveCfg = Debug|Win32
		{09F9BA7F-5CCC-4AFA-B5CD-EC8959196119}.Debug|x86.Build.0 = Debug|Win32
		{09F9BA7F-5CCC-4AFA-B5CD-EC8959196119}.Release|x64.ActiveCfg = Release|x64
		{09F9BA7F-5CCC-4AFA-B5CD-EC8959196119}.Release|x64.Build.0 = Release|x64
		{09F9BA7F-5CCC-4AFA-B5CD-EC8959196119}.Release|x86.ActiveCfg = Release|Win32
		{09F9BA7F-5CCC-4AFA-B5CD-EC8959196119}.Release|x86.Build.0 = Release|Win32
		{72EA2F2E-FAF4-48B2-A9B4-8F598348F626}.Debug|x64.ActiveCfg = Debug|x64
		{72EA2F2E-FAF4-48B2-A9B4-8F598348F626}.Debug|x64.Build.0 = Debug|x64
		{72EA2F2E-FAF4-48B2-A9B4-8F598348F626}.Debug|x86.ActiveCfg = Debug|Win32
		{72EA2F2E-FAF4-48B2-A9B4-8F598348F626}.Debug|x86.Build.0 = Debug|Win32
		{72EA2F2E-FAF4-48B2-A9B4-8F598348F626}.Release|x64.ActiveCfg = Release|x64
		{72EA2F2E-FAF4-48B2-A9B4-8F598348F626}.Release|x64.Build.0 = Release|x64
		{72EA2F2E-FAF4-48B2-A9B4-8F598348F626}.Release|x86.ActiveCfg = Release|Win32
		{72EA2F2E-FAF4-48B2-A9B4-8F598348F626}.Release|x86.Build.0 = Release|Win32
		{C2C86DDD-9B69-4AD5-A542-5BF3D339F52A}.Debug|x64.ActiveCfg = Debug|x64
		{C2C86DDD-9B69-4AD5-A542-5BF3D339F52A}.Debug|x64.Build.0 = Debug|x64
		{C2C86DDD-9B69-4AD5-A542-5BF3D339F52A}.Debug|x86.ActiveCfg = Debug|Win32
		{C2C86DDD-9B69-4AD5-A542-5BF3D339F52A}.Debug|x86.Build.0 = Debug|Win32
		{C2C86DDD-9B69-4AD5-A542-5BF3D339F52A}.Release|x64.ActiveCfg = Release|x64
		{C2C86DDD-9B69-4AD5-A542-5BF3D339F52A}.Release|x64.Build.0 = Release|x64
		{C2C86DDD-9B69-4AD5-A542-5BF3D339F52A}.Release|x86.ActiveCfg = Release|Win32
		{C2C86DDD-9B69-4AD5-A542-5BF3D339F52A}.Release|x86.Build.0 = Release|Win32
		{E41C27A1-4755-4058-95F6-EDF5FDBC3C77}.Debug|x64.ActiveCfg = Debug|x64
		{E41C27A1-4755-4058-95F6-EDF5FDBC3C77}.Debug|x64.Build.0 = Debug|x64
		{E41C27A1-4755-4058-95F6-EDF5FDBC3C77}.Debug|x86.ActiveCfg = Debug|Win32
		{E41C27A1-4755-4058-95F6-EDF5FDBC3C77}.Debug|x86.Build.0 = Debug|Win32
		{E41C27A1-4755-4058-95F6-EDF5FDBC3C77}.Release|x64.ActiveCfg = Release|x64
		{E41C27A1-4755-4058-95F6-EDF5FDBC3C77}.Release|x64.Build.0 = Release|x64
		{E41C27A1-4755-4058-95F6-EDF5FDBC3C77}.Release|x86.ActiveCfg = Release|Win32
		{E41C27A1-4755-4058-95F6-EDF5FDBC3C77}.Release|x86.Build.0 = Release|Win32
		{0270BC9A-B09A-4E5F-BAD6-8E2404DD391B}.Debug|x64.ActiveCfg = Debug|x64
		{0270BC9A-B09A-4E5F-BAD6-8E2404DD391B}.Debug|x64.Build.0 = Debug|x64
		{0270BC9A-B09A-4E5F-BAD6-8E2404DD391B}.Debug|x86.ActiveCfg = Debug|Win32
		{0270BC9A-B09A-4E5F-BAD6-8E2404DD391B}.Debug|x86.Build.0 = Debug|Win32
		{0270BC9A-B09A-4E5F-BAD6-8E2404DD391B}.Release|x64.ActiveCfg = Release|x64
		{0270BC9A-B09A-4E5F-BAD6-8E2404DD391B}.Release|x64.Build.0 = Release|x64
		{0270BC9A-B09A-4E5F-BAD6-8E2404DD391B}.Release|x86.ActiveCfg = Release|Win32
		{0270BC9A-B09A-4E5F-BAD6-8E2404DD391B}.Release|x86.Build.0 = Release|Win32
		{60C25694-5DEA-4CC5-A14B-92ABC1B8134F}.Debug|x64.ActiveCfg = Debug|x64
		{60C25694-5DEA-4CC5-A14B-92ABC1B8134F}.Debug|x64.Build.0 = Debug|x64
		{60C25694-5DEA-4CC5-A14B-92ABC1B8134F}.Debug|x86.ActiveCfg = Debug|Win32
		{60C25694-5DEA-4CC5-A14B-92ABC1B8134F}.Debug|x86.Build.0 = Debug|Win32
		{60C25694-5DEA-4CC5-A14B-92ABC1B8134F}.Release|x64.ActiveCfg = Release|x64
		{60C25694-5DEA-4CC5-A14B-92ABC1B8134F}.Release|x64.Build.0 = Release|x64
		{60C25694-5DEA-4CC5-A14B-92ABC1B8134F}.Release|x86.ActiveCfg = Release|Win32
		{60C25694-5DEA-4CC5-A14B-92ABC1B8134F}.Release|x86.Build.0 = Release|Win32
		{DE10CCE7-222A-46BA-B1CD-9008D34405B5}.Debug|x64.ActiveCfg = Debug|x64
		{DE10CCE7-222A-46BA-B1CD-9008D34405B5}.Debug|x64.Build.0 = Debug|x64
		{DE10CCE7-222A-46BA-B1CD-9008D34405B5}.Debug|x86.ActiveCfg = Debug|Win32
		{DE10CCE7-222A-46BA-B1CD-9008D34405B5}.Debug|x86.Build.0 = Debug|Win32
		{DE10CCE7-222A-46BA-B1CD-9008D34405B5}.Release|x64.ActiveCfg = Release|x64
		{DE10CCE7-222A-46BA-B1CD-9008D34405B5}.Release|x64.Build.0 = Release|x64
		{DE10CCE7-222A-46BA-B1CD-9008D34405B5}.Release|x86.ActiveCfg = Release|Win32
		{DE10CCE7-222A-46BA-B1CD-9008D34405B5}.Release|x86.Build.0 = Release|Win32
		{1BC55BD0-A25F-450F-A638-29E45B4F0500}.Debug|x64.ActiveCfg = Debug|x64
		{1BC55BD0-A25F-450F-A638-29E45B4F0500}.Debug|x64.Build.0 = Debug|x64
		{1BC55BD0-A25F-450F-A638-29E45B4F0500}.Debug|x86.ActiveCfg = Debug|Win32
		{1BC55BD0-A25F-450F-A638-29E45B4F0500}.Debug|x86.Build.0 = Debug|Win32
		{1BC55BD0-A25F-450F-A638-29E45B4F0500}.Release|x64.ActiveCfg = Release|x64
		{1BC55BD0-A25F-450F-A638-29E45B4F0500}.Release|x64.Build.0 = Release|x64
		{1BC55BD0-A25F-450F-A638-29E45B4F0500}.Release|x86.ActiveCfg = Release|Win32
		{1BC55BD0-A25F-450F-A638-29E45B4F0500}.Release|x86.Build.0 = Release|Win32
		{AE433118-3B13-4575-8BC8-7DBFBEEC072E}.Debug|x64.ActiveCfg = Debug|x64
		{AE433118-3B13-4575-8BC8-7DBFBEEC072E}.Debug|x64.Build.0 = Debug|x64
		{AE433118-3B13-4575-8BC8-7DBFBEEC072E}.Debug|x86.ActiveCfg = Debug|Win32
		{AE433118-3B13-4575-8BC8-7DBFBEEC072E}.Debug|x86.Build.0 = Debug|Win32
		{AE433118-3B13-4575-8BC8-7DBFBEEC072E}.Release|x64.ActiveCfg = Release|x64
		{AE433118-3B13-4575-8BC8-7DBFBEEC072E}.Release|x64.Build.0 = Release|x64
		{AE433118-3B13-4575-8BC8-7DBFBEEC072E}.Release|x86.ActiveCfg = Release|Win32
		{AE433118-3B13-4575-8BC8-7DBFBEEC072E}.Release|x86.Build.0 = Release|Win32
		{59109A89-E08F-46F1-A09F-54F5C093DE92}.Debug|x64.ActiveCfg = Debug|x64
		{59109A89-E08F-46F1-A09F-54F5C093DE92}.Debug|x64.Build.0 = Debug|x64
		{59109A89-E08F-46F1-A09F-54F5C093DE92}.Debug|x86.ActiveCfg = Debug|Win32
		{59109A89-E08F-46F1-A09F-54F5C093DE92}.Debug|x86.Build.0 = Debug|Win32
		{59109A89-E08F-46F1-A09F-54F5C093DE92}.Release|x64.ActiveCfg = Release|x64
		{59109A89-E08F-46F1-A09F-54F5C093DE92}.Release|x64.Build.0 = Release|x64
		{59109A89-E08F-46F1-A09F-54F5C093DE92}.Release|x86.ActiveCfg = Release|Win32
		{59109A89-E08F-46F1-A09F-54F5C093DE92}.Release|x86.Build.0 = Release|Win32
		{A675D822-C1EC-4C6A-B7DB-ED5EEDAEA0E9}.Debug|x64.ActiveCfg = Debug|x64
		{A675D822-C1EC-4C6A-B7DB-ED5EEDAEA0E9}.Debug|x64.Build.0 = Debug|x64
		{A675D822-C1EC-4C6A-B7DB-ED5EEDAEA0E9}.Debug|x86.ActiveCfg = Debug|Win32
		{A675D822-C1EC-4C6A-B7DB-ED5EEDAEA0E9}.Debug|x86.Build.0 = Debug|Win32
		{A675D822-C1EC-4C6A-B7DB-ED5EEDAEA0E9}.Release|x64.ActiveCfg = Release|x64
		{A675D822-C1EC-4C6A-B7DB-ED5EEDAEA0E9}.Release|x64.Build.0 = Release|x64
		{A675D822-C1EC-4C6A-B7DB-ED5EEDAEA0E9}.Release|x86.ActiveCfg = Release|Win32
		{A675D822-C1EC-4C6A-B7DB-ED5EEDAEA0E9}.Release|x86.Build.0 = Release|Win32
		{291DC7F2-59F8-4333-9033-F6D40F623224}.Debug|x64.ActiveCfg = Debug|x64
		{291DC7F2-59F8-4333-9033-F6D40F623224}.Debug|x64.Build.0 = Debug|x64
		{291DC7F2-59F8-4333-9033-F6D40F623224}.Debug|x86.ActiveCfg = Debug|Win32
		{291DC7F2-59F8-4333-9033-F6D40F623224}.Debug|x86.Build.0 = Debug|Win32
		{291DC7F2-59F8-4333-9033-F6D40F623224}.Release|x64.ActiveCfg = Release|x64
		{291DC7F2-59F8-4333-9033-F6D40F623224}.Release|x64.Build.0 = Release|x64
		{291DC7F2-59F8-4333-9033-F6D40F623224}.Release|x86.ActiveCfg = Release|Win32
		{291DC7F2-59F8-4333-9033-F6D40F623224}.Release|x86.Build.0 = Release|Win32
		{BFCC4DB9-0DE9-4D9E-9035-996BF06D9A4D}.Debug|x64.ActiveCfg = Debug|x64
		{BFCC4DB9-0DE9-4D9E-9035-996BF06D9A4D}.Debug|x64.Build.0 = Debug|x64
		{BFCC4DB9-0DE9-4D9E-9035-996BF06D9A4D}.Debug|x86.ActiveCfg = Debug|Win32
		{BFCC4DB9-0DE9-4D9E-9035-996BF06D9A4D}.Debug|x86.Build.0 = Debug|Win32
		{BFCC4DB9-0DE9-4D9E-9035-996BF06D9A4D}.Release|x64.ActiveCfg = Release|x64
		{BFCC4DB9-0DE9-4D9E-9035-996BF06D9A4D}.Release|x64.Build.0 = Release|x64
		{BFCC4DB9-0DE9-4D9E-9035-996BF06D9A4D}.Release|x86.ActiveCfg = Release|Win32
		{BFCC4DB9-0DE9-4D9E-9035-996BF06D9A4D}.Release|x86.Build.0 = Release|Win32
		{2D8FEDEB-6557-4C90-8246-B9EC14B8784A}.Debug|x64.ActiveCfg = Debug|x64
		{2D8FEDEB-6557-4C90-8246-B9EC14B8784A}.Debug|x64.Build.0 = Debug|x64
		{2D8FEDEB-6557-4C90-8246-B9EC14B8784A}.Debug|x86.ActiveCfg = Debug|Win32
		{2D8FEDEB-6557-4C90-8246-B9EC14B8784A}.Debug|x86.Build.0 = Debug|Win32
		{2D8FEDEB-6557-4C90-8246-B9EC14B8784A}.Release|x64.ActiveCfg = Release|x64
		{2D8FEDEB-6557-4C90-8246-B9EC14B8784A}.Release|x64.Build.0 = Release|x64
		{2D8FEDEB-6557-4C90-8246-B9EC14B8784A}.Release|x86.ActiveCfg = Release|Win32
		{2D8FEDEB-6557-4C90-8246-B9EC14B8784A}.Release|x86.Build.0 = Release|Win32
		{37EE2DE8-96AE-43C2-BAFD-D7CC5BCDBDB6}.Debug|x64.ActiveCfg = Debug|x64
		{37EE2DE8-96AE-43C2-BAFD-D7CC5BCDBDB6}.Debug|x64.Build.0 = Debug|x64
		{37EE2DE8-96AE-43C2-BAFD-D7CC5BCDBDB6}.Debug|x86.ActiveCfg = Debug|Win32
		{37EE2DE8-96AE-43C2-BAFD-D7CC5BCDBDB6}.Debug|x86.Build.0 = Debug|Win32
		{37EE2DE8-96AE-43C2-BAFD-D7CC5BCDBDB6}.Release|x64.ActiveCfg = Release|x64
		{37EE2DE8-96AE-43C2-BAFD-D7CC5BCDBDB6}.Release|x64.Build.0 = Release|x64
		{37EE2DE8-96AE-43C2-BAFD-D7CC5BCDBDB6}.Release|x86.ActiveCfg = Release|Win32
		{37EE2DE8-96AE-43C2-BAFD-D7CC5BCDBDB6}.Release|x86.Build.0 = Release|Win32
		{0A132058-542A-4680-9B10-7E99D94C3E74}.Debug|x64.ActiveCfg = Debug|x64
		{0A132058-542A-4680-9B10-7E99D94C3E74}.Debug|x64.Build.0 = Debug|x64
		{0A132058-542A-4680-9B10-7E99D94C3E74}.Debug|x86.ActiveCfg = Debug|Win32
		{0A132058-542A-4680-9B10-7E99D94C3E74}.Debug|x86.Build.0 = Debug|Win32
		{0A132058-542A-4680-9B10-7E99D94C3E74}.Release|x64.ActiveCfg = Release|x64
		{0A132058-542A-4680-9B10-7E99D94C3E74}.Release|x64.Build.0 = Release|x64
		{0A132058-542A-4680-9B10-7E99D94C3E74}.Release|x86.ActiveCfg = Release|Win32
		{0A132058-542A-4680-9B10-7E99D94C3E74}.Release|x86.Build.0 = Release|Win32
		{2A0DBAE5-E9B0-4EEF-8260-E42CC283390F}.Debug|x64.ActiveCfg = Debug|x64
		{2A0DBAE5-E9B0-4EEF-8260-E42CC283390F}.Debug|x64.Build.0 = Debug|x64
		{2A0DBAE5-E9B0-4EEF-8260-E42CC283390F}.Debug|x86.ActiveCfg = Debug|Win32
		{2A0DBAE5-E9B0-4EEF-8260-E42CC283390F}.Debug|x86.Build.0 = Debug|Win32
		{2A0DBAE5-E9B0-4EEF-8260-E42CC283390F}.Release|x64.ActiveCfg = Release|x64
		{2A0DBAE5-E9B0-4EEF-8260-E42CC283390F}.Release|x64.Build.0 = Release|x64
		{2A0DBAE5-E9B0-4EEF-8260-E42CC283390F}.Release|x86.ActiveCfg = Release|Win32
		{2A0DBAE5-E9B0-4EEF-8260-E42CC283390F}.Release|x86.Build.0 = Release|Win32
		{86E329E3-7359-4B00-B02B-9DC15B4C4E1E}.Debug|x64.ActiveCfg = Debug|x64
		{86E329E3-7359-4B00-B02B-9DC15B4C4E1E}.Debug|x64.Build.0 = Debug|x64
		{86E329E3-7359-4B00-B02B-9DC15B4C4E1E}.Debug|x86.ActiveCfg = Debug|Win32
		{86E329E3-7359-4B00-B02B-9DC15B4C4E1E}.Debug|x86.Build.0 = Debug|Win32
		{86E329E3-7359-4B00-B02B-9DC15B4C4E1E}.Release|x64.ActiveCfg = Release|x64
		{86E329E3-7359-4B00-B02B-9DC15B4C4E1E}.Release|x64.Build.0 = Release|x64
		{86E329E3-7359-4B00-B02B-9DC15B4C4E1E}.Release|x86.ActiveCfg = Release|Win32
		{86E329E3-7359-4B00-B02B-9DC15B4C4E1E}.Release|x86.Build.0 = Release|Win32
		{3DB453C7-4C07-411E-84CB-E77EC482B83E}.Debug|x64.ActiveCfg = Debug|x64
		{3DB453C7-4C07-411E-84CB-E77EC482B83E}.Debug|x64.Build.0 = Debug|x64
		{3DB453C7-4C07-411E-84CB-E77EC482B83E}.Debug|x86.ActiveCfg = Debug|Win32
		{3DB453C7-4C07-411E-84CB-E77EC482B83E}.Debug|x86.Build.0 = Debug|Win32
		{3DB453C7-4C07-411E-84CB-E77EC482B83E}.Release|x64.ActiveCfg = Release|x64
		{3DB453C7-4C07-411E-84CB-E77EC482B83E}.Release|x64.Build.0 = Release|x64
		{3DB453C7-4C07-411E-84CB-E77EC482B83E}.Release|x86.ActiveCfg = Release|Win32
		{3DB453C7-4C07-411E-84CB-E77EC482B83E}.Release|x86.Build.0 = Release|Win32
		{6242F8D8-219A-4DC3-9906-A6C03BB07FDF}.Debug|x64.ActiveCfg = Debug|x64
		{6242F8D8-219A-4DC3-9906-A6C03BB07FDF}.Debug|x64.Build.0 = Debug|x64
		{6242F8D8-219A-4DC3-9906-A6C03BB07FDF}.Debug|x86.ActiveCfg = Debug|Win32
		{6242F8D8-219A-4DC3-9906-A6C03BB07FDF}.Debug|x86.Build.0 = Debug|Win32
		{6242F8D8-219A-4DC3-9906-A6C03BB07FDF}.Release|x64.ActiveCfg = Release|x64
		{6242F8D8-219A-4DC3-9906-A6C03BB07FDF}.Release|x64.Build.0 = Release|x64
		{6242F8D8-219A-4DC3-9906-A6C03BB07FDF}.Release|x86.ActiveCfg = Release|Win32
		{6242F8D8-219A-4DC3-9906-A6C03BB07FDF}.Release|x86.Build.0 = Release|Win32
		{B4D1FA37-C8A8-4480-8F7B-3C59D28DCBF9}.Debug|x64.ActiveCfg = Debug|x64
		{B4D1FA37-C8A8-4480-8F7B-3C59D28DCBF9}.Debug|x64.Build.0 = Debug|x64
		{B4D1FA37-C8A8-4480-8F7B-3C59D28DCBF9}.Debug|x86.ActiveCfg = Debug|Win32
		{B4D1FA37-C8A8-4480-8F7B-3C59D28DCBF9}.Debug|x86.Build.0 = Debug|Win32
		{B4D1FA37-C8A8-4480-8F7B-3C59D28DCBF9}.Release|x64.ActiveCfg = Release|x64
		{B4D1FA37-C8A8-4480-8F7B-3C59D28DCBF9}.Release|x64.Build.0 = Release|x64
		{B4D1FA37-C8A8-4480-8F7B-3C59D28DCBF9}.Release|x86.ActiveCfg = Release|Win32
		{B4D1FA37-C8A8-4480-8F7B-3C59D28DCBF9}.Release|x86.Build.0 = Release|Win32
		{210487E5-ABF7-4182-BF57-2131C9FB9BF9}.Debug|x64.ActiveCfg = Debug|x64
		{210487E5-ABF7-4182-BF57-2131C9FB9BF9}.Debug|x64.Build.0 = Debug|x64
		{210487E5-ABF7-4182-BF57-2131C9FB9BF9}.Debug|x86.ActiveCfg = Debug|Win32
		{210487E5-ABF7-4182-BF57-2131C9FB9BF9}.Debug|x86.Build.0 = Debug|Win32
		{210487E5-ABF7-4182-BF57-2131C9FB9BF9}.Release|x64.ActiveCfg = Release|x64
		{210487E5-ABF7-4182-BF57-2131C9FB9BF9}.Release|x64.Build.0 = Release|x64
		{210487E5-ABF7-4182-BF57-2131C9FB9BF9}.Release|x86.ActiveCfg = Release|Win32
		{210487E5-ABF7-4182-BF57-2131C9FB9BF9}.Release|x86.Build.0 = Release|Win32
		{00CE3C22-46CD-4743-A541-98B1A545F04C}.Debug|x64.ActiveCfg = Debug|x64
		{00CE3C22-46CD-4743-A541-98B1A545F04C}.Debug|x64.Build.0 = Debug|x64
		{00CE3C22-46CD-4743-A541-98B1A545F04C}.Debug|x86.ActiveCfg = Debug|Win32
		{00CE3C22-46CD-4743-A541-98B1A545F04C}.Debug|x86.Build.0 = Debug|Win32
		{00CE3C22-46CD-4743-A541-98B1A545F04C}.Release|x64.ActiveCfg = Release|x64
		{00CE3C22-46CD-4743-A541-98B1A545F04C}.Release|x64.Build.0 = Release|x64
		{00CE3C22-46CD-4743-A541-98B1A545F04C}.Release|x86.ActiveCfg = Release|Win32
		{00CE3C22-46CD-4743-A541-98B1A545F04C}.Release|x86.Build.0 = Release|Win32
		{0C8A0B3B-4E0C-4548-872E-563DCA62F061}.Debug|x64.ActiveCfg = Debug|x64
		{0C8A0B3B-4E0C-4548-872E-563DCA62F061}.Debug|x64.Build.0 = Debug|x64
		{0C8A0B3B-4E0C-4548-872E-563DCA62F061}.Debug|x86.ActiveCfg = Debug|Win32
		{0C8A0B3B-4E0C-4548-872E-563DCA62F061}.Debug|x86.Build.0 = Debug|Win32
		{0C8A0B3B-4E0C-4548-872E-563DCA62F061}.Release|x64.ActiveCfg = Release|x64
		{0C8A0B3B-4E0C-4548-872E-563DCA62F061}.Release|x64.Build.0 = Release|x64
		{0C8A0B3B-4E0C-4548-872E-563DCA62F061}.Release|x86.ActiveCfg = Release|Win32
		{0C8A0B3B-4E0C-4548-872E-563DCA62F061}.Release|x86.Build.0 = Release|Win32
		{6ADA0B8C-E701-4A20-B35B-6C9C7A959E02}.Debug|x64.ActiveCfg = Debug|x64
		{6ADA0B8C-E701-4A20-B35B-6C9C7A959E02}.Debug|x64.Build.0 = Debug|x64
		{6ADA0B8C-E701-4A20-B35B-6C9C7A959E02}.Debug|x86.ActiveCfg = Debug|Win32
		{6ADA0B8C-E701-4A20-B35B-6C9C7A959E02}.Debug|x86.Build.0 = Debug|Win32
		{6ADA0B8C-E701-4A20-B35B-6C9C7A959E02}.Release|x64.ActiveCfg = Release|x64
		{6ADA0B8C-E701-4A20-B35B-6C9C7A959E02}.Release|x64.Build.0 = Release|x64
		{6ADA0B8C-E701-4A20-B35B-6C9C7A959E02}.Release|x86.ActiveCfg = Release|Win32
		{6ADA0B8C-E701-4A20-B35B-6C9C7A959E02}.Release|x86.Build.0 = Release|Win32
		{6A154D4D-C1CD-451F-84F7-9B214398467B}.Debug|x64.ActiveCfg = Debug|x64
		{6A154D4D-C1CD-451F-84F7-9B214398467B}.Debug|x64.Build.0 = Debug|x64
		{6A154D4D-C1CD-451F-84F7-9B214398467B}.Debug|x86.ActiveCfg = Debug|Win32
		{6A154D4D-C1CD-451F-84F7-9B214398467B}.Debug|x86.Build.0 = Debug|Win32
		{6A154D4D-C1CD-451F-84F7-9B214398467B}.Release|x64.ActiveCfg = Release|x64
		{6A154D4D-C1CD-451F-84F7-9B214398467B}.Release|x64.Build.0 = Release|x64
		{6A154D4D-C1CD-451F-84F7-9B214398467B}.Release|x86.ActiveCfg = Release|Win32
		{6A154D4D-C1CD-451F-84F7-9B214398467B}.Release|x86.Build.0 = Release|Win32
		{63756DE4-60B9-4CC8-9498-4445E8FBA34E}.Debug|x64.ActiveCfg = Debug|x64
		{63756DE4-60B9-4CC8-9498-4445E8FBA34E}.Debug|x64.Build.0 = Debug|x64
		{63756DE4-60B9-4CC8-9498-4445E8FBA34E}.Debug|x86.ActiveCfg = Debug|Win32
		{63756DE4-60B9-4CC8-9498-4445E8FBA34E}.Debug|x86.Build.0 = Debug|Win32
		{63756DE4-60B9-4CC8-9498-4445E8FBA34E}.Release|x64.ActiveCfg = Release|x64
		{63756DE4-60B9-4CC8-9498-4445E8FBA34E}.Release|x64.Build.0 = Release|x64
		{63756DE4-60B9-4CC8-9498-4445E8FBA34E}.Release|x86.ActiveCfg = Release|Win32
		{63756DE4-60B9-4CC8-9498-4445E8FBA34E}.Release|x86.Build.0 = Release|Win32
		{BDED5414-D27B-47AB-9515-C4F42345D503}.Debug|x64.ActiveCfg = Debug|x64
		{BDED5414-D27B-47AB-9515-C4F42345D503}.Debug|x64.Build.0 = Debug|x64
		{BDED5414-D27B-47AB-9515-C4F42345D503}.Debug|x86.ActiveCfg = Debug|Win32
		{BDED5414-D27B-47AB-9515-C4F42345D503}.Debug|x86.Build.0 = Debug|Win32
		{BDED5414-D27B-47AB-9515-C4F42345D503}.Release|x64.ActiveCfg = Release|x64
		{BDED5414-D27B-47AB-9515-C4F42345D503}.Release|x64.Build.0 = Release|x64
		{BDED5414-D27B-47AB-9515-C4F42345D503}.Release|x86.ActiveCfg = Release|Win32
		{BDED5414-D27B-47AB-9515-C4F42345D503}.Release|x86.Build.0 = Release|Win32
		{2459CC2C-24DD-4921-A75D-C3AF2283D33C}.Debug|x64.ActiveCfg = Debug|x64
		{2459CC2C-24DD-4921-A75D-C3AF2283D33C}.Debug|x64.Build.0 = Debug|x64
		{2459CC2C-24DD-4921-A75D-C3AF2283D33C}.Debug|x86.ActiveCfg = Debug|Win32
		{2459CC2C-24DD-4921-A75D-C3AF2283D33C}.Debug|x86.Build.0 = Debug|Win32
		{2459CC2C-24DD-4921-A75D-C3AF2283D33C}.Release|x64.ActiveCfg = Release|x64
		{2459CC2C-24DD-4921-A75D-C3AF2283D33C}.Release|x64.Build.0 = Release|x64
		{2459CC2C-24DD-4921-A75D-C3AF2283D33C}.Release|x86.ActiveCfg = Release|Win32
		{2459CC2C-24DD-4921-A75D-C3AF2283D33C}.Release|x86.Build.0 = Release|Win32
		{10852D5F-6122-4F4F-B37B-B478A74F9A20}.Debug|x64.ActiveCfg = Debug|x64
		{10852D5F-6122-4F4F-B37B-B478A74F9A20}.Debug|x64.Build.0 = Debug|x64
		{10852D5F-6122-4F4F-B37B-B478A74F9A20}.Debug|x86.ActiveCfg = Debug|Win32
		{10852D5F-6122-4F4F-B37B-B478A74F9A20}.Debug|x86.Build.0 = Debug|Win32
		{10852D5F-6122-4F4F-B37B-B478A74F9A20}.Release|x64.ActiveCfg = Release|x64
		{10852D5F-6122-4F4F-B37B-B478A74F9A20}.Release|x64.Build.0 = Release|x64
		{10852D5F-6122-4F4F-B37B-B478A74F9A20}.Release|x86.ActiveCfg = Release|Win32
		{10852D5F-6122-4F4F-B37B-B478A74F9A20}.Release|x86.Build.0 = Release|Win32
		{5DE7980F-6B41-42B2-B3D5-33E9E8400271}.Debug|x64.ActiveCfg = Debug|x64
		{5DE7980F-6B41-42B2-B3D5-33E9E8400271}.Debug|x64.Build.0 = Debug|x64
		{5DE7980F-6B41-42B2-B3D5-33E9E8400271}.Debug|x86.ActiveCfg = Debug|Win32
		{5DE7980F-6B41-42B2-B3D5-33E9E8400271}.Debug|x86.Build.0 = Debug|Win32
		{5DE7980F-6B41-42B2-B3D5-33E9E8400271}.Release|x64.ActiveCfg = Release|x64
		{5DE7980F-6B41-42B2-B3D5-33E9E8400271}.Release|x64.Build.0 = Release|x64
		{5DE7980F-6B41-42B2-B3D5-33E9E8400271}.Release|x86.ActiveCfg = Release|Win32
		{5DE7980F-6B41-42B2-B3D5-33E9E8400271}.Release|x86.Build.0 = Release|Win32
		{78273E71-8E89-42FF-8A84-DBCDD250C1F1}.Debug|x64.ActiveCfg = Debug|x64
		{78273E71-8E89-42FF-8A84-DBCDD250C1F1}.Debug|x64.Build.0 = Debug|x64
		{78273E71-8E89-42FF-8A84-DBCDD250C1F1}.Debug|x86.ActiveCfg = Debug|Win32
		{78273E71-8E89-42FF-8A84-DBCDD250C1F1}.Debug|x86.Build.0 = Debug|Win32
		{78273E71-8E89-42FF-8A84-DBCDD250C1F1}.Release|x64.ActiveCfg = Release|x64
		{78273E71-8E89-42FF-8A84-DBCDD250C1F1}.Release|x64.Build.0 = Release|x64
		{78273E71-8E89-42FF-8A84-DBCDD250C1F1}.Release|x86.ActiveCfg = Release|Win32
		{78273E71-8E89-42FF-8A84-DBCDD250C1F1}.Release|x86.Build.0 = Release|Win32
		{B0727BA4-AA2A-45CC-9C4E-4BBAE614A1AF}.Debug|x64.ActiveCfg = Debug|x64
		{B0727BA4-AA2A-45CC-9C4E-4BBAE614A1AF}.Debug|x64.Build.0 = Debug|x64
		{B0727BA4-AA2A-45CC-9C4E-4BBAE614A1AF}.Debug|x86.ActiveCfg = Debug|Win32
		{B0727BA4-AA2A-45CC-9C4E-4BBAE614A1AF}.Debug|x86.Build.0 = Debug|Win32
		{B0727BA4-AA2A-45CC-9C4E-4BBAE614A1AF}.Release|x64.ActiveCfg = Release|x64
		{B0727BA4-AA2A-45CC-9C4E-4BBAE614A1AF}.Release|x64.Build.0 = Release|x64
		{B0727BA4-AA2A-45CC-9C4E-4BBAE614A1AF}.Release|x86.ActiveCfg = Release|Win32
		{B0727BA4-AA2A-45CC-9C4E-4BBAE614A1AF}.Release|x86.Build.0 = Release|Win32
		{B221E05D-9BFF-4ABD-B1DD-20222DF74CD7}.Debug|x64.ActiveCfg = Debug|x64
		{B221E05D-9BFF-4ABD-B1DD-20222DF74CD7}.Debug|x64.Build.0 = Debug|x64
		{B221E05D-9BFF-4ABD-B1DD-20222DF74CD7}.Debug|x86.ActiveCfg = Debug|Win32
		{B221E05D-9BFF-4ABD-B1DD-20222DF74CD7}.Debug|x86.Build.0 = Debug|Win32
		{B221E05D-9BFF-4ABD-B1DD-20222DF74CD7}.Release|x64.ActiveCfg = Release|x64
		{B221E05D-9BFF-4ABD-B1DD-20222DF74CD7}.Release|x64.Build.0 = Release|x64
		{B221E05D-9BFF-4ABD-B1DD-20222DF74CD7}.Release|x86.ActiveCfg = Release|Win32
		{B221E05D-9BFF-4ABD-B1DD-20222DF74CD7}.Release|x86.Build.0 = Release|Win32
		{941E5E6D-AB4A-4323-A05A-543F3F35DAA3}.Debug|x64.ActiveCfg = Debug|x64
		{941E5E6D-AB4A-4323-A05A-543F3F35DAA3}.Debug|x64.Build.0 = Debug|x64
		{941E5E6D-AB4A-4323-A05A-543F3F35DAA3}.Debug|x86.ActiveCfg = Debug|Win32
		{941E5E6D-AB4A-4323-A05A-543F3F35DAA3}.Debug|x86.Build.0 = Debug|Win32
		{941E5E6D-AB4A-4323-A05A-543F3F35DAA3}.Release|x64.ActiveCfg = Release|x64
		{941E5E6D-AB4A-4323-A05A-543F3F35DAA3}.Release|x64.Build.0 = Release|x64
		{941E5E6D-AB4A-4323-A05A-543F3F35DAA3}.Release|x86.ActiveCfg = Release|Win32
		{941E5E6D-AB4A-4323-A05A-543F3F35DAA3}.Release|x86.Build.0 = Release|Win32
		{0D7C33FB-12CB-4ADC-8AE4-5528D49478E4}.Debug|x64.ActiveCfg = Debug|x64
		{0D7C33FB-12CB-4ADC-8AE4-5528D49478E4}.Debug|x64.Build.0 = Debug|x64
		{0D7C33FB-12CB-4ADC-8AE4-5528D49478E4}.Debug|x86.ActiveCfg = Debug|Win32
		{0D7C33FB-12CB-4ADC-8AE4-5528D49478E4}.Debug|x86.Build.0 = Debug|Win32
		{0D7C33FB-12CB-4ADC-8AE4-5528D49478E4}.Release|x64.ActiveCfg = Release|x64
		{0D7C33FB-12CB-4ADC-8AE4-5528D49478E4}.Release|x64.Build.0 = Release|x64
		{0D7C33FB-12CB-4ADC-8AE4-5528D49478E4}.Release|x86.ActiveCfg = Release|Win32
		{0D7C33FB-12CB-4ADC-8AE4-5528D49478E4}.Release|x86.Build.0 = Release|Win32
		{7A1C4FCC-04E9-44E3-B0F3-07AD11C7C1E3}.Debug|x64.ActiveCfg = Debug|x64
		{7A1C4FCC-04E9-44E3-B0F3-07AD11C7C1E3}.Debug|x64.Build.0 = Debug|x64
		{7A1C4FCC-04E9-44E3-B0F3-07AD11C7C1E3}.Debug|x86.ActiveCfg = Debug|Win32
		{7A1C4FCC-04E9-44E3-B0F3-07AD11C7C1E3}.Debug|x86.Build.0 = Debug|Win32
		{7A1C4FCC-04E9-44E3-B0F3-07AD11C7C1E3}.Release|x64.ActiveCfg = Release|x64
		{7A1C4FCC-04E9-44E3-B0F3-07AD11C7C1E3}.Release|x64.Build.0 = Release|x64
		{7A1C4FCC-04E9-44E3-B0F3-07AD11C7C1E3}.Release|x86.ActiveCfg = Release|Win32
		{7A1C4FCC-04E9-44E3-B0F3-07AD11C7C1E3}.Release|x86.Build.0 = Release|Win32
		{32167832-46CA-4751-8941-DBB5517F43DC}.Debug|x64.ActiveCfg = Debug|x64
		{32167832-46CA-4751-8941-DBB5517F43DC}.Debug|x64.Build.0 = Debug|x64
		{32167832-46CA-4751-8941-DBB5517F43DC}.Debug|x86.ActiveCfg = Debug|Win32
		{32167832-46CA-4751-8941-DBB5517F43DC}.Debug|x86.Build.0 = Debug|Win32
		{32167832-46CA-4751-8941-DBB5517F43DC}.Release|x64.ActiveCfg = Release|x64
		{32167832-46CA-4751-8941-DBB5517F43DC}.Release|x64.Build.0 = Release|x64
		{32167832-46CA-4751-8941-DBB5517F43DC}.Release|x86.ActiveCfg = Release|Win32
		{32167832-46CA-4751-8941-DBB5517F43DC}.Release|x86.Build.0 = Release|Win32
		{374FB314-C12C-4ED9-A035-598407A3B672}.Debug|x64.ActiveCfg = Debug|x64
		{374FB314-C12C-4ED9-A035-598407A3B672}.Debug|x64.Build.0 = Debug|x64
		{374FB314-C12C-4ED9-A035-598407A3B672}.Debug|x86.ActiveCfg = Debug|Win32
		{374FB314-C12C-4ED9-A035-598407A3B672}.Debug|x86.Build.0 = Debug|Win32
		{374FB314-C12C-4ED9-A035-598407A3B672}.Release|x64.ActiveCfg = Release|x64
		{374FB314-C12C-4ED9-A035-598407A3B672}.Release|x64.Build.0 = Release|x64
		{374FB314-C12C-4ED9-A035-598407A3B672}.Release|x86.ActiveCfg = Release|Win32
		{374FB314-C12C-4ED9-A035-598407A3B672}.Release|x86.Build.0 = Release|Win32
		{1CE9CFA3-16BC-4974-97C8-78693523617F}.Debug|x64.ActiveCfg = Debug|x64
		{1CE9CFA3-16BC-4974-97C8-78693523617F}.Debug|x64.Build.0 = Debug|x64
		{1CE9CFA3-16BC-4974-97C8-78693523617F}.Debug|x86.ActiveCfg = Debug|Win32
		{1CE9CFA3-16BC-4974-97C8-78693523617F}.Debug|x86.Build.0 = Debug|Win32
		{1CE9CFA3-16BC-4974-97C8-78693523617F}.Release|x64.ActiveCfg = Release|x64
		{1CE9CFA3-16BC-4974-97C8-78693523617F}.Release|x64.Build.0 = Release|x64
		{1CE9CFA3-16BC-4974-97C8-78693523617F}.Release|x86.ActiveCfg = Release|Win32
		{1CE9CFA3-16BC-4974-97C8-78693523617F}.Release|x86.Build.0 = Release|Win32
		{E9D32A33-2807-4423-BD1A-CB45465B93EC}.Debug|x64.ActiveCfg = Debug|x64
		{E9D32A33-2807-4423-BD1A-CB45465B93EC}.Debug|x64.Build.0 = Debug|x64
		{E9D32A33-2807-4423-BD1A-CB45465B93EC}.Debug|x86.ActiveCfg = Debug|Win32
		{E9D32A33-2807-4423-BD1A-CB45465B93EC}.Debug|x86.Build.0 = Debug|Win32
		{E9D32A33-2807-4423-BD1A-CB45465B93EC}.Release|x64.ActiveCfg = Release|x64
		{E9D32A33-2807-4423-BD1A-CB45465B93EC}.Release|x64.Build.0 = Release|x64
		{E9D32A33-2807-4423-BD1A-CB45465B93EC}.Release|x86.ActiveCfg = Release|Win32
		{E9D32A33-2807-4423-BD1A-CB45465B93EC}.Release|x86.Build.0 = Release|Win32
		{268973BD-4CD8-4DB1-8CE6-EE401A75D8F9}.Debug|x64.ActiveCfg = Debug|x64
		{268973BD-4CD8-4DB1-8CE6-EE401A75D8F9}.Debug|x64.Build.0 = Debug|x64
		{268973BD-4CD8-4DB1-8CE6-EE401A75D8F9}.Debug|x86.ActiveCfg = Debug|Win32
		{268973BD-4CD8-4DB1-8CE6-EE401A75D8F9}.Debug|x86.Build.0 = Debug|Win32
		{268973BD-4CD8-4DB1-8CE6-EE401A75D8F9}.Release|x64.ActiveCfg = Release|x64
		{268973BD-4CD8-4DB1-8CE6-EE401A75D8F9}.Release|x64.Build.0 = Release|x64
		{268973BD-4CD8-4DB1-8CE6-EE401A75D8F9}.Release|x86.ActiveCfg = Release|Win32
		{268973BD-4CD8-4DB1-8CE6-EE401A75D8F9}.Release|x86.Build.0 = Release|Win32
		{F870214F-BAEB-4D87-AE77-F96A0F902F47}.Debug|x64.ActiveCfg = Debug|x64
		{F870214F-BAEB-4D87-AE77-F96A0F902F47}.Debug|x64.Build.0 = Debug|x64
		{F870214F-BAEB-4D87-AE77-F96A0F902F47}.Debug|x86.ActiveCfg = Debug|Win32
		{F870214F-BAEB-4D87-AE77-F96A0F902F47}.Debug|x86.Build.0 = Debug|Win32
		{F870214F-BAEB-4D87-AE77-F96A0F902F47}.Release|x64.ActiveCfg = Release|x64
		{F870214F-BAEB-4D87-AE77-F96A0F902F47}.Release|x64.Build.0 = Release|x64
		{F870214F-BAEB-4D87-AE77-F96A0F902F47}.Release|x86.ActiveCfg = Release|Win32
		{F870214F-BAEB-4D87-AE77-F96A0F902F47}.Release|x86.Build.0 = Release|Win32
		{0AD3396C-90ED-4094-BEFC-3893BAE5F3AD}.Debug|x64.ActiveCfg = Debug|x64
		{0AD3396C-90ED-4094-BEFC-3893BAE5F3AD}.Debug|x64.Build.0 = Debug|x64
		{0AD3396C-90ED-4094-BEFC-3893BAE5F3AD}.Debug|x86.ActiveCfg = Debug|Win32
		{0AD3396C-90ED-4094-BEFC-3893BAE5F3AD}.Debug|x86.Build.0 = Debug|Win32
		{0AD3396C-90ED-4094-BEFC-3893BAE5F3AD}.Release|x64.ActiveCfg = Release|x64
		{0AD3396C-90ED-4094-BEFC-3893BAE5F3AD}.Release|x64.Build.0 = Release|x64
		{0AD3396C-90ED-4094-BEFC-3893BAE5F3AD}.Release|x86.ActiveCfg = Release|Win32
		{0AD3396C-90ED-4094-BEFC-3893BAE5F3AD}.Release|x86.Build.0 = Release|Win32
		{10E7ED05-44C7-43A8-BCB6-6DC0CE3B1BE9}.Debug|x64.ActiveCfg = Debug|x64
		{10E7ED05-44C7-43A8-BCB6-6DC0CE3B1BE9}.Debug|x64.Build.0 = Debug|x64
		{10E7ED05-44C7-43A8-BCB6-6DC0CE3B1BE9}.Debug|x86.ActiveCfg = Debug|Win32
		{10E7ED05-44C7-43A8-BCB6-6DC0CE3B1BE9}.Debug|x86.Build.0 = Debug|Win32
		{10E7ED05-44C7-43A8-BCB6-6DC0CE3B1BE9}.Release|x64.ActiveCfg = Release|x64
		{10E7ED05-44C7-43A8-BCB6-6DC0CE3B1BE9}.Release|x64.Build.0 = Release|x64
		{10E7ED05-44C7-43A8-BCB6-6DC0CE3B1BE9}.Release|x86.ActiveCfg = Release|Win32
		{10E7ED05-44C7-43A8-BCB6-6DC0CE3B1BE9}.Release|x86.Build.0 = Release|Win32
		{E9D58FFC-B602-46E4-BCA2-B45692814642}.Debug|x64.ActiveCfg = Debug|x64
		{E9D58FFC-B602-46E4-BCA2-B45692814642}.Debug|x64.Build.0 = Debug|x64
		{E9D58FFC-B602-46E4-BCA2-B45692814642}.Debug|x86.ActiveCfg = Debug|Win32
		{E9D58FFC-B602-46E4-BCA2-B45692814642}.Debug|x86.Build.0 = Debug|Win32
		{E9D58FFC-B602-46E4-BCA2-B45692814642}.Release|x64.ActiveCfg = Release|x64
		{E9D58FFC-B602-46E4-BCA2-B45692814642}.Release|x64.Build.0 = Release|x64
		{E9D58FFC-B602-46E4-BCA2-B45692814642}.Release|x86.ActiveCfg = Release|Win32
		{E9D58FFC-B602-46E4-BCA2-B45692814642}.Release|x86.Build.0 = Release|Win32
		{64CAAD4C-6149-4337-92BC-DD3C43D6DABE}.Debug|x64.ActiveCfg = Debug|x64
		{64CAAD4C-6149-4337-92BC-DD3C43D6DABE}.Debug|x64.Build.0 = Debug|x64
		{64CAAD4C-6149-4337-92BC-DD3C43D6DABE}.Debug|x86.ActiveCfg = Debug|Win32
		{64CAAD4C-6149-4337-92BC-DD3C43D6DABE}.Debug|x86.Build.0 = Debug|Win32
		{64CAAD4C-6149-4337-92BC-DD3C43D6DABE}.Release|x64.ActiveCfg = Release|x64
		{64CAAD4C-6149-4337-92BC-DD3C43D6DABE}.Release|x64.Build.0 = Release|x64
		{64CAAD4C-6149-4337-92BC-DD3C43D6DABE}.Release|x86.ActiveCfg = Release|Win32
		{64CAAD4C-6149-4337-92BC-DD3C43D6DABE}.Release|x86.Build.0 = Release|Win32
		{E66DDD0E-D17D-43EB-B1A8-A96C6B34A8C3}.Debug|x64.ActiveCfg = Debug|x64
		{E66DDD0E-D17D-43EB-B1A8-A96C6B34A8C3}.Debug|x64.Build.0 = Debug|x64
		{E66DDD0E-D17D-43EB-B1A8-A96C6B34A8C3}.Debug|x86.ActiveCfg = Debug|Win32
		{E66DDD0E-D17D-43EB-B1A8-A96C6B34A8C3}.Debug|x86.Build.0 = Debug|Win32
		{E66DDD0E-D17D-43EB-B1A8-A96C6B34A8C3}.Release|x64.ActiveCfg = Release|x64
		{E66DDD0E-D17D-43EB-B1A8-A96C6B34A8C3}.Release|x64.Build.0 = Release|x64
		{E66DDD0E-D17D-43EB-B1A8-A96C6B34A8C3}.Release|x86.ActiveCfg = Release|Win32
		{E66DDD0E-D17D-43EB-B1A8-A96C6B34A8C3}.Release|x86.Build.0 = Release|Win32
		{80AF2733-3161-4BD1-9041-934BD893FF61}.Debug|x64.ActiveCfg = Debug|x64
		{80AF2733-3161-4BD1-9041-934BD893FF61}.Debug|x64.Build.0 = Debug|x64
		{80AF2733-3161-4BD1-9041-934BD893FF61}.Debug|x86.ActiveCfg = Debug|Win32
		{80AF2733-3161-4BD1-9041-934BD893FF61}.Debug|x86.Build.0 = Debug|Win32
		{80AF2733-3161-4BD1-9041-934BD893FF61}.Release|x64.ActiveCfg = Release|x64
		{80AF2733-3161-4BD1-9041-934BD893FF61}.Release|x64.Build.0 = Release|x64
		{80AF2733-3161-4BD1-9041-934BD893FF61}.Release|x86.ActiveCfg = Release|Win32
		{80AF2733-3161-4BD1-9041-934BD893FF61}.Release|x86.Build.0 = Release|Win32
		{9D594713-2483-4B62-8C55-C7C071146154}.Debug|x64.ActiveCfg = Debug|x64
		{9D594713-2483-4B62-8C55-C7C071146154}.Debug|x64.Build.0 = Debug|x64
		{9D594713-2483-4B62-8C55-C7C071146154}.Debug|x86.ActiveCfg = Debug|Win32
		{9D594713-2483-4B62-8C55-C7C071146154}.Debug|x86.Build.0 = Debug|Win32
		{9D594713-2483-4B62-8C55-C7C071146154}.Release|x64.ActiveCfg = Release|x64
		{9D594713-2483-4B62-8C55-C7C071146154}.Release|x64.Build.0 = Release|x64
		{9D594713-2483-4B62-8C55-C7C071146154}.Release|x86.ActiveCfg = Release|Win32
		{9D594713-2483-4B62-8C55-C7C071146154}.Release|x86.Build.0 = Release|Win32
		{B3C9042D-8F2F-4752-8C24-3644851B979A}.Debug|x64.ActiveCfg = Debug|x64
		{B3C9042D-8F2F-4752-8C24-3644851B979A}.Debug|x64.Build.0 = Debug|x64
		{B3C9042D-8F2F-4752-8C24-3644851B979A}.Debug|x86.ActiveCfg = Debug|Win32
		{B3C9042D-8F2F-4752-8C24-3644851B979A}.Debug|x86.Build.0 = Debug|Win32
		{B3C9042D-8F2F-4752-8C24-3644851B979A}.Release|x64.ActiveCfg = Release|x64
		{B3C9042D-8F2F-4752-8C24-3644851B979A}.Release|x64.Build.0 = Release|x64
		{B3C9042D-8F2F-4752-8C24-3644851B979A}.Release|x86.ActiveCfg = Release|Win32
		{B3C9042D-8F2F-4752-8C24-3644851B979A}.Release|x86.Build.0 = Release|Win32
		{CB870409-C5AB-4D63-934A-077B3F5033E1}.Debug|x64.ActiveCfg = Debug|x64
		{CB870409-C5AB-4D63-934A-077B3F5033E1}.Debug|x64.Build.0 = Debug|x64
		{CB870409-C5AB-4D63-934A-077B3F5033E1}.Debug|x86.ActiveCfg = Debug|Win32
		{CB870409-C5AB-4D63-934A-077B3F5033E1}.Debug|x86.Build.0 = Debug|Win32
		{CB870409-C5AB-4D63-934A-077B3F5033E1}.Release|x64.ActiveCfg = Release|x64
		{CB870409-C5AB-4D63-934A-077B3F5033E1}.Release|x64.Build.0 = Release|x64
		{CB870409-C5AB-4D63-934A-077B3F5033E1}.Release|x86.ActiveCfg = Release|Win32
		{CB870409-C5AB-4D63-934A-077B3F5033E1}.Release|x86.Build.0 = Release|Win32
		{43C67746-D754-4CD3-8130-466F99FA9C22}.Debug|x64.ActiveCfg = Debug|x64
		{43C67746-D754-4CD3-8130-466F99FA9C22}.Debug|x64.Build.0 = Debug|x64
		{43C67746-D754-4CD3-8130-466F99FA9C22}.Debug|x86.ActiveCfg = Debug|Win32
		{43C67746-D754-4CD3-8130-466F99FA9C22}.Debug|x86.Build.0 = Debug|Win32
		{43C67746-D754-4CD3-8130-466F99FA9C22}.Release|x64.ActiveCfg = Release|x64
		{43C67746-D754-4CD3-8130-466F99FA9C22}.Release|x64.Build.0 = Release|x64
		{43C67746-D754-4CD3-8130-466F99FA9C22}.Release|x86.ActiveCfg = Release|Win32
		{43C67746-D754-4CD3-8130-466F99FA9C22}.Release|x86.Build.0 = Release|Win32
		{322A9201-F9D4-4014-8C3C-0219F93DD03B}.Debug|x64.ActiveCfg = Debug|x64
		{322A9201-F9D4-4014-8C3C-0219F93DD03B}.Debug|x64.Build.0 = Debug|x64
		{322A9201-F9D4-4014-8C3C-0219F93DD03B}.Debug|x86.ActiveCfg = Debug|Win32
		{322A9201-F9D4-4014-8C3C-0219F93DD03B}.Debug|x86.Build.0 = Debug|Win32
		{322A9201-F9D4-4014-8C3C-0219F93DD03B}.Release|x64.ActiveCfg = Release|x64
		{322A9201-F9D4-4014-8C3C-0219F93DD03B}.Release|x64.Build.0 = Release|x64
		{322A9201-F9D4-4014-8C3C-0219F93DD03B}.Release|x86.ActiveCfg = Release|Win32
		{322A9201-F9D4-4014-8C3C-0219F93DD03B}.Release|x86.Build.0 = Release|Win32
		{A1D7CA19-989A-4931-989A-5F835DB4C180}.Debug|x64.ActiveCfg = Debug|x64
		{A1D7CA19-989A-4931-989A-5F835DB4C180}.Debug|x64.Build.0 = Debug|x64
		{A1D7CA19-989A-4931-989A-5F835DB4C180}.Debug|x86.ActiveCfg = Debug|Win32
		{A1D7CA19-989A-4931-989A-5F835DB4C180}.Debug|x86.Build.0 = Debug|Win32
		{A1D7CA19-989A-4931-989A-5F835DB4C180}.Release|x64.ActiveCfg = Release|x64
		{A1D7CA19-989A-4931-989A-5F835DB4C180}.Release|x64.Build.0 = Release|x64
		{A1D7CA19-989A-4931-989A-5F835DB4C180}.Release|x86.ActiveCfg = Release|Win32
		{A1D7CA19-989A-4931-989A-5F835DB4C180}.Release|x86.Build.0 = Release|Win32
		{F81CAF45-B984-4B25-839D-6D2E00134393}.Debug|x64.ActiveCfg = Debug|x64
		{F81CAF45-B984-4B25-839D-6D2E00134393}.Debug|x64.Build.0 = Debug|x64
		{F81CAF45-B984-4B25-839D-6D2E00134393}.Debug|x86.ActiveCfg = Debug|Win32
		{F81CAF45-B984-4B25-839D-6D2E00134393}.Debug|x86.Build.0 = Debug|Win32
		{F81CAF45-B984-4B25-839D-6D2E00134393}.Release|x64.ActiveCfg = Release|x64
		{F81CAF45-B984-4B25-839D-6D2E00134393}.Release|x64.Build.0 = Release|x64
		{F81CAF45-B984-4B25-839D-6D2E00134393}.Release|x86.ActiveCfg = Release|Win32
		{F81CAF45-B984-4B25-839D-6D2E00134393}.Release|x86.Build.0 = Release|Win32
		{9DF5962D-0416-4E20-842A-A26D0DAAA243}.Debug|x64.ActiveCfg = Debug|x64
		{9DF5962D-0416-4E20-842A-A26D0DAAA243}.Debug|x64.Build.0 = Debug|x64
		{9DF5962D-0416-4E20-842A-A26D0DAAA243}.Debug|x86.ActiveCfg = Debug|Win32
		{9DF5962D-0416-4E20-842A-A26D0DAAA243}.Debug|x86.Build.0 = Debug|Win32
		{9DF5962D-0416-4E20-842A-A26D0DAAA243}.Release|x64.ActiveCfg = Release|x64
		{9DF5962D-0416-4E20-842A-A26D0DAAA243}.Release|x64.Build.0 = Release|x64
		{9DF5962D-0416-4E20-842A-A26D0DAAA243}.Release|x86.ActiveCfg = Release|Win32
		{9DF5962D-0416-4E20-842A-A26D0DAAA243}.Release|x86.Build.0 = Release|Win32
		{A8B7B020-BEC1-453D-94E6-1650B2C6C262}.Debug|x64.ActiveCfg = Debug|x64
		{A8B7B020-BEC1-453D-94E6-1650B2C6C262}.Debug|x64.Build.0 = Debug|x64
		{A8B7B020-BEC1-453D-94E6-1650B2C6C262}.Debug|x86.ActiveCfg = Debug|Win32
		{A8B7B020-BEC1-453D-94E6-1650B2C6C262}.Debug|x86.Build.0 = Debug|Win32
		{A8B7B020-BEC1-453D-94E6-1650B2C6C262}.Release|x64.ActiveCfg = Release|x64
		{A8B7B020-BEC1-453D-94E6-1650B2C6C262}.Release|x64.Build.0 = Release|x64
		{A8B7B020-BEC1-453D-94E6-1650B2C6C262}.Release|x86.ActiveCfg = Release|Win32
		{A8B7B020-BEC1-453D-94E6-1650B2C6C262}.Release|x86.Build.0 = Release|Win32
		{64A7C719-72DC-4A19-B61E-2FBDD1A850A6}.Debug|x64.ActiveCfg = Debug|x64
		{64A7C719-72DC-4A19-B61E-2FBDD1A850A6}.Debug|x64.Build.0 = Debug|x64
		{64A7C719-72DC-4A19-B61E-2FBDD1A850A6}.Debug|x86.ActiveCfg = Debug|Win32
		{64A7C719-72DC-4A19-B61E-2FBDD1A850A6}.Debug|x86.Build.0 = Debug|Win32
		{64A7C719-72DC-4A19-B61E-2FBDD1A850A6}.Release|x64.ActiveCfg = Release|x64
		{64A7C719-72DC-4A19-B61E-2FBDD1A850A6}.Release|x64.Build.0 = Release|x64
		{64A7C719-72DC-4A19-B61E-2FBDD1A850A6}.Release|x86.ActiveCfg = Release|Win32
		{64A7C719-72DC-4A19-B61E-2FBDD1A850A6}.Release|x86.Build.0 = Release|Win32
		{CA205629-AE8F-4311-AE03-EE88842C48D2}.Debug|x64.ActiveCfg = Debug|x64
		{CA205629-AE8F-4311-AE03-EE88842C48D2}.Debug|x64.Build.0 = Debug|x64
		{CA205629-AE8F-4311-AE03-EE88842C48D2}.Debug|x86.ActiveCfg = Debug|Win32
		{CA205629-AE8F-4311-AE03-EE88842C48D2}.Debug|x86.Build.0 = Debug|Win32
		{CA205629-AE8F-4311-AE03-EE88842C48D2}.Release|x64.ActiveCfg = Release|x64
		{CA205629-AE8F-4311-AE03-EE88842C48D2}.Release|x64.Build.0 = Release|x64
		{CA205629-AE8F-4311-AE03-EE88842C48D2}.Release|x86.ActiveCfg = Release|Win32
		{CA205629-AE8F-4311-AE03-EE88842C48D2}.Release|x86.Build.0 = Release|Win32
		{17343444-D753-485A-B888-0EE6039A5A4D}.Debug|x64.ActiveCfg = Debug|x64
		{17343444-D753-485A-B888-0EE6039A5A4D}.Debug|x64.Build.0 = Debug|x64
		{17343444-D753-485A-B888-0EE6039A5A4D}.Debug|x86.ActiveCfg = Debug|Win32
		{17343444-D753-485A-B888-0EE6039A5A4D}.Debug|x86.Build.0 = Debug|Win32
		{17343444-D753-485A-B888-0EE6039A5A4D}.Release|x64.ActiveCfg = Release|x64
		{17343444-D753-485A-B888-0EE6039A5A4D}.Release|x64.Build.0 = Release|x64
		{17343444-D753-485A-B888-0EE6039A5A4D}.Release|x86.ActiveCfg = Release|Win32
		{17343444-D753-485A-B888-0EE6039A5A4D}.Release|x86.Build.0 = Release|Win32
		{4F1B22FF-A4E6-4ABA-9520-AF87BE575F4E}.Debug|x64.ActiveCfg = Debug|x64
		{4F1B22FF-A4E6-4ABA-9520-AF87BE575F4E}.Debug|x64.Build.0 = Debug|x64
		{4F1B22FF-A4E6-4ABA-9520-AF87BE575F4E}.Debug|x86.ActiveCfg = Debug|Win32
		{4F1B22FF-A4E6-4ABA-9520-AF87BE575F4E}.Debug|x86.Build.0 = Debug|Win32
		{4F1B22FF-A4E6-4ABA-9520-AF87BE575F4E}.Release|x64.ActiveCfg = Release|x64
		{4F1B22FF-A4E6-4ABA-9520-AF87BE575F4E}.Release|x64.Build.0 = Release|x64
		{4F1B22FF-A4E6-4ABA-9520-AF87BE575F4E}.Release|x86.ActiveCfg = Release|Win32
		{4F1B22FF-A4E6-4ABA-9520-AF87BE575F4E}.Release|x86.Build.0 = Release|Win32
		{11D9A7AB-81A3-4D4A-A8CF-EF8F6272F620}.Debug|x64.ActiveCfg = Debug|x64
		{11D9A7AB-81A3-4D4A-A8CF-EF8F6272F620}.Debug|x64.Build.0 = Debug|x64
		{11D9A7AB-81A3-4D4A-A8CF-EF8F6272F620}.Debug|x86.ActiveCfg = Debug|Win32
		{11D9A7AB-81A3-4D4A-A8CF-EF8F6272F620}.Debug|x86.Build.0 = Debug|Win32
		{11D9A7AB-81A3-4D4A-A8CF-EF8F6272F620}.Release|x64.ActiveCfg = Release|x64
		{11D9A7AB-81A3-4D4A-A8CF-EF8F6272F620}.Release|x64.Build.0 = Release|x64
		{11D9A7AB-81A3-4D4A-A8CF-EF8F6272F620}.Release|x86.ActiveCfg = Release|Win32
		{11D9A7AB-81A3-4D4A-A8CF-EF8F6272F620}.Release|x86.Build.0 = Release|Win32
		{AB8F7F11-52B0-41FD-8653-F5D50EB02315}.Debug|x64.ActiveCfg = Debug|x64
		{AB8F7F11-52B0-41FD-8653-F5D50EB02315}.Debug|x64.Build.0 = Debug|x64
		{AB8F7F11-52B0-41FD-8653-F5D50EB02315}.Debug|x86.ActiveCfg = Debug|Win32
		{AB8F7F11-52B0-41FD-8653-F5D50EB02315}.Debug|x86.Build.0 = Debug|Win32
		{AB8F7F11-52B0-41FD-8653-F5D50EB02315}.Release|x64.ActiveCfg = Release|x64
		{AB8F7F11-52B0-41FD-8653-F5D50EB02315}.Release|x64.Build.0 = Release|x64
		{AB8F7F11-52B0-41FD-8653-F5D50EB02315}.Release|x86.ActiveCfg = Release|Win32
		{AB8F7F11-52B0-41FD-8653-F5D50EB02315}.Release|x86.Build.0 = Release|Win32
		{D0223C67-7747-4EC8-9FA2-DC2067AE7CC7}.Debug|x64.ActiveCfg = Debug|x64
		{D0223C67-7747-4EC8-9FA2-DC2067AE7CC7}.Debug|x64.Build.0 = Debug|x64
		{D0223C67-7747-4EC8-9FA2-DC2067AE7CC7}.Debug|x86.ActiveCfg = Debug|Win32
		{D0223C67-7747-4EC8-9FA2-DC2067AE7CC7}.Debug|x86.Build.0 = Debug|Win32
		{D0223C67-7747-4EC8-9FA2-DC2067AE7CC7}.Release|x64.ActiveCfg = Release|x64
		{D0223C67-7747-4EC8-9FA2-DC2067AE7CC7}.Release|x64.Build.0 = Release|x64
		{D0223C67-7747-4EC8-9FA2-DC2067AE7CC7}.Release|x86.ActiveCfg = Release|Win32
		{D0223C67-7747-4EC8-9FA2-DC2067AE7CC7}.Release|x86.Build.0 = Release|Win32
		{9132F134-EDF5-4DD2-A3BB-BDFB8B0DDC62}.Debug|x64.ActiveCfg = Debug|x64
		{9132F134-EDF5-4DD2-A3BB-BDFB8B0DDC62}.Debug|x64.Build.0 = Debug|x64
		{9132F134-EDF5-4DD2-A3BB-BDFB8B0DDC62}.Debug|x86.ActiveCfg = Debug|Win32
		{9132F134-EDF5-4DD2-A3BB-BDFB8B0DDC62}.Debug|x86.Build.0 = Debug|Win32
		{9132F134-EDF5-4DD2-A3BB-BDFB8B0DDC62}.Release|x64.ActiveCfg = Release|x64
		{9132F134-EDF5-4DD2-A3BB-BDFB8B0DDC62}.Release|x64.Build.0 = Release|x64
		{9132F134-EDF5-4DD2-A3BB-BDFB8B0DDC62}.Release|x86.ActiveCfg = Release|Win32
		{9132F134-EDF5-4DD2-A3BB-BDFB8B0DDC62}.Release|x86.Build.0 = Release|Win32
		{969E3EF9-3AFF-4A53-A88A-52CB4AA4BB23}.Debug|x64.ActiveCfg = Debug|x64
		{969E3EF9-3AFF-4A53-A88A-52CB4AA4BB23}.Debug|x64.Build.0 = Debug|x64
		{969E3EF9-3AFF-4A53-A88A-52CB4AA4BB23}.Debug|x86.ActiveCfg = Debug|Win32
		{969E3EF9-3AFF-4A53-A88A-52CB4AA4BB23}.Debug|x86.Build.0 = Debug|Win32
		{969E3EF9-3AFF-4A53-A88A-52CB4AA4BB23}.Release|x64.ActiveCfg = Release|x64
		{969E3EF9-3AFF-4A53-A88A-52CB4AA4BB23}.Release|x64.Build.0 = Release|x64
		{969E3EF9-3AFF-4A53-A88A-52CB4AA4BB23}.Release|x86.ActiveCfg = Release|Win32
		{969E3EF9-3AFF-4A53-A88A-52CB4AA4BB23}.Release|x86.Build.0 = Release|Win32
		{B2B88792-3DB8-4120-9897-2CBFB95BFFC6}.Debug|x64.ActiveCfg = Debug|x64
		{B2B88792-3DB8-4120-9897-2CBFB95BFFC6}.Debug|x64.Build.0 = Debug|x64
		{B2B88792-3DB8-4120-9897-2CBFB95BFFC6}.Debug|x86.ActiveCfg = Debug|Win32
		{B2B88792-3DB8-4120-9897-2CBFB95BFFC6}.Debug|x86.Build.0 = Debug|Win32
		{B2B88792-3DB8-4120-9897-2CBFB95BFFC6}.Release|x64.ActiveCfg = Release|x64
		{B2B88792-3DB8-4120-9897-2CBFB95BFFC6}.Release|x64.Build.0 = Release|x64
		{B2B88792-3DB8-4120-9897-2CBFB95BFFC6}.Release|x86.ActiveCfg = Release|Win32
		{B2B88792-3DB8-4120-9897-2CBFB95BFFC6}.Release|x86.Build.0 = Release|Win32
		{F77EA7D1-E386-4441-94ED-B7D9D34A3E9B}.Debug|x64.ActiveCfg = Debug|x64
		{F77EA7D1-E386-4441-94ED-B7D9D34A3E9B}.Debug|x64.Build.0 = Debug|x64
		{F77EA7D1-E386-4441-94ED-B7D9D34A3E9B}.Debug|x86.ActiveCfg = Debug|Win32
		{F77EA7D1-E386-4441-94ED-B7D9D34A3E9B}.Debug|x86.Build.0 = Debug|Win32
		{F77EA7D1-E386-4441-94ED-B7D9D34A3E9B}.Release|x64.ActiveCfg = Release|x64
		{F77EA7D1-E386-4441-94ED-B7D9D34A3E9B}.Release|x64.Build.0 = Release|x64
		{F77EA7D1-E386-4441-94ED-B7D9D34A3E9B}.Release|x86.ActiveCfg = Release|Win32
		{F77EA7D1-E386-4441-94ED-B7D9D34A3E9B}.Release|x86.Build.0 = Release|Win32
		{52D55756-FACC-4874-9BBC-92EBBBA6F1D0}.Debug|x64.ActiveCfg = Debug|x64
		{52D55756-FACC-4874-9BBC-92EBBBA6F1D0}.Debug|x64.Build.0 = Debug|x64
		{52D55756-FACC-4874-9BBC-92EBBBA6F1D0}.Debug|x86.ActiveCfg = Debug|Win32
		{52D55756-FACC-4874-9BBC-92EBBBA6F1D0}.Debug|x86.Build.0 = Debug|Win32
		{52D55756-FACC-4874-9BBC-92EBBBA6F1D0}.Release|x64.ActiveCfg = Release|x64
		{52D55756-FACC-4874-9BBC-92EBBBA6F1D0}.Release|x64.Build.0 = Release|x64
		{52D55756-FACC-4874-9BBC-92EBBBA6F1D0}.Release|x86.ActiveCfg = Release|Win32
		{52D55756-FACC-4874-9BBC-92EBBBA6F1D0}.Release|x86.Build.0 = Release|Win32
		{E9A48EFF-8842-40C9-8058-569D0E5EC497}.Debug|x64.ActiveCfg = Debug|x64
		{E9A48EFF-8842-40C9-8058-569D0E5EC497}.Debug|x64.Build.0 = Debug|x64
		{E9A48EFF-8842-40C9-8058-569D0E5EC497}.Debug|x86.ActiveCfg = Debug|Win32
		{E9A48EFF-8842-40C9-8058-569D0E5EC497}.Debug|x86.Build.0 = Debug|Win32
		{E9A48EFF-8842-40C9-8058-569D0E5EC497}.Release|x64.ActiveCfg = Release|x64
		{E9A48EFF-8842-40C9-8058-569D0E5EC497}.Release|x64.Build.0 = Release|x64
		{E9A48EFF-8842-40C9-8058-569D0E5EC497}.Release|x86.ActiveCfg = Release|Win32
		{E9A48EFF-8842-40C9-8058-569D0E5EC497}.Release|x86.Build.0 = Release|Win32
		{8B59D213-C46F-44B1-A4F2-B3E1D7AC7B6E}.Debug|x64.ActiveCfg = Debug|x64
		{8B59D213-C46F-44B1-A4F2-B3E1D7AC7B6E}.Debug|x64.Build.0 = Debug|x64
		{8B59D213-C46F-44B1-A4F2-B3E1D7AC7B6E}.Debug|x86.ActiveCfg = Debug|Win32
		{8B59D213-C46F-44B1-A4F2-B3E1D7AC7B6E}.Debug|x86.Build.0 = Debug|Win32
		{8B59D213-C46F-44B1-A4F2-B3E1D7AC7B6E}.Release|x64.ActiveCfg = Release|x64
		{8B59D213-C46F-44B1-A4F2-B3E1D7AC7B6E}.Release|x64.Build.0 = Release|x64
		{8B59D213-C46F-44B1-A4F2-B3E1D7AC7B6E}.Release|x86.ActiveCfg = Release|Win32
		{8B59D213-C46F-44B1-A4F2-B3E1D7AC7B6E}.Release|x86.Build.0 = Release|Win32
		{CB4DC724-BA4B-425C-B79C-78039B4E835A}.Debug|x64.ActiveCfg = Debug|x64
		{CB4DC724-BA4B-425C-B79C-78039B4E835A}.Debug|x64.Build.0 = Debug|x64
		{CB4DC724-BA4B-425C-B79C-78039B4E835A}.Debug|x86.ActiveCfg = Debug|Win32
		{CB4DC724-BA4B-425C-B79C-78039B4E835A}.Debug|x86.Build.0 = Debug|Win32
		{CB4DC724-BA4B-425C-B79C-78039B4E835A}.Release|x64.ActiveCfg = Release|x64
		{CB4DC724-BA4B-425C-B79C-78039B4E835A}.Release|x64.Build.0 = Release|x64
		{CB4DC724-BA4B-425C-B79C-78039B4E835A}.Release|x86.ActiveCfg = Release|Win32
		{CB4DC724-BA4B-425C-B79C-78039B4E835A}.Release|x86.Build.0 = Release|Win32
		{4BCCAC4D-0292-435E-B8D3-F0E209D82923}.Debug|x64.ActiveCfg = Debug|x64
		{4BCCAC4D-0292-435E-B8D3-F0E209D82923}.Debug|x64.Build.0 = Debug|x64
		{4BCCAC4D-0292-435E-B8D3-F0E209D82923}.Debug|x86.ActiveCfg = Debug|Win32
		{4BCCAC4D-0292-435E-B8D3-F0E209D82923}.Debug|x86.Build.0 = Debug|Win32
		{4BCCAC4D-0292-435E-B8D3-F0E209D82923}.Release|x64.ActiveCfg = Release|x64
		{4BCCAC4D-0292-435E-B8D3-F0E209D82923}.Release|x64.Build.0 = Release|x64
		{4BCCAC4D-0292-435E-B8D3-F0E209D82923}.Release|x86.ActiveCfg = Release|Win32
		{4BCCAC4D-0292-435E-B8D3-F0E209D82923}.Release|x86.Build.0 = Release|Win32
		{145C888E-F08C-4877-80D0-DCF52FB33FBD}.Debug|x64.ActiveCfg = Debug|x64
		{145C888E-F08C-4877-80D0-DCF52FB33FBD}.Debug|x64.Build.0 = Debug|x64
		{145C888E-F08C-4877-80D0-DCF52FB33FBD}.Debug|x86.ActiveCfg = Debug|Win32
		{145C888E-F08C-4877-80D0-DCF52FB33FBD}.Debug|x86.Build.0 = Debug|Win32
		{145C888E-F08C-4877-80D0-DCF52FB33FBD}.Release|x64.ActiveCfg = Release|x64
		{145C888E-F08C-4877-80D0-DCF52FB33FBD}.Release|x64.Build.0 = Release|x64
		{145C888E-F08C-4877-80D0-DCF52FB33FBD}.Release|x86.ActiveCfg = Release|Win32
		{145C888E-F08C-4877-80D0-DCF52FB33FBD}.Release|x86.Build.0 = Release|Win32
		{0455C316-5720-4CB3-9D08-3B954BEF71BB}.Debug|x64.ActiveCfg = Debug|x64
		{0455C316-5720-4CB3-9D08-3B954BEF71BB}.Debug|x64.Build.0 = Debug|x64
		{0455C316-5720-4CB3-9D08-3B954BEF71BB}.Debug|x86.ActiveCfg = Debug|Win32
		{0455C316-5720-4CB3-9D08-3B954BEF71BB}.Debug|x86.Build.0 = Debug|Win32
		{0455C316-5720-4CB3-9D08-3B954BEF71BB}.Release|x64.ActiveCfg = Release|x64
		{0455C316-5720-4CB3-9D08-3B954BEF71BB}.Release|x64.Build.0 = Release|x64
		{0455C316-5720-4CB3-9D08-3B954BEF71BB}.Release|x86.ActiveCfg = Release|Win32
		{0455C316-5720-4CB3-9D08-3B954BEF71BB}.Release|x86.Build.0 = Release|Win32
		{1803B88E-2919-426B-AD2D-5FB29DC12BDB}.Debug|x64.ActiveCfg = Debug|x64
		{1803B88E-2919-426B-AD2D-5FB29DC12BDB}.Debug|x64.Build.0 = Debug|x64
		{1803B88E-2919-426B-AD2D-5FB29DC12BDB}.Debug|x86.ActiveCfg = Debug|Win32
		{1803B88E-2919-426B-AD2D-5FB29DC12BDB}.Debug|x86.Build.0 = Debug|Win32
		{1803B88E-2919-426B-AD2D-5FB29DC12BDB}.Release|x64.ActiveCfg = Release|x64
		{1803B88E-2919-426B-AD2D-5FB29DC12BDB}.Release|x64.Build.0 = Release|x64
		{1803B88E-2919-426B-AD2D-5FB29DC12BDB}.Release|x86.ActiveCfg = Release|Win32
		{1803B88E-2919-426B-AD2D-5FB29DC12BDB}.Release|x86.Build.0 = Release|Win32
		{34B72454-A77E-4653-BFBB-C817CC80984B}.Debug|x64.ActiveCfg = Debug|x64
		{34B72454-A77E-4653-BFBB-C817CC80984B}.Debug|x64.Build.0 = Debug|x64
		{34B72454-A77E-4653-BFBB-C817CC80984B}.Debug|x86.ActiveCfg = Debug|Win32
		{34B72454-A77E-4653-BFBB-C817CC80984B}.Debug|x86.Build.0 = Debug|Win32
		{34B72454-A77E-4653-BFBB-C817CC80984B}.Release|x64.ActiveCfg = Release|x64
		{34B72454-A77E-4653-BFBB-C817CC80984B}.Release|x64.Build.0 = Release|x64
		{34B72454-A77E-4653-BFBB-C817CC80984B}.Release|x86.ActiveCfg = Release|Win32
		{34B72454-A77E-4653-BFBB-C817CC80984B}.Release|x86.Build.0 = Release|Win32
		{2713FB8C-ACCD-43D2-970F-AB1614E9E0DB}.Debug|x64.ActiveCfg = Debug|x64
		{2713FB8C-ACCD-43D2-970F-AB1614E9E0DB}.Debug|x64.Build.0 = Debug|x64
		{2713FB8C-ACCD-43D2-970F-AB1614E9E0DB}.Debug|x86.ActiveCfg = Debug|Win32
		{2713FB8C-ACCD-43D2-970F-AB1614E9E0DB}.Debug|x86.Build.0 = Debug|Win32
		{2713FB8C-ACCD-43D2-970F-AB1614E9E0DB}.Release|x64.ActiveCfg = Release|x64
		{2713FB8C-ACCD-43D2-970F-AB1614E9E0DB}.Release|x64.Build.0 = Release|x64
		{2713FB8C-ACCD-43D2-970F-AB1614E9E0DB}.Release|x86.ActiveCfg = Release|Win32
		{2713FB8C-ACCD-43D2-970F-AB1614E9E0DB}.Release|x86.Build.0 = Release|Win32
		{BB34C918-210F-483B-A0F2-05646C49084D}.Debug|x64.ActiveCfg = Debug|x64
		{BB34C918-210F-483B-A0F2-05646C49084D}.Debug|x64.Build.0 = Debug|x64
		{BB34C918-210F-483B-A0F2-05646C49084D}.Debug|x86.ActiveCfg = Debug|Win32
		{BB34C918-210F-483B-A0F2-05646C49084D}.Debug|x86.Build.0 = Debug|Win32
		{BB34C918-210F-483B-A0F2-05646C49084D}.Release|x64.ActiveCfg = Release|x64
		{BB34C918-210F-483B-A0F2-05646C49084D}.Release|x64.Build.0 = Release|x64
		{BB34C918-210F-483B-A0F2-05646C49084D}.Release|x86.ActiveCfg = Release|Win32
		{BB34C918-210F-483B-A0F2-05646C49084D}.Release|x86.Build.0 = Release|Win32
		{E249D90C-716F-48A5-8617-47F281048591}.Debug|x64.ActiveCfg = Debug|x64
		{E249D90C-716F-48A5-8617-47F281048591}.Debug|x64.Build.0 = Debug|x64
		{E249D90C-716F-48A5-8617-47F281048591}.Debug|x86.ActiveCfg = Debug|Win32
		{E249D90C-716F-48A5-8617-47F281048591}.Debug|x86.Build.0 = Debug|Win32
		{E249D90C-716F-48A5-8617-47F281048591}.Release|x64.ActiveCfg = Release|x64
		{E249D90C-716F-48A5-8617-47F281048591}.Release|x64.Build.0 = Release|x64
		{E249D90C-716F-48A5-8617-47F281048591}.Release|x86.ActiveCfg = Release|Win32
		{E249D90C-716F-48A5-8617-47F281048591}.Release|x86.Build.0 = Release|Win32
		{F73DFAB1-6CC3-4C04-8FD4-5A8643A72924}.Debug|x64.ActiveCfg = Debug|x64
		{F73DFAB1-6CC3-4C04-8FD4-5A8643A72924}.Debug|x64.Build.0 = Debug|x64
		{F73DFAB1-6CC3-4C04-8FD4-5A8643A72924}.Debug|x86.ActiveCfg = Debug|Win32
		{F73DFAB1-6CC3-4C04-8FD4-5A8643A72924}.Debug|x86.Build.0 = Debug|Win32
		{F73DFAB1-6CC3-4C04-8FD4-5A8643A72924}.Release|x64.ActiveCfg = Release|x64
		{F73DFAB1-6CC3-4C04-8FD4-5A8643A72924}.Release|x64.Build.0 = Release|x64
		{F73DFAB1-6CC3-4C04-8FD4-5A8643A72924}.Release|x86.ActiveCfg = Release|Win32
		{F73DFAB1-6CC3-4C04-8FD4-5A8643A72924}.Release|x86.Build.0 = Release|Win32
		{80029534-A20B-4A65-8A19-1453E744971D}.Debug|x64.ActiveCfg = Debug|x64
		{80029534-A20B-4A65-8A19-1453E744971D}.Debug|x64.Build.0 = Debug|x64
		{80029534-A20B-4A65-8A19-1453E744971D}.Debug|x86.ActiveCfg = Debug|Win32
		{80029534-A20B-4A65-8A19-1453E744971D}.Debug|x86.Build.0 = Debug|Win32
		{80029534-A20B-4A65-8A19-1453E744971D}.Release|x64.ActiveCfg = Release|x64
		{80029534-A20B-4A65-8A19-1453E744971D}.Release|x64.Build.0 = Release|x64
		{80029534-A20B-4A65-8A19-1453E744971D}.Release|x86.ActiveCfg = Release|Win32
		{80029534-A20B-4A65-8A19-1453E744971D}.Release|x86.Build.0 = Release|Win32
		{E91F212A-ECB0-4C73-A9E0-06CCB383D1F1}.Debug|x64.ActiveCfg = Debug|x64
		{E91F212A-ECB0-4C73-A9E0-06CCB383D1F1}.Debug|x64.Build.0 = Debug|x64
		{E91F212A-ECB0-4C73-A9E0-06CCB383D1F1}.Debug|x86.ActiveCfg = Debug|Win32
		{E91F212A-ECB0-4C73-A9E0-06CCB383D1F1}.Debug|x86.Build.0 = Debug|Win32
		{E91F212A-ECB0-4C73-A9E0-06CCB383D1F1}.Release|x64.ActiveCfg = Release|x64
		{E91F212A-ECB0-4C73-A9E0-06CCB383D1F1}.Release|x64.Build.0 = Release|x64
		{E91F212A-ECB0-4C73-A9E0-06CCB383D1F1}.Release|x86.ActiveCfg = Release|Win32
		{E91F212A-ECB0-4C73-A9E0-06CCB383D1F1}.Release|x86.Build.0 = Release|Win32
		{80DCE053-D6B3-46DE-B2CC-FD197F4CACF6}.Debug|x64.ActiveCfg = Debug|x64
		{80DCE053-D6B3-46DE-B2CC-FD197F4CACF6}.Debug|x64.Build.0 = Debug|x64
		{80DCE053-D6B3-46DE-B2CC-FD197F4CACF6}.Debug|x86.ActiveCfg = Debug|Win32
		{80DCE053-D6B3-46DE-B2CC-FD197F4CACF6}.Debug|x86.Build.0 = Debug|Win32
		{80DCE053-D6B3-46DE-B2CC-FD197F4CACF6}.Release|x64.ActiveCfg = Release|x64
		{80DCE053-D6B3-46DE-B2CC-FD197F4CACF6}.Release|x64.Build.0 = Release|x64
		{80DCE053-D6B3-46DE-B2CC-FD197F4CACF6}.Release|x86.ActiveCfg = Release|Win32
		{80DCE053-D6B3-46DE-B2CC-FD197F4CACF6}.Release|x86.Build.0 = Release|Win32
		{63F3352C-C4BB-4C37-AF8B-F2EE43CADBFA}.Debug|x64.ActiveCfg = Debug|x64
		{63F3352C-C4BB-4C37-AF8B-F2EE43CADBFA}.Debug|x64.Build.0 = Debug|x64
		{63F3352C-C4BB-4C37-AF8B-F2EE43CADBFA}.Debug|x86.ActiveCfg = Debug|Win32
		{63F3352C-C4BB-4C37-AF8B-F2EE43CADBFA}.Debug|x86.Build.0 = Debug|Win32
		{63F3352C-C4BB-4C37-AF8B-F2EE43CADBFA}.Release|x64.ActiveCfg = Release|x64
		{63F3352C-C4BB-4C37-AF8B-F2EE43CADBFA}.Release|x64.Build.0 = Release|x64
		{63F3352C-C4BB-4C37-AF8B-F2EE43CADBFA}.Release|x86.ActiveCfg = Release|Win32
		{63F3352C-C4BB-4C37-AF8B-F2EE43CADBFA}.Release|x86.Build.0 = Release|Win32
		{E2FD8396-16F7-448F-B139-74FE19C30B1D}.Debug|x64.ActiveCfg = Debug|x64
		{E2FD8396-16F7-448F-B139-74FE19C30B1D}.Debug|x64.Build.0 = Debug|x64
		{E2FD8396-16F7-448F-B139-74FE19C30B1D}.Debug|x86.ActiveCfg = Debug|Win32
		{E2FD8396-16F7-448F-B139-74FE19C30B1D}.Debug|x86.Build.0 = Debug|Win32
		{E2FD8396-16F7-448F-B139-74FE19C30B1D}.Release|x64.ActiveCfg = Release|x64
		{E2FD8396-16F7-448F-B139-74FE19C30B1D}.Release|x64.Build.0 = Release|x64
		{E2FD8396-16F7-448F-B139-74FE19C30B1D}.Release|x86.ActiveCfg = Release|Win32
		{E2FD8396-16F7-448F-B139-74FE19C30B1D}.Release|x86.Build.0 = Release|Win32
		{9CA01814-BF9E-44A8-8EAF-27A1C0FD0B4F}.Debug|x64.ActiveCfg = Debug|x64
		{9CA01814-BF9E-44A8-8EAF-27A1C0FD0B4F}.Debug|x64.Build.0 = Debug|x64
		{9CA01814-BF9E-44A8-8EAF-27A1C0FD0B4F}.Debug|x86.ActiveCfg = Debug|Win32
		{9CA01814-BF9E-44A8-8EAF-27A1C0FD0B4F}.Debug|x86.Build.0 = Debug|Win32
		{9CA01814-BF9E-44A8-8EAF-27A1C0FD0B4F}.Release|x64.ActiveCfg = Release|x64
		{9CA01814-BF9E-44A8-8EAF-27A1C0FD0B4F}.Release|x64.Build.0 = Release|x64
		{9CA01814-BF9E-44A8-8EAF-27A1C0FD0B4F}.Release|x86.ActiveCfg = Release|Win32
		{9CA01814-BF9E-44A8-8EAF-27A1C0FD0B4F}.Release|x86.Build.0 = Release|Win32
		{661AD1C4-A857-455A-9D09-7D3993634D48}.Debug|x64.ActiveCfg = Debug|x64
		{661AD1C4-A857-455A-9D09-7D3993634D48}.Debug|x64.Build.0 = Debug|x64
		{661AD1C4-A857-455A-9D09-7D3993634D48}.Debug|x86.ActiveCfg = Debug|Win32
		{661AD1C4-A857-455A-9D09-7D3993634D48}.Debug|x86.Build.0 = Debug|Win32
		{661AD1C4-A857-455A-9D09-7D3993634D48}.Release|x64.ActiveCfg = Release|x64
		{661AD1C4-A857-455A-9D09-7D3993634D48}.Release|x64.Build.0 = Release|x64
		{661AD1C4-A857-455A-9D09-7D3993634D48}.Release|x86.ActiveCfg = Release|Win32
		{661AD1C4-A857-455A-9D09-7D3993634D48}.Release|x86.Build.0 = Release|Win32
		{7959EE76-694E-41E3-8DCD-54DD1159B07C}.Debug|x64.ActiveCfg = Debug|x64
		{7959EE76-694E-41E3-8DCD-54DD1159B07C}.Debug|x64.Build.0 = Debug|x64
		{7959EE76-694E-41E3-8DCD-54DD1159B07C}.Debug|x86.ActiveCfg = Debug|Win32
		{7959EE76-694E-41E3-8DCD-54DD1159B07C}.Debug|x86.Build.0 = Debug|Win32
		{7959EE76-694E-41E3-8DCD-54DD1159B07C}.Release|x64.ActiveCfg = Release|x64
		{7959EE76-694E-41E3-8DCD-54DD1159B07C}.Release|x64.Build.0 = Release|x64
		{7959EE76-694E-41E3-8DCD-54DD1159B07C}.Release|x86.ActiveCfg = Release|Win32
		{7959EE76-694E-41E3-8DCD-54DD1159B07C}.Release|x86.Build.0 = Release|Win32
		{6C8B0F5E-EAC7-48D8-8855-066785E7541D}.Debug|x64.ActiveCfg = Debug|x64
		{6C8B0F5E-EAC7-48D8-8855-066785E7541D}.Debug|x64.Build.0 = Debug|x64
		{6C8B0F5E-EAC7-48D8-8855-066785E7541D}.Debug|x86.ActiveCfg = Debug|Win32
		{6C8B0F5E-EAC7-48D8-8855-066785E7541D}.Debug|x86.Build.0 = Debug|Win32
		{6C8B0F5E-EAC7-48D8-8855-066785E7541D}.Release|x64.ActiveCfg = Release|x64
		{6C8B0F5E-EAC7-48D8-8855-066785E7541D}.Release|x64.Build.0 = Release|x64
		{6C8B0F5E-EAC7-48D8-8855-066785E7541D}.Release|x86.ActiveCfg = Release|Win32
		{6C8B0F5E-EAC7-48D8-8855-066785E7541D}.Release|x86.Build.0 = Release|Win32
		{C2068FE4-02C8-4DB5-AB9A-08A9A7801D53}.Debug|x64.ActiveCfg = Debug|x64
		{C2068FE4-02C8-4DB5-AB9A-08A9A7801D53}.Debug|x64.Build.0 = Debug|x64
		{C2068FE4-02C8-4DB5-AB9A-08A9A7801D53}.Debug|x86.ActiveCfg = Debug|Win32
		{C2068FE4-02C8-4DB5-AB9A-08A9A7801D53}.Debug|x86.Build.0 = Debug|Win32
		{C2068FE4-02C8-4DB5-AB9A-08A9A7801D53}.Release|x64.ActiveCfg = Release|x64
		{C2068FE4-02C8-4DB5-AB9A-08A9A7801D53}.Release|x64.Build.0 = Release|x64
		{C2068FE4-02C8-4DB5-AB9A-08A9A7801D53}.Release|x86.ActiveCfg = Release|Win32
		{C2068FE4-02C8-4DB5-AB9A-08A9A7801D53}.Release|x86.Build.0 = Release|Win32
		{D392FFA1-775D-43F4-896F-F069B73C0B2B}.Debug|x64.ActiveCfg = Debug|x64
		{D392FFA1-775D-43F4-896F-F069B73C0B2B}.Debug|x64.Build.0 = Debug|x64
		{D392FFA1-775D-43F4-896F-F069B73C0B2B}.Debug|x86.ActiveCfg = Debug|Win32
		{D392FFA1-775D-43F4-896F-F069B73C0B2B}.Debug|x86.Build.0 = Debug|Win32
		{D392FFA1-775D-43F4-896F-F069B73C0B2B}.Release|x64.ActiveCfg = Release|x64
		{D392FFA1-775D-43F4-896F-F069B73C0B2B}.Release|x64.Build.0 = Release|x64
		{D392FFA1-775D-43F4-896F-F069B73C0B2B}.Release|x86.ActiveCfg = Release|Win32
		{D392FFA1-775D-43F4-896F-F069B73C0B2B}.Release|x86.Build.0 = Release|Win32
		{086E3555-18C4-44E2-94AF-C396BF28A7A3}.Debug|x64.ActiveCfg = Debug|x64
		{086E3555-18C4-44E2-94AF-C396BF28A7A3}.Debug|x64.Build.0 = Debug|x64
		{086E3555-18C4-44E2-94AF-C396BF28A7A3}.Debug|x86.ActiveCfg = Debug|Win32
		{086E3555-18C4-44E2-94AF-C396BF28A7A3}.Debug|x86.Build.0 = Debug|Win32
		{086E3555-18C4-44E2-94AF-C396BF28A7A3}.Release|x64.ActiveCfg = Release|x64
		{086E3555-18C4-44E2-94AF-C396BF28A7A3}.Release|x64.Build.0 = Release|x64
		{086E3555-18C4-44E2-94AF-C396BF28A7A3}.Release|x86.ActiveCfg = Release|Win32
		{086E3555-18C4-44E2-94AF-C396BF28A7A3}.Release|x86.Build.0 = Release|Win32
		{D15EAEA2-ACC4-4395-84F3-C89BB7028D7E}.Debug|x64.ActiveCfg = Debug|x64
		{D15EAEA2-ACC4-4395-84F3-C89BB7028D7E}.Debug|x64.Build.0 = Debug|x64
		{D15EAEA2-ACC4-4395-84F3-C89BB7028D7E}.Debug|x86.ActiveCfg = Debug|Win32
		{D15EAEA2-ACC4-4395-84F3-C89BB7028D7E}.Debug|x86.Build.0 = Debug|Win32
		{D15EAEA2-ACC4-4395-84F3-C89BB7028D7E}.Release|x64.ActiveCfg = Release|x64
		{D15EAEA2-ACC4-4395-84F3-C89BB7028D7E}.Release|x64.Build.0 = Release|x64
		{D15EAEA2-ACC4-4395-84F3-C89BB7028D7E}.Release|x86.ActiveCfg = Release|Win32
		{D15EAEA2-ACC4-4395-84F3-C89BB7028D7E}.Release|x86.Build.0 = Release|Win32
		{447BAC4C-F5B3-4C0C-811F-3E8AA18FC096}.Debug|x64.ActiveCfg = Debug|x64
		{447BAC4C-F5B3-4C0C-811F-3E8AA18FC096}.Debug|x64.Build.0 = Debug|x64
		{447BAC4C-F5B3-4C0C-811F-3E8AA18FC096}.Debug|x86.ActiveCfg = Debug|Win32
		{447BAC4C-F5B3-4C0C-811F-3E8AA18FC096}.Debug|x86.Build.0 = Debug|Win32
		{447BAC4C-F5B3-4C0C-811F-3E8AA18FC096}.Release|x64.ActiveCfg = Release|x64
		{447BAC4C-F5B3-4C0C-811F-3E8AA18FC096}.Release|x64.Build.0 = Release|x64
		{447BAC4C-F5B3-4C0C-811F-3E8AA18FC096}.Release|x86.ActiveCfg = Release|Win32
		{447BAC4C-F5B3-4C0C-811F-3E8AA18FC096}.Release|x86.Build.0 = Release|Win32
		{B7DD20A8-BFF8-43A1-B3F1-2C48FB95D3E6}.Debug|x64.ActiveCfg = Debug|x64
		{B7DD20A8-BFF8-43A1-B3F1-2C48FB95D3E6}.Debug|x64.Build.0 = Debug|x64
		{B7DD20A8-BFF8-43A1-B3F1-2C48FB95D3E6}.Debug|x86.ActiveCfg = Debug|Win32
		{B7DD20A8-BFF8-43A1-B3F1-2C48FB95D3E6}.Debug|x86.Build.0 = Debug|Win32
		{B7DD20A8-BFF8-43A1-B3F1-2C48FB95D3E6}.Release|x64.ActiveCfg = Release|x64
		{B7DD20A8-BFF8-43A1-B3F1-2C48FB95D3E6}.Release|x64.Build.0 = Release|x64
		{B7DD20A8-BFF8-43A1-B3F1-2C48FB95D3E6}.Release|x86.ActiveCfg = Release|Win32
		{B7DD20A8-BFF8-43A1-B3F1-2C48FB95D3E6}.Release|x86.Build.0 = Release|Win32
		{4A9544F9-47F7-43FA-A1DB-B2181574D85A}.Debug|x64.ActiveCfg = Debug|x64
		{4A9544F9-47F7-43FA-A1DB-B2181574D85A}.Debug|x64.Build.0 = Debug|x64
		{4A9544F9-47F7-43FA-A1DB-B2181574D85A}.Debug|x86.ActiveCfg = Debug|Win32
		{4A9544F9-47F7-43FA-A1DB-B2181574D85A}.Debug|x86.Build.0 = Debug|Win32
		{4A9544F9-47F7-43FA-A1DB-B2181574D85A}.Release|x64.ActiveCfg = Release|x64
		{4A9544F9-47F7-43FA-A1DB-B2181574D85A}.Release|x64.Build.0 = Release|x64
		{4A9544F9-47F7-43FA-A1DB-B2181574D85A}.Release|x86.ActiveCfg = Release|Win32
		{4A9544F9-47F7-43FA-A1DB-B2181574D85A}.Release|x86.Build.0 = Release|Win32
		{EA36C7A5-BB11-4FE9-BC84-64FF7A1FB5AA}.Debug|x64.ActiveCfg = Debug|x64
		{EA36C7A5-BB11-4FE9-BC84-64FF7A1FB5AA}.Debug|x64.Build.0 = Debug|x64
		{EA36C7A5-BB11-4FE9-BC84-64FF7A1FB5AA}.Debug|x86.ActiveCfg = Debug|Win32
		{EA36C7A5-BB11-4FE9-BC84-64FF7A1FB5AA}.Debug|x86.Build.0 = Debug|Win32
		{EA36C7A5-BB11-4FE9-BC84-64FF7A1FB5AA}.Release|x64.ActiveCfg = Release|x64
		{EA36C7A5-BB11-4FE9-BC84-64FF7A1FB5AA}.Release|x64.Build.0 = Release|x64
		{EA36C7A5-BB11-4FE9-BC84-64FF7A1FB5AA}.Release|x86.ActiveCfg = Release|Win32
		{EA36C7A5-BB11-4FE9-BC84-64FF7A1FB5AA}.Release|x86.Build.0 = Release|Win32
		{ADBB77AC-A601-47EC-A878-556A1C02C2F8}.Debug|x64.ActiveCfg = Debug|x64
		{ADBB77AC-A601-47EC-A878-556A1C02C2F8}.Debug|x64.Build.0 = Debug|x64
		{ADBB77AC-A601-47EC-A878-556A1C02C2F8}.Debug|x86.ActiveCfg = Debug|Win32
		{ADBB77AC-A601-47EC-A878-556A1C02C2F8}.Debug|x86.Build.0 = Debug|Win32
		{ADBB77AC-A601-47EC-A878-556A1C02C2F8}.Release|x64.ActiveCfg = Release|x64
		{ADBB77AC-A601-47EC-A878-556A1C02C2F8}.Release|x64.Build.0 = Release|x64
		{ADBB77AC-A601-47EC-A878-556A1C02C2F8}.Release|x86.ActiveCfg = Release|Win32
		{ADBB77AC-A601-47EC-A878-556A1C02C2F8}.Release|x86.Build.0 = Release|Win32
		{7A20908D-C19D-4592-9A4C-FEBEA9661D91}.Debug|x64.ActiveCfg = Debug|x64
		{7A20908D-C19D-4592-9A4C-FEBEA9661D91}.Debug|x64.Build.0 = Debug|x64
		{7A20908D-C19D-4592-9A4C-FEBEA9661D91}.Debug|x86.ActiveCfg = Debug|Win32
		{7A20908D-C19D-4592-9A4C-FEBEA9661D91}.Debug|x86.Build.0 = Debug|Win32
		{7A20908D-C19D-4592-9A4C-FEBEA9661D91}.Release|x64.ActiveCfg = Release|x64
		{7A20908D-C19D-4592-9A4C-FEBEA9661D91}.Release|x64.Build.0 = Release|x64
		{7A20908D-C19D-4592-9A4C-FEBEA9661D91}.Release|x86.ActiveCfg = Release|Win32
		{7A20908D-C19D-4592-9A4C-FEBEA9661D91}.Release|x86.Build.0 = Release|Win32
		{8B363CC9-3E0B-460B-A326-1B652345A345}.Debug|x64.ActiveCfg = Debug|x64
		{8B363CC9-3E0B-460B-A326-1B652345A345}.Debug|x64.Build.0 = Debug|x64
		{8B363CC9-3E0B-460B-A326-1B652345A345}.Debug|x86.ActiveCfg = Debug|Win32
		{8B363CC9-3E0B-460B-A326-1B652345A345}.Debug|x86.Build.0 = Debug|Win32
		{8B363CC9-3E0B-460B-A326-1B652345A345}.Release|x64.ActiveCfg = Release|x64
		{8B363CC9-3E0B-460B-A326-1B652345A345}.Release|x64.Build.0 = Release|x64
		{8B363CC9-3E0B-460B-A326-1B652345A345}.Release|x86.ActiveCfg = Release|Win32
		{8B363CC9-3E0B-460B-A326-1B652345A345}.Release|x86.Build.0 = Release|Win32
		{2077E678-74B1-4247-A82C-4A493D084500}.Debug|x64.ActiveCfg = Debug|x64
		{2077E678-74B1-4247-A82C-4A493D084500}.Debug|x64.Build.0 = Debug|x64
		{2077E678-74B1-4247-A82C-4A493D084500}.Debug|x86.ActiveCfg = Debug|Win32
		{2077E678-74B1-4247-A82C-4A493D084500}.Debug|x86.Build.0 = Debug|Win32
		{2077E678-74B1-4247-A82C-4A493D084500}.Release|x64.ActiveCfg = Release|x64
		{2077E678-74B1-4247-A82C-4A493D084500}.Release|x64.Build.0 = Release|x64
		{2077E678-74B1-4247-A82C-4A493D084500}.Release|x86.ActiveCfg = Release|Win32
		{2077E678-74B1-4247-A82C-4A493D084500}.Release|x86.Build.0 = Release|Win32
	EndGlobalSection
	GlobalSection(SolutionProperties) = preSolution
		HideSolutionNode = FALSE
	EndGlobalSection
	GlobalSection(NestedProjects) = preSolution
		{E4133084-0ED7-430F-B948-92D87489E4FA} = {725BD624-406B-4AB2-8EEE-17712CAD29C1}
		{D8ED845C-04C5-41FC-9196-0BF00352E4AD} = {02EA681E-C7D8-13C7-8484-4AC65E1B71E8}
		{4DC03D11-0322-49CF-8EFA-DE6DA253BC10} = {02EA681E-C7D8-13C7-8484-4AC65E1B71E8}
		{5A139D84-8571-4B00-8B56-885A73E68403} = {02EA681E-C7D8-13C7-8484-4AC65E1B71E8}
		{E2E55EB2-1907-42F6-81F5-92BFAAC56DA6} = {02EA681E-C7D8-13C7-8484-4AC65E1B71E8}
		{1CFFC144-97E1-4D09-964C-DC9EF51350C4} = {39259E21-101A-4020-ADF8-BF86F4C17046}
		{7CEEBE46-6195-4FDE-A17A-C0B55C830E8A} = {39259E21-101A-4020-ADF8-BF86F4C17046}
		{09F9BA7F-5CCC-4AFA-B5CD-EC8959196119} = {39259E21-101A-4020-ADF8-BF86F4C17046}
		{72EA2F2E-FAF4-48B2-A9B4-8F598348F626} = {39259E21-101A-4020-ADF8-BF86F4C17046}
		{C2C86DDD-9B69-4AD5-A542-5BF3D339F52A} = {39259E21-101A-4020-ADF8-BF86F4C17046}
		{E41C27A1-4755-4058-95F6-EDF5FDBC3C77} = {39259E21-101A-4020-ADF8-BF86F4C17046}
		{0270BC9A-B09A-4E5F-BAD6-8E2404DD391B} = {39259E21-101A-4020-ADF8-BF86F4C17046}
		{60C25694-5DEA-4CC5-A14B-92ABC1B8134F} = {39259E21-101A-4020-ADF8-BF86F4C17046}
		{DE10CCE7-222A-46BA-B1CD-9008D34405B5} = {39259E21-101A-4020-ADF8-BF86F4C17046}
		{1BC55BD0-A25F-450F-A638-29E45B4F0500} = {440B5FFD-F0C3-488D-8E3E-2DBF4F8554DB}
		{AE433118-3B13-4575-8BC8-7DBFBEEC072E} = {440B5FFD-F0C3-488D-8E3E-2DBF4F8554DB}
		{59109A89-E08F-46F1-A09F-54F5C093DE92} = {440B5FFD-F0C3-488D-8E3E-2DBF4F8554DB}
		{A675D822-C1EC-4C6A-B7DB-ED5EEDAEA0E9} = {440B5FFD-F0C3-488D-8E3E-2DBF4F8554DB}
		{291DC7F2-59F8-4333-9033-F6D40F623224} = {440B5FFD-F0C3-488D-8E3E-2DBF4F8554DB}
		{BFCC4DB9-0DE9-4D9E-9035-996BF06D9A4D} = {440B5FFD-F0C3-488D-8E3E-2DBF4F8554DB}
		{2D8FEDEB-6557-4C90-8246-B9EC14B8784A} = {F5C6687F-192F-4852-995E-37BF0342075B}
		{37EE2DE8-96AE-43C2-BAFD-D7CC5BCDBDB6} = {F5C6687F-192F-4852-995E-37BF0342075B}
		{0A132058-542A-4680-9B10-7E99D94C3E74} = {F5C6687F-192F-4852-995E-37BF0342075B}
		{2A0DBAE5-E9B0-4EEF-8260-E42CC283390F} = {F5C6687F-192F-4852-995E-37BF0342075B}
		{86E329E3-7359-4B00-B02B-9DC15B4C4E1E} = {F5C6687F-192F-4852-995E-37BF0342075B}
		{3DB453C7-4C07-411E-84CB-E77EC482B83E} = {F5C6687F-192F-4852-995E-37BF0342075B}
		{6242F8D8-219A-4DC3-9906-A6C03BB07FDF} = {F5C6687F-192F-4852-995E-37BF0342075B}
		{B4D1FA37-C8A8-4480-8F7B-3C59D28DCBF9} = {F5C6687F-192F-4852-995E-37BF0342075B}
		{210487E5-ABF7-4182-BF57-2131C9FB9BF9} = {F5C6687F-192F-4852-995E-37BF0342075B}
		{00CE3C22-46CD-4743-A541-98B1A545F04C} = {F5C6687F-192F-4852-995E-37BF0342075B}
		{0C8A0B3B-4E0C-4548-872E-563DCA62F061} = {F5C6687F-192F-4852-995E-37BF0342075B}
		{6ADA0B8C-E701-4A20-B35B-6C9C7A959E02} = {F5C6687F-192F-4852-995E-37BF0342075B}
		{6A154D4D-C1CD-451F-84F7-9B214398467B} = {F5C6687F-192F-4852-995E-37BF0342075B}
		{63756DE4-60B9-4CC8-9498-4445E8FBA34E} = {8C4F3155-7B9B-457F-8FDF-5DC2EA462487}
		{BDED5414-D27B-47AB-9515-C4F42345D503} = {8C4F3155-7B9B-457F-8FDF-5DC2EA462487}
		{2459CC2C-24DD-4921-A75D-C3AF2283D33C} = {8C4F3155-7B9B-457F-8FDF-5DC2EA462487}
		{10852D5F-6122-4F4F-B37B-B478A74F9A20} = {8C4F3155-7B9B-457F-8FDF-5DC2EA462487}
		{5DE7980F-6B41-42B2-B3D5-33E9E8400271} = {8C4F3155-7B9B-457F-8FDF-5DC2EA462487}
		{78273E71-8E89-42FF-8A84-DBCDD250C1F1} = {8C4F3155-7B9B-457F-8FDF-5DC2EA462487}
		{B0727BA4-AA2A-45CC-9C4E-4BBAE614A1AF} = {8C4F3155-7B9B-457F-8FDF-5DC2EA462487}
		{B221E05D-9BFF-4ABD-B1DD-20222DF74CD7} = {8C4F3155-7B9B-457F-8FDF-5DC2EA462487}
		{941E5E6D-AB4A-4323-A05A-543F3F35DAA3} = {8C4F3155-7B9B-457F-8FDF-5DC2EA462487}
		{0D7C33FB-12CB-4ADC-8AE4-5528D49478E4} = {8C4F3155-7B9B-457F-8FDF-5DC2EA462487}
		{7A1C4FCC-04E9-44E3-B0F3-07AD11C7C1E3} = {E8400B75-947C-4CE7-909E-38B7EAE2B80F}
		{32167832-46CA-4751-8941-DBB5517F43DC} = {E8400B75-947C-4CE7-909E-38B7EAE2B80F}
		{374FB314-C12C-4ED9-A035-598407A3B672} = {E8400B75-947C-4CE7-909E-38B7EAE2B80F}
		{1CE9CFA3-16BC-4974-97C8-78693523617F} = {E8400B75-947C-4CE7-909E-38B7EAE2B80F}
		{E9D32A33-2807-4423-BD1A-CB45465B93EC} = {A98D3221-A129-45AF-BFFB-2A6197166AC4}
		{268973BD-4CD8-4DB1-8CE6-EE401A75D8F9} = {A98D3221-A129-45AF-BFFB-2A6197166AC4}
		{F870214F-BAEB-4D87-AE77-F96A0F902F47} = {A98D3221-A129-45AF-BFFB-2A6197166AC4}
		{0AD3396C-90ED-4094-BEFC-3893BAE5F3AD} = {A98D3221-A129-45AF-BFFB-2A6197166AC4}
		{10E7ED05-44C7-43A8-BCB6-6DC0CE3B1BE9} = {A98D3221-A129-45AF-BFFB-2A6197166AC4}
		{E9D58FFC-B602-46E4-BCA2-B45692814642} = {A98D3221-A129-45AF-BFFB-2A6197166AC4}
		{64CAAD4C-6149-4337-92BC-DD3C43D6DABE} = {A98D3221-A129-45AF-BFFB-2A6197166AC4}
		{E66DDD0E-D17D-43EB-B1A8-A96C6B34A8C3} = {A98D3221-A129-45AF-BFFB-2A6197166AC4}
		{80AF2733-3161-4BD1-9041-934BD893FF61} = {A98D3221-A129-45AF-BFFB-2A6197166AC4}
		{9D594713-2483-4B62-8C55-C7C071146154} = {A98D3221-A129-45AF-BFFB-2A6197166AC4}
		{B3C9042D-8F2F-4752-8C24-3644851B979A} = {A98D3221-A129-45AF-BFFB-2A6197166AC4}
		{CB870409-C5AB-4D63-934A-077B3F5033E1} = {A98D3221-A129-45AF-BFFB-2A6197166AC4}
		{43C67746-D754-4CD3-8130-466F99FA9C22} = {7FB5EFF2-6C5D-4883-8D59-BED3586E5893}
		{322A9201-F9D4-4014-8C3C-0219F93DD03B} = {7FB5EFF2-6C5D-4883-8D59-BED3586E5893}
		{A1D7CA19-989A-4931-989A-5F835DB4C180} = {7FB5EFF2-6C5D-4883-8D59-BED3586E5893}
		{F81CAF45-B984-4B25-839D-6D2E00134393} = {5319396E-9679-4552-A757-CFEE44DBF707}
		{9DF5962D-0416-4E20-842A-A26D0DAAA243} = {5319396E-9679-4552-A757-CFEE44DBF707}
		{A8B7B020-BEC1-453D-94E6-1650B2C6C262} = {5319396E-9679-4552-A757-CFEE44DBF707}
		{64A7C719-72DC-4A19-B61E-2FBDD1A850A6} = {5319396E-9679-4552-A757-CFEE44DBF707}
		{CA205629-AE8F-4311-AE03-EE88842C48D2} = {5319396E-9679-4552-A757-CFEE44DBF707}
		{17343444-D753-485A-B888-0EE6039A5A4D} = {5319396E-9679-4552-A757-CFEE44DBF707}
		{4F1B22FF-A4E6-4ABA-9520-AF87BE575F4E} = {5319396E-9679-4552-A757-CFEE44DBF707}
		{11D9A7AB-81A3-4D4A-A8CF-EF8F6272F620} = {5319396E-9679-4552-A757-CFEE44DBF707}
		{AB8F7F11-52B0-41FD-8653-F5D50EB02315} = {5AC4B8CE-78E5-4A3B-A388-E82D18AE68D5}
		{D0223C67-7747-4EC8-9FA2-DC2067AE7CC7} = {5AC4B8CE-78E5-4A3B-A388-E82D18AE68D5}
		{9132F134-EDF5-4DD2-A3BB-BDFB8B0DDC62} = {5AC4B8CE-78E5-4A3B-A388-E82D18AE68D5}
		{969E3EF9-3AFF-4A53-A88A-52CB4AA4BB23} = {5AC4B8CE-78E5-4A3B-A388-E82D18AE68D5}
		{B2B88792-3DB8-4120-9897-2CBFB95BFFC6} = {5AC4B8CE-78E5-4A3B-A388-E82D18AE68D5}
		{F77EA7D1-E386-4441-94ED-B7D9D34A3E9B} = {5AC4B8CE-78E5-4A3B-A388-E82D18AE68D5}
		{52D55756-FACC-4874-9BBC-92EBBBA6F1D0} = {89FF8451-97C3-4713-9C98-66EA2CD139EC}
		{E9A48EFF-8842-40C9-8058-569D0E5EC497} = {89FF8451-97C3-4713-9C98-66EA2CD139EC}
		{8B59D213-C46F-44B1-A4F2-B3E1D7AC7B6E} = {89FF8451-97C3-4713-9C98-66EA2CD139EC}
		{CB4DC724-BA4B-425C-B79C-78039B4E835A} = {89FF8451-97C3-4713-9C98-66EA2CD139EC}
		{4BCCAC4D-0292-435E-B8D3-F0E209D82923} = {89FF8451-97C3-4713-9C98-66EA2CD139EC}
		{145C888E-F08C-4877-80D0-DCF52FB33FBD} = {486803F3-D572-407C-A565-0AF4DCAABF04}
		{0455C316-5720-4CB3-9D08-3B954BEF71BB} = {486803F3-D572-407C-A565-0AF4DCAABF04}
		{1803B88E-2919-426B-AD2D-5FB29DC12BDB} = {486803F3-D572-407C-A565-0AF4DCAABF04}
		{34B72454-A77E-4653-BFBB-C817CC80984B} = {25124327-A69A-4C18-8B55-CBD479D20F1D}
		{2713FB8C-ACCD-43D2-970F-AB1614E9E0DB} = {25124327-A69A-4C18-8B55-CBD479D20F1D}
		{BB34C918-210F-483B-A0F2-05646C49084D} = {25124327-A69A-4C18-8B55-CBD479D20F1D}
		{E249D90C-716F-48A5-8617-47F281048591} = {25124327-A69A-4C18-8B55-CBD479D20F1D}
		{F73DFAB1-6CC3-4C04-8FD4-5A8643A72924} = {25124327-A69A-4C18-8B55-CBD479D20F1D}
		{80029534-A20B-4A65-8A19-1453E744971D} = {25124327-A69A-4C18-8B55-CBD479D20F1D}
		{E91F212A-ECB0-4C73-A9E0-06CCB383D1F1} = {14BFEB95-D69C-4E49-8834-195831DDE0BF}
		{80DCE053-D6B3-46DE-B2CC-FD197F4CACF6} = {14BFEB95-D69C-4E49-8834-195831DDE0BF}
		{63F3352C-C4BB-4C37-AF8B-F2EE43CADBFA} = {14BFEB95-D69C-4E49-8834-195831DDE0BF}
		{E2FD8396-16F7-448F-B139-74FE19C30B1D} = {A63B49E1-454D-427B-880F-658DCA7D59E6}
		{9CA01814-BF9E-44A8-8EAF-27A1C0FD0B4F} = {A63B49E1-454D-427B-880F-658DCA7D59E6}
		{661AD1C4-A857-455A-9D09-7D3993634D48} = {A63B49E1-454D-427B-880F-658DCA7D59E6}
		{7959EE76-694E-41E3-8DCD-54DD1159B07C} = {99234F20-B08C-49BC-B3C9-2432ED4532DC}
		{6C8B0F5E-EAC7-48D8-8855-066785E7541D} = {99234F20-B08C-49BC-B3C9-2432ED4532DC}
		{C2068FE4-02C8-4DB5-AB9A-08A9A7801D53} = {99234F20-B08C-49BC-B3C9-2432ED4532DC}
		{D392FFA1-775D-43F4-896F-F069B73C0B2B} = {99234F20-B08C-49BC-B3C9-2432ED4532DC}
		{086E3555-18C4-44E2-94AF-C396BF28A7A3} = {99234F20-B08C-49BC-B3C9-2432ED4532DC}
		{D15EAEA2-ACC4-4395-84F3-C89BB7028D7E} = {99234F20-B08C-49BC-B3C9-2432ED4532DC}
		{447BAC4C-F5B3-4C0C-811F-3E8AA18FC096} = {99234F20-B08C-49BC-B3C9-2432ED4532DC}
		{B7DD20A8-BFF8-43A1-B3F1-2C48FB95D3E6} = {99234F20-B08C-49BC-B3C9-2432ED4532DC}
		{4A9544F9-47F7-43FA-A1DB-B2181574D85A} = {99234F20-B08C-49BC-B3C9-2432ED4532DC}
		{EA36C7A5-BB11-4FE9-BC84-64FF7A1FB5AA} = {DE390A01-F88A-4C9A-AC59-3839D29BE74A}
		{ADBB77AC-A601-47EC-A878-556A1C02C2F8} = {20A3A2D5-928D-4C44-AE7F-1FB65C144ED2}
		{7A20908D-C19D-4592-9A4C-FEBEA9661D91} = {DE390A01-F88A-4C9A-AC59-3839D29BE74A}
		{8B363CC9-3E0B-460B-A326-1B652345A345} = {DE390A01-F88A-4C9A-AC59-3839D29BE74A}
		{2077E678-74B1-4247-A82C-4A493D084500} = {DE390A01-F88A-4C9A-AC59-3839D29BE74A}
	EndGlobalSection
	GlobalSection(ExtensibilityGlobals) = postSolution
		SolutionGuid = {FF85CDE2-82DE-4ACB-83A4-998ECFF7B666}
	EndGlobalSection
EndGlobal
